// !$*UTF8*$!
{
	archiveVersion = 1;
	classes = {
	};
	objectVersion = 56;
	objects = {

/* Begin PBXBuildFile section */
		844864D028F5A93300E4F014 /* AppDelegate.swift in Sources */ = {isa = PBXBuildFile; fileRef = 844864CF28F5A93300E4F014 /* AppDelegate.swift */; };
		844864D228F5A93300E4F014 /* SceneDelegate.swift in Sources */ = {isa = PBXBuildFile; fileRef = 844864D128F5A93300E4F014 /* SceneDelegate.swift */; };
		844864D528F5A93300E4F014 /* LaunchScreen.storyboard in Resources */ = {isa = PBXBuildFile; fileRef = 844864D328F5A93300E4F014 /* LaunchScreen.storyboard */; };
		844864D828F5A93300E4F014 /* Main.storyboard in Resources */ = {isa = PBXBuildFile; fileRef = 844864D628F5A93300E4F014 /* Main.storyboard */; };
		844864E128F5A93300E4F014 /* AppDelegate.swift in Sources */ = {isa = PBXBuildFile; fileRef = 844864E028F5A93300E4F014 /* AppDelegate.swift */; };
		844864E428F5A93300E4F014 /* Main.storyboard in Resources */ = {isa = PBXBuildFile; fileRef = 844864E228F5A93300E4F014 /* Main.storyboard */; };
		844864EC28F5A93300E4F014 /* ZenTube Extension.appex in Embed Foundation Extensions */ = {isa = PBXBuildFile; fileRef = 844864EB28F5A93300E4F014 /* ZenTube Extension.appex */; settings = {ATTRIBUTES = (RemoveHeadersOnCopy, ); }; };
		844864F628F5A93300E4F014 /* ZenTube Extension.appex in Embed Foundation Extensions */ = {isa = PBXBuildFile; fileRef = 844864F528F5A93300E4F014 /* ZenTube Extension.appex */; settings = {ATTRIBUTES = (RemoveHeadersOnCopy, ); }; };
		844864FC28F5A93300E4F014 /* Main.html in Resources */ = {isa = PBXBuildFile; fileRef = 844864BF28F5A93100E4F014 /* Main.html */; };
		844864FD28F5A93300E4F014 /* Main.html in Resources */ = {isa = PBXBuildFile; fileRef = 844864BF28F5A93100E4F014 /* Main.html */; };
		844864FE28F5A93300E4F014 /* Icon.png in Resources */ = {isa = PBXBuildFile; fileRef = 844864C128F5A93100E4F014 /* Icon.png */; };
		844864FF28F5A93300E4F014 /* Icon.png in Resources */ = {isa = PBXBuildFile; fileRef = 844864C128F5A93100E4F014 /* Icon.png */; };
		8448650028F5A93300E4F014 /* Style.css in Resources */ = {isa = PBXBuildFile; fileRef = 844864C228F5A93100E4F014 /* Style.css */; };
		8448650128F5A93300E4F014 /* Style.css in Resources */ = {isa = PBXBuildFile; fileRef = 844864C228F5A93100E4F014 /* Style.css */; };
		8448650228F5A93300E4F014 /* Script.js in Resources */ = {isa = PBXBuildFile; fileRef = 844864C328F5A93100E4F014 /* Script.js */; };
		8448650328F5A93300E4F014 /* Script.js in Resources */ = {isa = PBXBuildFile; fileRef = 844864C328F5A93100E4F014 /* Script.js */; };
		8448650428F5A93300E4F014 /* ViewController.swift in Sources */ = {isa = PBXBuildFile; fileRef = 844864C428F5A93100E4F014 /* ViewController.swift */; };
		8448650528F5A93300E4F014 /* ViewController.swift in Sources */ = {isa = PBXBuildFile; fileRef = 844864C428F5A93100E4F014 /* ViewController.swift */; };
		8448650628F5A93300E4F014 /* Assets.xcassets in Resources */ = {isa = PBXBuildFile; fileRef = 844864C528F5A93300E4F014 /* Assets.xcassets */; };
		8448650728F5A93300E4F014 /* Assets.xcassets in Resources */ = {isa = PBXBuildFile; fileRef = 844864C528F5A93300E4F014 /* Assets.xcassets */; };
		8448650828F5A93300E4F014 /* SafariWebExtensionHandler.swift in Sources */ = {isa = PBXBuildFile; fileRef = 844864C728F5A93300E4F014 /* SafariWebExtensionHandler.swift */; };
		8448650928F5A93300E4F014 /* SafariWebExtensionHandler.swift in Sources */ = {isa = PBXBuildFile; fileRef = 844864C728F5A93300E4F014 /* SafariWebExtensionHandler.swift */; };
		8448652928F5A93400E4F014 /* options in Resources */ = {isa = PBXBuildFile; fileRef = 8448651B28F5A93400E4F014 /* options */; };
		8448652A28F5A93400E4F014 /* browser-polyfill.js in Resources */ = {isa = PBXBuildFile; fileRef = 8448651D28F5A93400E4F014 /* browser-polyfill.js */; };
		8448652B28F5A93400E4F014 /* LICENSE in Resources */ = {isa = PBXBuildFile; fileRef = 8448651E28F5A93400E4F014 /* LICENSE */; };
		8448652C28F5A93400E4F014 /* background.js in Resources */ = {isa = PBXBuildFile; fileRef = 8448651F28F5A93400E4F014 /* background.js */; };
		8448652D28F5A93400E4F014 /* web-ext-artifacts in Resources */ = {isa = PBXBuildFile; fileRef = 8448652028F5A93400E4F014 /* web-ext-artifacts */; };
		8448652E28F5A93400E4F014 /* README.md in Resources */ = {isa = PBXBuildFile; fileRef = 8448652128F5A93400E4F014 /* README.md */; };
		8448652F28F5A93400E4F014 /* videoPreviewImage.png in Resources */ = {isa = PBXBuildFile; fileRef = 8448652228F5A93400E4F014 /* videoPreviewImage.png */; };
		8448653028F5A93400E4F014 /* safari in Resources */ = {isa = PBXBuildFile; fileRef = 8448652328F5A93400E4F014 /* safari */; };
		8448653128F5A93400E4F014 /* icons in Resources */ = {isa = PBXBuildFile; fileRef = 8448652428F5A93400E4F014 /* icons */; };
		8448653228F5A93400E4F014 /* manifest.json in Resources */ = {isa = PBXBuildFile; fileRef = 8448652528F5A93400E4F014 /* manifest.json */; };
		8448653328F5A93400E4F014 /* contentscript.js in Resources */ = {isa = PBXBuildFile; fileRef = 8448652628F5A93400E4F014 /* contentscript.js */; };
		8448653428F5A93400E4F014 /* promo in Resources */ = {isa = PBXBuildFile; fileRef = 8448652728F5A93400E4F014 /* promo */; };
		8448653528F5A93400E4F014 /* ff_manifest.json in Resources */ = {isa = PBXBuildFile; fileRef = 8448652828F5A93400E4F014 /* ff_manifest.json */; };
		8448653628F5A93400E4F014 /* options in Resources */ = {isa = PBXBuildFile; fileRef = 8448651B28F5A93400E4F014 /* options */; };
		8448653728F5A93400E4F014 /* browser-polyfill.js in Resources */ = {isa = PBXBuildFile; fileRef = 8448651D28F5A93400E4F014 /* browser-polyfill.js */; };
		8448653828F5A93400E4F014 /* LICENSE in Resources */ = {isa = PBXBuildFile; fileRef = 8448651E28F5A93400E4F014 /* LICENSE */; };
		8448653928F5A93400E4F014 /* background.js in Resources */ = {isa = PBXBuildFile; fileRef = 8448651F28F5A93400E4F014 /* background.js */; };
		8448653A28F5A93400E4F014 /* web-ext-artifacts in Resources */ = {isa = PBXBuildFile; fileRef = 8448652028F5A93400E4F014 /* web-ext-artifacts */; };
		8448653B28F5A93400E4F014 /* README.md in Resources */ = {isa = PBXBuildFile; fileRef = 8448652128F5A93400E4F014 /* README.md */; };
		8448653C28F5A93400E4F014 /* videoPreviewImage.png in Resources */ = {isa = PBXBuildFile; fileRef = 8448652228F5A93400E4F014 /* videoPreviewImage.png */; };
		8448653D28F5A93400E4F014 /* safari in Resources */ = {isa = PBXBuildFile; fileRef = 8448652328F5A93400E4F014 /* safari */; };
		8448653E28F5A93400E4F014 /* icons in Resources */ = {isa = PBXBuildFile; fileRef = 8448652428F5A93400E4F014 /* icons */; };
		8448653F28F5A93400E4F014 /* manifest.json in Resources */ = {isa = PBXBuildFile; fileRef = 8448652528F5A93400E4F014 /* manifest.json */; };
		8448654028F5A93400E4F014 /* contentscript.js in Resources */ = {isa = PBXBuildFile; fileRef = 8448652628F5A93400E4F014 /* contentscript.js */; };
		8448654128F5A93400E4F014 /* promo in Resources */ = {isa = PBXBuildFile; fileRef = 8448652728F5A93400E4F014 /* promo */; };
		8448654228F5A93400E4F014 /* ff_manifest.json in Resources */ = {isa = PBXBuildFile; fileRef = 8448652828F5A93400E4F014 /* ff_manifest.json */; };
/* End PBXBuildFile section */

/* Begin PBXContainerItemProxy section */
		844864ED28F5A93300E4F014 /* PBXContainerItemProxy */ = {
			isa = PBXContainerItemProxy;
			containerPortal = 844864B928F5A93100E4F014 /* Project object */;
			proxyType = 1;
			remoteGlobalIDString = 844864EA28F5A93300E4F014;
			remoteInfo = "ZenTube Extension (iOS)";
		};
		844864F728F5A93300E4F014 /* PBXContainerItemProxy */ = {
			isa = PBXContainerItemProxy;
			containerPortal = 844864B928F5A93100E4F014 /* Project object */;
			proxyType = 1;
			remoteGlobalIDString = 844864F428F5A93300E4F014;
			remoteInfo = "ZenTube Extension (macOS)";
		};
/* End PBXContainerItemProxy section */

/* Begin PBXCopyFilesBuildPhase section */
		8448650F28F5A93300E4F014 /* Embed Foundation Extensions */ = {
			isa = PBXCopyFilesBuildPhase;
			buildActionMask = 2147483647;
			dstPath = "";
			dstSubfolderSpec = 13;
			files = (
				844864EC28F5A93300E4F014 /* ZenTube Extension.appex in Embed Foundation Extensions */,
			);
			name = "Embed Foundation Extensions";
			runOnlyForDeploymentPostprocessing = 0;
		};
		8448651628F5A93300E4F014 /* Embed Foundation Extensions */ = {
			isa = PBXCopyFilesBuildPhase;
			buildActionMask = 2147483647;
			dstPath = "";
			dstSubfolderSpec = 13;
			files = (
				844864F628F5A93300E4F014 /* ZenTube Extension.appex in Embed Foundation Extensions */,
			);
			name = "Embed Foundation Extensions";
			runOnlyForDeploymentPostprocessing = 0;
		};
/* End PBXCopyFilesBuildPhase section */

/* Begin PBXFileReference section */
		844864C028F5A93100E4F014 /* Base */ = {isa = PBXFileReference; lastKnownFileType = text.html; name = Base; path = ../Base.lproj/Main.html; sourceTree = "<group>"; };
		844864C128F5A93100E4F014 /* Icon.png */ = {isa = PBXFileReference; lastKnownFileType = image.png; path = Icon.png; sourceTree = "<group>"; };
		844864C228F5A93100E4F014 /* Style.css */ = {isa = PBXFileReference; lastKnownFileType = text.css; path = Style.css; sourceTree = "<group>"; };
		844864C328F5A93100E4F014 /* Script.js */ = {isa = PBXFileReference; lastKnownFileType = sourcecode.javascript; path = Script.js; sourceTree = "<group>"; };
		844864C428F5A93100E4F014 /* ViewController.swift */ = {isa = PBXFileReference; lastKnownFileType = sourcecode.swift; path = ViewController.swift; sourceTree = "<group>"; };
		844864C528F5A93300E4F014 /* Assets.xcassets */ = {isa = PBXFileReference; lastKnownFileType = folder.assetcatalog; path = Assets.xcassets; sourceTree = "<group>"; };
		844864C728F5A93300E4F014 /* SafariWebExtensionHandler.swift */ = {isa = PBXFileReference; lastKnownFileType = sourcecode.swift; path = SafariWebExtensionHandler.swift; sourceTree = "<group>"; };
		844864CC28F5A93300E4F014 /* ZenTube.app */ = {isa = PBXFileReference; explicitFileType = wrapper.application; includeInIndex = 0; path = ZenTube.app; sourceTree = BUILT_PRODUCTS_DIR; };
		844864CF28F5A93300E4F014 /* AppDelegate.swift */ = {isa = PBXFileReference; lastKnownFileType = sourcecode.swift; path = AppDelegate.swift; sourceTree = "<group>"; };
		844864D128F5A93300E4F014 /* SceneDelegate.swift */ = {isa = PBXFileReference; lastKnownFileType = sourcecode.swift; path = SceneDelegate.swift; sourceTree = "<group>"; };
		844864D428F5A93300E4F014 /* Base */ = {isa = PBXFileReference; lastKnownFileType = file.storyboard; name = Base; path = Base.lproj/LaunchScreen.storyboard; sourceTree = "<group>"; };
		844864D728F5A93300E4F014 /* Base */ = {isa = PBXFileReference; lastKnownFileType = file.storyboard; name = Base; path = Base.lproj/Main.storyboard; sourceTree = "<group>"; };
		844864D928F5A93300E4F014 /* Info.plist */ = {isa = PBXFileReference; lastKnownFileType = text.plist.xml; path = Info.plist; sourceTree = "<group>"; };
		844864DE28F5A93300E4F014 /* ZenTube.app */ = {isa = PBXFileReference; explicitFileType = wrapper.application; includeInIndex = 0; path = ZenTube.app; sourceTree = BUILT_PRODUCTS_DIR; };
		844864E028F5A93300E4F014 /* AppDelegate.swift */ = {isa = PBXFileReference; lastKnownFileType = sourcecode.swift; path = AppDelegate.swift; sourceTree = "<group>"; };
		844864E328F5A93300E4F014 /* Base */ = {isa = PBXFileReference; lastKnownFileType = file.storyboard; name = Base; path = Base.lproj/Main.storyboard; sourceTree = "<group>"; };
		844864E528F5A93300E4F014 /* Info.plist */ = {isa = PBXFileReference; lastKnownFileType = text.plist.xml; path = Info.plist; sourceTree = "<group>"; };
		844864E628F5A93300E4F014 /* ZenTube.entitlements */ = {isa = PBXFileReference; lastKnownFileType = text.plist.entitlements; path = ZenTube.entitlements; sourceTree = "<group>"; };
		844864EB28F5A93300E4F014 /* ZenTube Extension.appex */ = {isa = PBXFileReference; explicitFileType = "wrapper.app-extension"; includeInIndex = 0; path = "ZenTube Extension.appex"; sourceTree = BUILT_PRODUCTS_DIR; };
		844864F028F5A93300E4F014 /* Info.plist */ = {isa = PBXFileReference; lastKnownFileType = text.plist.xml; path = Info.plist; sourceTree = "<group>"; };
		844864F528F5A93300E4F014 /* ZenTube Extension.appex */ = {isa = PBXFileReference; explicitFileType = "wrapper.app-extension"; includeInIndex = 0; path = "ZenTube Extension.appex"; sourceTree = BUILT_PRODUCTS_DIR; };
		844864FA28F5A93300E4F014 /* Info.plist */ = {isa = PBXFileReference; lastKnownFileType = text.plist.xml; path = Info.plist; sourceTree = "<group>"; };
		844864FB28F5A93300E4F014 /* ZenTube.entitlements */ = {isa = PBXFileReference; lastKnownFileType = text.plist.entitlements; path = ZenTube.entitlements; sourceTree = "<group>"; };
		8448651B28F5A93400E4F014 /* options */ = {isa = PBXFileReference; lastKnownFileType = folder; name = options; path = ../../../options; sourceTree = "<group>"; };
		8448651C28F5A93400E4F014 /* browser-polyfill.js.map */ = {isa = PBXFileReference; lastKnownFileType = "sourcecode.module-map"; name = "browser-polyfill.js.map"; path = "../../../browser-polyfill.js.map"; sourceTree = "<group>"; };
		8448651D28F5A93400E4F014 /* browser-polyfill.js */ = {isa = PBXFileReference; lastKnownFileType = sourcecode.javascript; name = "browser-polyfill.js"; path = "../../../browser-polyfill.js"; sourceTree = "<group>"; };
		8448651E28F5A93400E4F014 /* LICENSE */ = {isa = PBXFileReference; lastKnownFileType = text; name = LICENSE; path = ../../../LICENSE; sourceTree = "<group>"; };
		8448651F28F5A93400E4F014 /* background.js */ = {isa = PBXFileReference; lastKnownFileType = sourcecode.javascript; name = background.js; path = ../../../background.js; sourceTree = "<group>"; };
		8448652028F5A93400E4F014 /* web-ext-artifacts */ = {isa = PBXFileReference; lastKnownFileType = folder; name = "web-ext-artifacts"; path = "../../../web-ext-artifacts"; sourceTree = "<group>"; };
		8448652128F5A93400E4F014 /* README.md */ = {isa = PBXFileReference; lastKnownFileType = net.daringfireball.markdown; name = README.md; path = ../../../README.md; sourceTree = "<group>"; };
		8448652228F5A93400E4F014 /* videoPreviewImage.png */ = {isa = PBXFileReference; lastKnownFileType = image.png; name = videoPreviewImage.png; path = ../../../videoPreviewImage.png; sourceTree = "<group>"; };
		8448652328F5A93400E4F014 /* safari */ = {isa = PBXFileReference; lastKnownFileType = folder; name = safari; path = ../..; sourceTree = "<group>"; };
		8448652428F5A93400E4F014 /* icons */ = {isa = PBXFileReference; lastKnownFileType = folder; name = icons; path = ../../../icons; sourceTree = "<group>"; };
		8448652528F5A93400E4F014 /* manifest.json */ = {isa = PBXFileReference; lastKnownFileType = text.json; name = manifest.json; path = ../../../manifest.json; sourceTree = "<group>"; };
		8448652628F5A93400E4F014 /* contentscript.js */ = {isa = PBXFileReference; lastKnownFileType = sourcecode.javascript; name = contentscript.js; path = ../../../contentscript.js; sourceTree = "<group>"; };
		8448652728F5A93400E4F014 /* promo */ = {isa = PBXFileReference; lastKnownFileType = folder; name = promo; path = ../../../promo; sourceTree = "<group>"; };
		8448652828F5A93400E4F014 /* ff_manifest.json */ = {isa = PBXFileReference; lastKnownFileType = text.json; name = ff_manifest.json; path = ../../../ff_manifest.json; sourceTree = "<group>"; };
/* End PBXFileReference section */

/* Begin PBXFrameworksBuildPhase section */
		844864C928F5A93300E4F014 /* Frameworks */ = {
			isa = PBXFrameworksBuildPhase;
			buildActionMask = 2147483647;
			files = (
			);
			runOnlyForDeploymentPostprocessing = 0;
		};
		844864DB28F5A93300E4F014 /* Frameworks */ = {
			isa = PBXFrameworksBuildPhase;
			buildActionMask = 2147483647;
			files = (
			);
			runOnlyForDeploymentPostprocessing = 0;
		};
		844864E828F5A93300E4F014 /* Frameworks */ = {
			isa = PBXFrameworksBuildPhase;
			buildActionMask = 2147483647;
			files = (
			);
			runOnlyForDeploymentPostprocessing = 0;
		};
		844864F228F5A93300E4F014 /* Frameworks */ = {
			isa = PBXFrameworksBuildPhase;
			buildActionMask = 2147483647;
			files = (
			);
			runOnlyForDeploymentPostprocessing = 0;
		};
/* End PBXFrameworksBuildPhase section */

/* Begin PBXGroup section */
		844864B828F5A93100E4F014 = {
			isa = PBXGroup;
			children = (
				844864BD28F5A93100E4F014 /* Shared (App) */,
				844864C628F5A93300E4F014 /* Shared (Extension) */,
				844864CE28F5A93300E4F014 /* iOS (App) */,
				844864DF28F5A93300E4F014 /* macOS (App) */,
				844864EF28F5A93300E4F014 /* iOS (Extension) */,
				844864F928F5A93300E4F014 /* macOS (Extension) */,
				844864CD28F5A93300E4F014 /* Products */,
			);
			sourceTree = "<group>";
		};
		844864BD28F5A93100E4F014 /* Shared (App) */ = {
			isa = PBXGroup;
			children = (
				844864C428F5A93100E4F014 /* ViewController.swift */,
				844864C528F5A93300E4F014 /* Assets.xcassets */,
				844864BE28F5A93100E4F014 /* Resources */,
			);
			path = "Shared (App)";
			sourceTree = "<group>";
		};
		844864BE28F5A93100E4F014 /* Resources */ = {
			isa = PBXGroup;
			children = (
				844864BF28F5A93100E4F014 /* Main.html */,
				844864C128F5A93100E4F014 /* Icon.png */,
				844864C228F5A93100E4F014 /* Style.css */,
				844864C328F5A93100E4F014 /* Script.js */,
			);
			path = Resources;
			sourceTree = "<group>";
		};
		844864C628F5A93300E4F014 /* Shared (Extension) */ = {
			isa = PBXGroup;
			children = (
				8448651A28F5A93400E4F014 /* Resources */,
				844864C728F5A93300E4F014 /* SafariWebExtensionHandler.swift */,
			);
			path = "Shared (Extension)";
			sourceTree = "<group>";
		};
		844864CD28F5A93300E4F014 /* Products */ = {
			isa = PBXGroup;
			children = (
				844864CC28F5A93300E4F014 /* ZenTube.app */,
				844864DE28F5A93300E4F014 /* ZenTube.app */,
				844864EB28F5A93300E4F014 /* ZenTube Extension.appex */,
				844864F528F5A93300E4F014 /* ZenTube Extension.appex */,
			);
			name = Products;
			sourceTree = "<group>";
		};
		844864CE28F5A93300E4F014 /* iOS (App) */ = {
			isa = PBXGroup;
			children = (
				844864CF28F5A93300E4F014 /* AppDelegate.swift */,
				844864D128F5A93300E4F014 /* SceneDelegate.swift */,
				844864D328F5A93300E4F014 /* LaunchScreen.storyboard */,
				844864D628F5A93300E4F014 /* Main.storyboard */,
				844864D928F5A93300E4F014 /* Info.plist */,
			);
			path = "iOS (App)";
			sourceTree = "<group>";
		};
		844864DF28F5A93300E4F014 /* macOS (App) */ = {
			isa = PBXGroup;
			children = (
				844864E028F5A93300E4F014 /* AppDelegate.swift */,
				844864E228F5A93300E4F014 /* Main.storyboard */,
				844864E528F5A93300E4F014 /* Info.plist */,
				844864E628F5A93300E4F014 /* ZenTube.entitlements */,
			);
			path = "macOS (App)";
			sourceTree = "<group>";
		};
		844864EF28F5A93300E4F014 /* iOS (Extension) */ = {
			isa = PBXGroup;
			children = (
				844864F028F5A93300E4F014 /* Info.plist */,
			);
			path = "iOS (Extension)";
			sourceTree = "<group>";
		};
		844864F928F5A93300E4F014 /* macOS (Extension) */ = {
			isa = PBXGroup;
			children = (
				844864FA28F5A93300E4F014 /* Info.plist */,
				844864FB28F5A93300E4F014 /* ZenTube.entitlements */,
			);
			path = "macOS (Extension)";
			sourceTree = "<group>";
		};
		8448651A28F5A93400E4F014 /* Resources */ = {
			isa = PBXGroup;
			children = (
				8448651B28F5A93400E4F014 /* options */,
				8448651C28F5A93400E4F014 /* browser-polyfill.js.map */,
				8448651D28F5A93400E4F014 /* browser-polyfill.js */,
				8448651E28F5A93400E4F014 /* LICENSE */,
				8448651F28F5A93400E4F014 /* background.js */,
				8448652028F5A93400E4F014 /* web-ext-artifacts */,
				8448652128F5A93400E4F014 /* README.md */,
				8448652228F5A93400E4F014 /* videoPreviewImage.png */,
				8448652328F5A93400E4F014 /* safari */,
				8448652428F5A93400E4F014 /* icons */,
				8448652528F5A93400E4F014 /* manifest.json */,
				8448652628F5A93400E4F014 /* contentscript.js */,
				8448652728F5A93400E4F014 /* promo */,
				8448652828F5A93400E4F014 /* ff_manifest.json */,
			);
			name = Resources;
			path = "Shared (Extension)";
			sourceTree = SOURCE_ROOT;
		};
/* End PBXGroup section */

/* Begin PBXNativeTarget section */
		844864CB28F5A93300E4F014 /* ZenTube (iOS) */ = {
			isa = PBXNativeTarget;
			buildConfigurationList = 8448651028F5A93300E4F014 /* Build configuration list for PBXNativeTarget "ZenTube (iOS)" */;
			buildPhases = (
				844864C828F5A93300E4F014 /* Sources */,
				844864C928F5A93300E4F014 /* Frameworks */,
				844864CA28F5A93300E4F014 /* Resources */,
				8448650F28F5A93300E4F014 /* Embed Foundation Extensions */,
			);
			buildRules = (
			);
			dependencies = (
				844864EE28F5A93300E4F014 /* PBXTargetDependency */,
			);
			name = "ZenTube (iOS)";
			productName = "ZenTube (iOS)";
			productReference = 844864CC28F5A93300E4F014 /* ZenTube.app */;
			productType = "com.apple.product-type.application";
		};
		844864DD28F5A93300E4F014 /* ZenTube (macOS) */ = {
			isa = PBXNativeTarget;
			buildConfigurationList = 8448651728F5A93300E4F014 /* Build configuration list for PBXNativeTarget "ZenTube (macOS)" */;
			buildPhases = (
				844864DA28F5A93300E4F014 /* Sources */,
				844864DB28F5A93300E4F014 /* Frameworks */,
				844864DC28F5A93300E4F014 /* Resources */,
				8448651628F5A93300E4F014 /* Embed Foundation Extensions */,
			);
			buildRules = (
			);
			dependencies = (
				844864F828F5A93300E4F014 /* PBXTargetDependency */,
			);
			name = "ZenTube (macOS)";
			productName = "ZenTube (macOS)";
			productReference = 844864DE28F5A93300E4F014 /* ZenTube.app */;
			productType = "com.apple.product-type.application";
		};
		844864EA28F5A93300E4F014 /* ZenTube Extension (iOS) */ = {
			isa = PBXNativeTarget;
			buildConfigurationList = 8448650C28F5A93300E4F014 /* Build configuration list for PBXNativeTarget "ZenTube Extension (iOS)" */;
			buildPhases = (
				844864E728F5A93300E4F014 /* Sources */,
				844864E828F5A93300E4F014 /* Frameworks */,
				844864E928F5A93300E4F014 /* Resources */,
			);
			buildRules = (
			);
			dependencies = (
			);
			name = "ZenTube Extension (iOS)";
			productName = "ZenTube Extension (iOS)";
			productReference = 844864EB28F5A93300E4F014 /* ZenTube Extension.appex */;
			productType = "com.apple.product-type.app-extension";
		};
		844864F428F5A93300E4F014 /* ZenTube Extension (macOS) */ = {
			isa = PBXNativeTarget;
			buildConfigurationList = 8448651328F5A93300E4F014 /* Build configuration list for PBXNativeTarget "ZenTube Extension (macOS)" */;
			buildPhases = (
				844864F128F5A93300E4F014 /* Sources */,
				844864F228F5A93300E4F014 /* Frameworks */,
				844864F328F5A93300E4F014 /* Resources */,
			);
			buildRules = (
			);
			dependencies = (
			);
			name = "ZenTube Extension (macOS)";
			productName = "ZenTube Extension (macOS)";
			productReference = 844864F528F5A93300E4F014 /* ZenTube Extension.appex */;
			productType = "com.apple.product-type.app-extension";
		};
/* End PBXNativeTarget section */

/* Begin PBXProject section */
		844864B928F5A93100E4F014 /* Project object */ = {
			isa = PBXProject;
			attributes = {
				BuildIndependentTargetsInParallel = 1;
				LastSwiftUpdateCheck = 1400;
				LastUpgradeCheck = 1400;
				TargetAttributes = {
					844864CB28F5A93300E4F014 = {
						CreatedOnToolsVersion = 14.0.1;
					};
					844864DD28F5A93300E4F014 = {
						CreatedOnToolsVersion = 14.0.1;
					};
					844864EA28F5A93300E4F014 = {
						CreatedOnToolsVersion = 14.0.1;
					};
					844864F428F5A93300E4F014 = {
						CreatedOnToolsVersion = 14.0.1;
					};
				};
			};
			buildConfigurationList = 844864BC28F5A93100E4F014 /* Build configuration list for PBXProject "ZenTube" */;
			compatibilityVersion = "Xcode 14.0";
			developmentRegion = en;
			hasScannedForEncodings = 0;
			knownRegions = (
				en,
				Base,
			);
			mainGroup = 844864B828F5A93100E4F014;
			productRefGroup = 844864CD28F5A93300E4F014 /* Products */;
			projectDirPath = "";
			projectRoot = "";
			targets = (
				844864CB28F5A93300E4F014 /* ZenTube (iOS) */,
				844864DD28F5A93300E4F014 /* ZenTube (macOS) */,
				844864EA28F5A93300E4F014 /* ZenTube Extension (iOS) */,
				844864F428F5A93300E4F014 /* ZenTube Extension (macOS) */,
			);
		};
/* End PBXProject section */

/* Begin PBXResourcesBuildPhase section */
		844864CA28F5A93300E4F014 /* Resources */ = {
			isa = PBXResourcesBuildPhase;
			buildActionMask = 2147483647;
			files = (
				844864FE28F5A93300E4F014 /* Icon.png in Resources */,
				844864D528F5A93300E4F014 /* LaunchScreen.storyboard in Resources */,
				844864FC28F5A93300E4F014 /* Main.html in Resources */,
				8448650228F5A93300E4F014 /* Script.js in Resources */,
				8448650628F5A93300E4F014 /* Assets.xcassets in Resources */,
				844864D828F5A93300E4F014 /* Main.storyboard in Resources */,
				8448650028F5A93300E4F014 /* Style.css in Resources */,
			);
			runOnlyForDeploymentPostprocessing = 0;
		};
		844864DC28F5A93300E4F014 /* Resources */ = {
			isa = PBXResourcesBuildPhase;
			buildActionMask = 2147483647;
			files = (
				844864FF28F5A93300E4F014 /* Icon.png in Resources */,
				8448650128F5A93300E4F014 /* Style.css in Resources */,
				844864E428F5A93300E4F014 /* Main.storyboard in Resources */,
				8448650328F5A93300E4F014 /* Script.js in Resources */,
				8448650728F5A93300E4F014 /* Assets.xcassets in Resources */,
				844864FD28F5A93300E4F014 /* Main.html in Resources */,
			);
			runOnlyForDeploymentPostprocessing = 0;
		};
		844864E928F5A93300E4F014 /* Resources */ = {
			isa = PBXResourcesBuildPhase;
			buildActionMask = 2147483647;
			files = (
				8448653B28F5A93400E4F014 /* README.md in Resources */,
				8448653928F5A93400E4F014 /* background.js in Resources */,
				8448653F28F5A93400E4F014 /* manifest.json in Resources */,
				8448653828F5A93400E4F014 /* LICENSE in Resources */,
				8448654228F5A93400E4F014 /* ff_manifest.json in Resources */,
				8448653E28F5A93400E4F014 /* icons in Resources */,
				8448653728F5A93400E4F014 /* browser-polyfill.js in Resources */,
				8448654128F5A93400E4F014 /* promo in Resources */,
				8448653D28F5A93400E4F014 /* safari in Resources */,
				8448653628F5A93400E4F014 /* options in Resources */,
				8448654028F5A93400E4F014 /* contentscript.js in Resources */,
				8448653C28F5A93400E4F014 /* videoPreviewImage.png in Resources */,
				8448653A28F5A93400E4F014 /* web-ext-artifacts in Resources */,
			);
			runOnlyForDeploymentPostprocessing = 0;
		};
		844864F328F5A93300E4F014 /* Resources */ = {
			isa = PBXResourcesBuildPhase;
			buildActionMask = 2147483647;
			files = (
				8448652E28F5A93400E4F014 /* README.md in Resources */,
				8448652C28F5A93400E4F014 /* background.js in Resources */,
				8448653228F5A93400E4F014 /* manifest.json in Resources */,
				8448652B28F5A93400E4F014 /* LICENSE in Resources */,
				8448653528F5A93400E4F014 /* ff_manifest.json in Resources */,
				8448653128F5A93400E4F014 /* icons in Resources */,
				8448652A28F5A93400E4F014 /* browser-polyfill.js in Resources */,
				8448653428F5A93400E4F014 /* promo in Resources */,
				8448653028F5A93400E4F014 /* safari in Resources */,
				8448652928F5A93400E4F014 /* options in Resources */,
				8448653328F5A93400E4F014 /* contentscript.js in Resources */,
				8448652F28F5A93400E4F014 /* videoPreviewImage.png in Resources */,
				8448652D28F5A93400E4F014 /* web-ext-artifacts in Resources */,
			);
			runOnlyForDeploymentPostprocessing = 0;
		};
/* End PBXResourcesBuildPhase section */

/* Begin PBXSourcesBuildPhase section */
		844864C828F5A93300E4F014 /* Sources */ = {
			isa = PBXSourcesBuildPhase;
			buildActionMask = 2147483647;
			files = (
				8448650428F5A93300E4F014 /* ViewController.swift in Sources */,
				844864D028F5A93300E4F014 /* AppDelegate.swift in Sources */,
				844864D228F5A93300E4F014 /* SceneDelegate.swift in Sources */,
			);
			runOnlyForDeploymentPostprocessing = 0;
		};
		844864DA28F5A93300E4F014 /* Sources */ = {
			isa = PBXSourcesBuildPhase;
			buildActionMask = 2147483647;
			files = (
				8448650528F5A93300E4F014 /* ViewController.swift in Sources */,
				844864E128F5A93300E4F014 /* AppDelegate.swift in Sources */,
			);
			runOnlyForDeploymentPostprocessing = 0;
		};
		844864E728F5A93300E4F014 /* Sources */ = {
			isa = PBXSourcesBuildPhase;
			buildActionMask = 2147483647;
			files = (
				8448650828F5A93300E4F014 /* SafariWebExtensionHandler.swift in Sources */,
			);
			runOnlyForDeploymentPostprocessing = 0;
		};
		844864F128F5A93300E4F014 /* Sources */ = {
			isa = PBXSourcesBuildPhase;
			buildActionMask = 2147483647;
			files = (
				8448650928F5A93300E4F014 /* SafariWebExtensionHandler.swift in Sources */,
			);
			runOnlyForDeploymentPostprocessing = 0;
		};
/* End PBXSourcesBuildPhase section */

/* Begin PBXTargetDependency section */
		844864EE28F5A93300E4F014 /* PBXTargetDependency */ = {
			isa = PBXTargetDependency;
			target = 844864EA28F5A93300E4F014 /* ZenTube Extension (iOS) */;
			targetProxy = 844864ED28F5A93300E4F014 /* PBXContainerItemProxy */;
		};
		844864F828F5A93300E4F014 /* PBXTargetDependency */ = {
			isa = PBXTargetDependency;
			target = 844864F428F5A93300E4F014 /* ZenTube Extension (macOS) */;
			targetProxy = 844864F728F5A93300E4F014 /* PBXContainerItemProxy */;
		};
/* End PBXTargetDependency section */

/* Begin PBXVariantGroup section */
		844864BF28F5A93100E4F014 /* Main.html */ = {
			isa = PBXVariantGroup;
			children = (
				844864C028F5A93100E4F014 /* Base */,
			);
			name = Main.html;
			sourceTree = "<group>";
		};
		844864D328F5A93300E4F014 /* LaunchScreen.storyboard */ = {
			isa = PBXVariantGroup;
			children = (
				844864D428F5A93300E4F014 /* Base */,
			);
			name = LaunchScreen.storyboard;
			sourceTree = "<group>";
		};
		844864D628F5A93300E4F014 /* Main.storyboard */ = {
			isa = PBXVariantGroup;
			children = (
				844864D728F5A93300E4F014 /* Base */,
			);
			name = Main.storyboard;
			sourceTree = "<group>";
		};
		844864E228F5A93300E4F014 /* Main.storyboard */ = {
			isa = PBXVariantGroup;
			children = (
				844864E328F5A93300E4F014 /* Base */,
			);
			name = Main.storyboard;
			sourceTree = "<group>";
		};
/* End PBXVariantGroup section */

/* Begin XCBuildConfiguration section */
		8448650A28F5A93300E4F014 /* Debug */ = {
			isa = XCBuildConfiguration;
			buildSettings = {
				ALWAYS_SEARCH_USER_PATHS = NO;
				CLANG_ANALYZER_NONNULL = YES;
				CLANG_ANALYZER_NUMBER_OBJECT_CONVERSION = YES_AGGRESSIVE;
				CLANG_CXX_LANGUAGE_STANDARD = "gnu++20";
				CLANG_ENABLE_MODULES = YES;
				CLANG_ENABLE_OBJC_ARC = YES;
				CLANG_ENABLE_OBJC_WEAK = YES;
				CLANG_WARN_BLOCK_CAPTURE_AUTORELEASING = YES;
				CLANG_WARN_BOOL_CONVERSION = YES;
				CLANG_WARN_COMMA = YES;
				CLANG_WARN_CONSTANT_CONVERSION = YES;
				CLANG_WARN_DEPRECATED_OBJC_IMPLEMENTATIONS = YES;
				CLANG_WARN_DIRECT_OBJC_ISA_USAGE = YES_ERROR;
				CLANG_WARN_DOCUMENTATION_COMMENTS = YES;
				CLANG_WARN_EMPTY_BODY = YES;
				CLANG_WARN_ENUM_CONVERSION = YES;
				CLANG_WARN_INFINITE_RECURSION = YES;
				CLANG_WARN_INT_CONVERSION = YES;
				CLANG_WARN_NON_LITERAL_NULL_CONVERSION = YES;
				CLANG_WARN_OBJC_IMPLICIT_RETAIN_SELF = YES;
				CLANG_WARN_OBJC_LITERAL_CONVERSION = YES;
				CLANG_WARN_OBJC_ROOT_CLASS = YES_ERROR;
				CLANG_WARN_QUOTED_INCLUDE_IN_FRAMEWORK_HEADER = YES;
				CLANG_WARN_RANGE_LOOP_ANALYSIS = YES;
				CLANG_WARN_STRICT_PROTOTYPES = YES;
				CLANG_WARN_SUSPICIOUS_MOVE = YES;
				CLANG_WARN_UNGUARDED_AVAILABILITY = YES_AGGRESSIVE;
				CLANG_WARN_UNREACHABLE_CODE = YES;
				CLANG_WARN__DUPLICATE_METHOD_MATCH = YES;
				COPY_PHASE_STRIP = NO;
				DEBUG_INFORMATION_FORMAT = dwarf;
				ENABLE_STRICT_OBJC_MSGSEND = YES;
				ENABLE_TESTABILITY = YES;
				GCC_C_LANGUAGE_STANDARD = gnu11;
				GCC_DYNAMIC_NO_PIC = NO;
				GCC_NO_COMMON_BLOCKS = YES;
				GCC_OPTIMIZATION_LEVEL = 0;
				GCC_PREPROCESSOR_DEFINITIONS = (
					"DEBUG=1",
					"$(inherited)",
				);
				GCC_WARN_64_TO_32_BIT_CONVERSION = YES;
				GCC_WARN_ABOUT_RETURN_TYPE = YES_ERROR;
				GCC_WARN_UNDECLARED_SELECTOR = YES;
				GCC_WARN_UNINITIALIZED_AUTOS = YES_AGGRESSIVE;
				GCC_WARN_UNUSED_FUNCTION = YES;
				GCC_WARN_UNUSED_VARIABLE = YES;
				MTL_ENABLE_DEBUG_INFO = INCLUDE_SOURCE;
				MTL_FAST_MATH = YES;
				ONLY_ACTIVE_ARCH = YES;
				SWIFT_ACTIVE_COMPILATION_CONDITIONS = DEBUG;
				SWIFT_OPTIMIZATION_LEVEL = "-Onone";
			};
			name = Debug;
		};
		8448650B28F5A93300E4F014 /* Release */ = {
			isa = XCBuildConfiguration;
			buildSettings = {
				ALWAYS_SEARCH_USER_PATHS = NO;
				CLANG_ANALYZER_NONNULL = YES;
				CLANG_ANALYZER_NUMBER_OBJECT_CONVERSION = YES_AGGRESSIVE;
				CLANG_CXX_LANGUAGE_STANDARD = "gnu++20";
				CLANG_ENABLE_MODULES = YES;
				CLANG_ENABLE_OBJC_ARC = YES;
				CLANG_ENABLE_OBJC_WEAK = YES;
				CLANG_WARN_BLOCK_CAPTURE_AUTORELEASING = YES;
				CLANG_WARN_BOOL_CONVERSION = YES;
				CLANG_WARN_COMMA = YES;
				CLANG_WARN_CONSTANT_CONVERSION = YES;
				CLANG_WARN_DEPRECATED_OBJC_IMPLEMENTATIONS = YES;
				CLANG_WARN_DIRECT_OBJC_ISA_USAGE = YES_ERROR;
				CLANG_WARN_DOCUMENTATION_COMMENTS = YES;
				CLANG_WARN_EMPTY_BODY = YES;
				CLANG_WARN_ENUM_CONVERSION = YES;
				CLANG_WARN_INFINITE_RECURSION = YES;
				CLANG_WARN_INT_CONVERSION = YES;
				CLANG_WARN_NON_LITERAL_NULL_CONVERSION = YES;
				CLANG_WARN_OBJC_IMPLICIT_RETAIN_SELF = YES;
				CLANG_WARN_OBJC_LITERAL_CONVERSION = YES;
				CLANG_WARN_OBJC_ROOT_CLASS = YES_ERROR;
				CLANG_WARN_QUOTED_INCLUDE_IN_FRAMEWORK_HEADER = YES;
				CLANG_WARN_RANGE_LOOP_ANALYSIS = YES;
				CLANG_WARN_STRICT_PROTOTYPES = YES;
				CLANG_WARN_SUSPICIOUS_MOVE = YES;
				CLANG_WARN_UNGUARDED_AVAILABILITY = YES_AGGRESSIVE;
				CLANG_WARN_UNREACHABLE_CODE = YES;
				CLANG_WARN__DUPLICATE_METHOD_MATCH = YES;
				COPY_PHASE_STRIP = NO;
				DEBUG_INFORMATION_FORMAT = "dwarf-with-dsym";
				ENABLE_NS_ASSERTIONS = NO;
				ENABLE_STRICT_OBJC_MSGSEND = YES;
				GCC_C_LANGUAGE_STANDARD = gnu11;
				GCC_NO_COMMON_BLOCKS = YES;
				GCC_WARN_64_TO_32_BIT_CONVERSION = YES;
				GCC_WARN_ABOUT_RETURN_TYPE = YES_ERROR;
				GCC_WARN_UNDECLARED_SELECTOR = YES;
				GCC_WARN_UNINITIALIZED_AUTOS = YES_AGGRESSIVE;
				GCC_WARN_UNUSED_FUNCTION = YES;
				GCC_WARN_UNUSED_VARIABLE = YES;
				MTL_ENABLE_DEBUG_INFO = NO;
				MTL_FAST_MATH = YES;
				SWIFT_COMPILATION_MODE = wholemodule;
				SWIFT_OPTIMIZATION_LEVEL = "-O";
			};
			name = Release;
		};
		8448650D28F5A93300E4F014 /* Debug */ = {
			isa = XCBuildConfiguration;
			buildSettings = {
				CODE_SIGN_STYLE = Automatic;
				CURRENT_PROJECT_VERSION = 1;
				GENERATE_INFOPLIST_FILE = YES;
				INFOPLIST_FILE = "iOS (Extension)/Info.plist";
				INFOPLIST_KEY_CFBundleDisplayName = "ZenTube Extension";
				INFOPLIST_KEY_NSHumanReadableCopyright = "";
				IPHONEOS_DEPLOYMENT_TARGET = 15.0;
				LD_RUNPATH_SEARCH_PATHS = (
					"$(inherited)",
					"@executable_path/Frameworks",
					"@executable_path/../../Frameworks",
				);
				MARKETING_VERSION = 1.0;
				OTHER_LDFLAGS = (
					"-framework",
					SafariServices,
				);
				PRODUCT_BUNDLE_IDENTIFIER = in.evenzero.ZenTube.Extension;
				PRODUCT_NAME = "ZenTube Extension";
				SDKROOT = iphoneos;
				SKIP_INSTALL = YES;
				SWIFT_EMIT_LOC_STRINGS = YES;
				SWIFT_VERSION = 5.0;
				TARGETED_DEVICE_FAMILY = "1,2";
			};
			name = Debug;
		};
		8448650E28F5A93300E4F014 /* Release */ = {
			isa = XCBuildConfiguration;
			buildSettings = {
				CODE_SIGN_STYLE = Automatic;
				CURRENT_PROJECT_VERSION = 1;
				GENERATE_INFOPLIST_FILE = YES;
				INFOPLIST_FILE = "iOS (Extension)/Info.plist";
				INFOPLIST_KEY_CFBundleDisplayName = "ZenTube Extension";
				INFOPLIST_KEY_NSHumanReadableCopyright = "";
				IPHONEOS_DEPLOYMENT_TARGET = 15.0;
				LD_RUNPATH_SEARCH_PATHS = (
					"$(inherited)",
					"@executable_path/Frameworks",
					"@executable_path/../../Frameworks",
				);
				MARKETING_VERSION = 1.0;
				OTHER_LDFLAGS = (
					"-framework",
					SafariServices,
				);
				PRODUCT_BUNDLE_IDENTIFIER = in.evenzero.ZenTube.Extension;
				PRODUCT_NAME = "ZenTube Extension";
				SDKROOT = iphoneos;
				SKIP_INSTALL = YES;
				SWIFT_EMIT_LOC_STRINGS = YES;
				SWIFT_VERSION = 5.0;
				TARGETED_DEVICE_FAMILY = "1,2";
				VALIDATE_PRODUCT = YES;
			};
			name = Release;
		};
		8448651128F5A93300E4F014 /* Debug */ = {
			isa = XCBuildConfiguration;
			buildSettings = {
				ALWAYS_EMBED_SWIFT_STANDARD_LIBRARIES = YES;
				ASSETCATALOG_COMPILER_APPICON_NAME = AppIcon;
				ASSETCATALOG_COMPILER_GLOBAL_ACCENT_COLOR_NAME = AccentColor;
				CODE_SIGN_STYLE = Automatic;
				CURRENT_PROJECT_VERSION = 1;
				GENERATE_INFOPLIST_FILE = YES;
				INFOPLIST_FILE = "iOS (App)/Info.plist";
				INFOPLIST_KEY_CFBundleDisplayName = ZenTube;
				INFOPLIST_KEY_LSApplicationCategoryType = "public.app-category.productivity";
				INFOPLIST_KEY_UIApplicationSupportsIndirectInputEvents = YES;
				INFOPLIST_KEY_UILaunchStoryboardName = LaunchScreen;
				INFOPLIST_KEY_UIMainStoryboardFile = Main;
				INFOPLIST_KEY_UISupportedInterfaceOrientations = "UIInterfaceOrientationPortrait UIInterfaceOrientationLandscapeLeft UIInterfaceOrientationLandscapeRight";
				INFOPLIST_KEY_UISupportedInterfaceOrientations_iPad = "UIInterfaceOrientationPortrait UIInterfaceOrientationPortraitUpsideDown UIInterfaceOrientationLandscapeLeft UIInterfaceOrientationLandscapeRight";
				IPHONEOS_DEPLOYMENT_TARGET = 15.0;
				LD_RUNPATH_SEARCH_PATHS = (
					"$(inherited)",
					"@executable_path/Frameworks",
				);
				MARKETING_VERSION = 1.0.19;
				OTHER_LDFLAGS = (
					"-framework",
					SafariServices,
					"-framework",
					WebKit,
				);
				PRODUCT_BUNDLE_IDENTIFIER = in.evenzero.ZenTube;
				PRODUCT_NAME = ZenTube;
				SDKROOT = iphoneos;
				SWIFT_EMIT_LOC_STRINGS = YES;
				SWIFT_VERSION = 5.0;
				TARGETED_DEVICE_FAMILY = "1,2";
			};
			name = Debug;
		};
		8448651228F5A93300E4F014 /* Release */ = {
			isa = XCBuildConfiguration;
			buildSettings = {
				ALWAYS_EMBED_SWIFT_STANDARD_LIBRARIES = YES;
				ASSETCATALOG_COMPILER_APPICON_NAME = AppIcon;
				ASSETCATALOG_COMPILER_GLOBAL_ACCENT_COLOR_NAME = AccentColor;
				CODE_SIGN_STYLE = Automatic;
				CURRENT_PROJECT_VERSION = 1;
				GENERATE_INFOPLIST_FILE = YES;
				INFOPLIST_FILE = "iOS (App)/Info.plist";
				INFOPLIST_KEY_CFBundleDisplayName = ZenTube;
				INFOPLIST_KEY_LSApplicationCategoryType = "public.app-category.productivity";
				INFOPLIST_KEY_UIApplicationSupportsIndirectInputEvents = YES;
				INFOPLIST_KEY_UILaunchStoryboardName = LaunchScreen;
				INFOPLIST_KEY_UIMainStoryboardFile = Main;
				INFOPLIST_KEY_UISupportedInterfaceOrientations = "UIInterfaceOrientationPortrait UIInterfaceOrientationLandscapeLeft UIInterfaceOrientationLandscapeRight";
				INFOPLIST_KEY_UISupportedInterfaceOrientations_iPad = "UIInterfaceOrientationPortrait UIInterfaceOrientationPortraitUpsideDown UIInterfaceOrientationLandscapeLeft UIInterfaceOrientationLandscapeRight";
				IPHONEOS_DEPLOYMENT_TARGET = 15.0;
				LD_RUNPATH_SEARCH_PATHS = (
					"$(inherited)",
					"@executable_path/Frameworks",
				);
				MARKETING_VERSION = 1.0.19;
				OTHER_LDFLAGS = (
					"-framework",
					SafariServices,
					"-framework",
					WebKit,
				);
				PRODUCT_BUNDLE_IDENTIFIER = in.evenzero.ZenTube;
				PRODUCT_NAME = ZenTube;
				SDKROOT = iphoneos;
				SWIFT_EMIT_LOC_STRINGS = YES;
				SWIFT_VERSION = 5.0;
				TARGETED_DEVICE_FAMILY = "1,2";
				VALIDATE_PRODUCT = YES;
			};
			name = Release;
		};
		8448651428F5A93300E4F014 /* Debug */ = {
			isa = XCBuildConfiguration;
			buildSettings = {
				CODE_SIGN_ENTITLEMENTS = "macOS (Extension)/ZenTube.entitlements";
				CODE_SIGN_STYLE = Automatic;
				CURRENT_PROJECT_VERSION = 1;
				ENABLE_HARDENED_RUNTIME = YES;
				GENERATE_INFOPLIST_FILE = YES;
				INFOPLIST_FILE = "macOS (Extension)/Info.plist";
				INFOPLIST_KEY_CFBundleDisplayName = "ZenTube Extension";
				INFOPLIST_KEY_NSHumanReadableCopyright = "";
				LD_RUNPATH_SEARCH_PATHS = (
					"$(inherited)",
					"@executable_path/../Frameworks",
					"@executable_path/../../../../Frameworks",
				);
				MACOSX_DEPLOYMENT_TARGET = 10.14;
				MARKETING_VERSION = 1.0;
				OTHER_LDFLAGS = (
					"-framework",
					SafariServices,
				);
				PRODUCT_BUNDLE_IDENTIFIER = in.evenzero.ZenTube.Extension;
				PRODUCT_NAME = "ZenTube Extension";
				SDKROOT = macosx;
				SKIP_INSTALL = YES;
				SWIFT_EMIT_LOC_STRINGS = YES;
				SWIFT_VERSION = 5.0;
			};
			name = Debug;
		};
		8448651528F5A93300E4F014 /* Release */ = {
			isa = XCBuildConfiguration;
			buildSettings = {
				CODE_SIGN_ENTITLEMENTS = "macOS (Extension)/ZenTube.entitlements";
				CODE_SIGN_STYLE = Automatic;
				CURRENT_PROJECT_VERSION = 1;
				ENABLE_HARDENED_RUNTIME = YES;
				GENERATE_INFOPLIST_FILE = YES;
				INFOPLIST_FILE = "macOS (Extension)/Info.plist";
				INFOPLIST_KEY_CFBundleDisplayName = "ZenTube Extension";
				INFOPLIST_KEY_NSHumanReadableCopyright = "";
				LD_RUNPATH_SEARCH_PATHS = (
					"$(inherited)",
					"@executable_path/../Frameworks",
					"@executable_path/../../../../Frameworks",
				);
				MACOSX_DEPLOYMENT_TARGET = 10.14;
				MARKETING_VERSION = 1.0;
				OTHER_LDFLAGS = (
					"-framework",
					SafariServices,
				);
				PRODUCT_BUNDLE_IDENTIFIER = in.evenzero.ZenTube.Extension;
				PRODUCT_NAME = "ZenTube Extension";
				SDKROOT = macosx;
				SKIP_INSTALL = YES;
				SWIFT_EMIT_LOC_STRINGS = YES;
				SWIFT_VERSION = 5.0;
			};
			name = Release;
		};
		8448651828F5A93300E4F014 /* Debug */ = {
			isa = XCBuildConfiguration;
			buildSettings = {
				ALWAYS_EMBED_SWIFT_STANDARD_LIBRARIES = YES;
				ASSETCATALOG_COMPILER_APPICON_NAME = AppIcon;
				ASSETCATALOG_COMPILER_GLOBAL_ACCENT_COLOR_NAME = AccentColor;
				CODE_SIGN_ENTITLEMENTS = "macOS (App)/ZenTube.entitlements";
				CODE_SIGN_STYLE = Automatic;
				CURRENT_PROJECT_VERSION = 1;
				ENABLE_HARDENED_RUNTIME = YES;
				GENERATE_INFOPLIST_FILE = YES;
				INFOPLIST_FILE = "macOS (App)/Info.plist";
				INFOPLIST_KEY_CFBundleDisplayName = ZenTube;
				INFOPLIST_KEY_NSMainStoryboardFile = Main;
				INFOPLIST_KEY_NSPrincipalClass = NSApplication;
				LD_RUNPATH_SEARCH_PATHS = (
					"$(inherited)",
					"@executable_path/../Frameworks",
				);
				MACOSX_DEPLOYMENT_TARGET = 10.14;
				MARKETING_VERSION = 1.0;
				OTHER_LDFLAGS = (
					"-framework",
					SafariServices,
					"-framework",
					WebKit,
				);
				PRODUCT_BUNDLE_IDENTIFIER = in.evenzero.ZenTube;
				PRODUCT_NAME = ZenTube;
				SDKROOT = macosx;
				SWIFT_EMIT_LOC_STRINGS = YES;
				SWIFT_VERSION = 5.0;
			};
			name = Debug;
		};
		8448651928F5A93300E4F014 /* Release */ = {
			isa = XCBuildConfiguration;
			buildSettings = {
				ALWAYS_EMBED_SWIFT_STANDARD_LIBRARIES = YES;
				ASSETCATALOG_COMPILER_APPICON_NAME = AppIcon;
				ASSETCATALOG_COMPILER_GLOBAL_ACCENT_COLOR_NAME = AccentColor;
				CODE_SIGN_ENTITLEMENTS = "macOS (App)/ZenTube.entitlements";
				CODE_SIGN_STYLE = Automatic;
				CURRENT_PROJECT_VERSION = 1;
				ENABLE_HARDENED_RUNTIME = YES;
				GENERATE_INFOPLIST_FILE = YES;
				INFOPLIST_FILE = "macOS (App)/Info.plist";
				INFOPLIST_KEY_CFBundleDisplayName = ZenTube;
				INFOPLIST_KEY_NSMainStoryboardFile = Main;
				INFOPLIST_KEY_NSPrincipalClass = NSApplication;
				LD_RUNPATH_SEARCH_PATHS = (
					"$(inherited)",
					"@executable_path/../Frameworks",
				);
				MACOSX_DEPLOYMENT_TARGET = 10.14;
				MARKETING_VERSION = 1.0;
				OTHER_LDFLAGS = (
					"-framework",
					SafariServices,
					"-framework",
					WebKit,
				);
				PRODUCT_BUNDLE_IDENTIFIER = in.evenzero.ZenTube;
				PRODUCT_NAME = ZenTube;
				SDKROOT = macosx;
				SWIFT_EMIT_LOC_STRINGS = YES;
				SWIFT_VERSION = 5.0;
			};
			name = Release;
		};
/* End XCBuildConfiguration section */

/* Begin XCConfigurationList section */
		844864BC28F5A93100E4F014 /* Build configuration list for PBXProject "ZenTube" */ = {
			isa = XCConfigurationList;
			buildConfigurations = (
				8448650A28F5A93300E4F014 /* Debug */,
				8448650B28F5A93300E4F014 /* Release */,
			);
			defaultConfigurationIsVisible = 0;
			defaultConfigurationName = Release;
		};
		8448650C28F5A93300E4F014 /* Build configuration list for PBXNativeTarget "ZenTube Extension (iOS)" */ = {
			isa = XCConfigurationList;
			buildConfigurations = (
				8448650D28F5A93300E4F014 /* Debug */,
				8448650E28F5A93300E4F014 /* Release */,
			);
			defaultConfigurationIsVisible = 0;
			defaultConfigurationName = Release;
		};
		8448651028F5A93300E4F014 /* Build configuration list for PBXNativeTarget "ZenTube (iOS)" */ = {
			isa = XCConfigurationList;
			buildConfigurations = (
				8448651128F5A93300E4F014 /* Debug */,
				8448651228F5A93300E4F014 /* Release */,
			);
			defaultConfigurationIsVisible = 0;
			defaultConfigurationName = Release;
		};
		8448651328F5A93300E4F014 /* Build configuration list for PBXNativeTarget "ZenTube Extension (macOS)" */ = {
			isa = XCConfigurationList;
			buildConfigurations = (
				8448651428F5A93300E4F014 /* Debug */,
				8448651528F5A93300E4F014 /* Release */,
			);
			defaultConfigurationIsVisible = 0;
			defaultConfigurationName = Release;
		};
		8448651728F5A93300E4F014 /* Build configuration list for PBXNativeTarget "ZenTube (macOS)" */ = {
			isa = XCConfigurationList;
			buildConfigurations = (
				8448651828F5A93300E4F014 /* Debug */,
				8448651928F5A93300E4F014 /* Release */,
			);
			defaultConfigurationIsVisible = 0;
			defaultConfigurationName = Release;
		};
/* End XCConfigurationList section */
	};
	rootObject = 844864B928F5A93100E4F014 /* Project object */;
}
