// !$*UTF8*$!
{
	archiveVersion = 1;
	classes = {
	};
	objectVersion = 56;
	objects = {

/* Begin PBXBuildFile section */
		844CDF9029036F68001D5CC9 /* AppDelegate.swift in Sources */ = {isa = PBXBuildFile; fileRef = 844CDF8F29036F68001D5CC9 /* AppDelegate.swift */; };
		844CDF9229036F68001D5CC9 /* SceneDelegate.swift in Sources */ = {isa = PBXBuildFile; fileRef = 844CDF9129036F68001D5CC9 /* SceneDelegate.swift */; };
		844CDF9529036F68001D5CC9 /* LaunchScreen.storyboard in Resources */ = {isa = PBXBuildFile; fileRef = 844CDF9329036F68001D5CC9 /* LaunchScreen.storyboard */; };
		844CDF9829036F68001D5CC9 /* Main.storyboard in Resources */ = {isa = PBXBuildFile; fileRef = 844CDF9629036F68001D5CC9 /* Main.storyboard */; };
		844CDFA129036F68001D5CC9 /* AppDelegate.swift in Sources */ = {isa = PBXBuildFile; fileRef = 844CDFA029036F68001D5CC9 /* AppDelegate.swift */; };
		844CDFA429036F68001D5CC9 /* Main.storyboard in Resources */ = {isa = PBXBuildFile; fileRef = 844CDFA229036F68001D5CC9 /* Main.storyboard */; };
		844CDFAC29036F68001D5CC9 /* ZenTube Extension.appex in Embed Foundation Extensions */ = {isa = PBXBuildFile; fileRef = 844CDFAB29036F68001D5CC9 /* ZenTube Extension.appex */; settings = {ATTRIBUTES = (RemoveHeadersOnCopy, ); }; };
		844CDFB629036F68001D5CC9 /* ZenTube Extension.appex in Embed Foundation Extensions */ = {isa = PBXBuildFile; fileRef = 844CDFB529036F68001D5CC9 /* ZenTube Extension.appex */; settings = {ATTRIBUTES = (RemoveHeadersOnCopy, ); }; };
		844CDFBC29036F68001D5CC9 /* Main.html in Resources */ = {isa = PBXBuildFile; fileRef = 844CDF7F29036F66001D5CC9 /* Main.html */; };
		844CDFBD29036F68001D5CC9 /* Main.html in Resources */ = {isa = PBXBuildFile; fileRef = 844CDF7F29036F66001D5CC9 /* Main.html */; };
		844CDFBE29036F68001D5CC9 /* Icon.png in Resources */ = {isa = PBXBuildFile; fileRef = 844CDF8129036F66001D5CC9 /* Icon.png */; };
		844CDFBF29036F68001D5CC9 /* Icon.png in Resources */ = {isa = PBXBuildFile; fileRef = 844CDF8129036F66001D5CC9 /* Icon.png */; };
		844CDFC029036F68001D5CC9 /* Style.css in Resources */ = {isa = PBXBuildFile; fileRef = 844CDF8229036F66001D5CC9 /* Style.css */; };
		844CDFC129036F68001D5CC9 /* Style.css in Resources */ = {isa = PBXBuildFile; fileRef = 844CDF8229036F66001D5CC9 /* Style.css */; };
		844CDFC229036F68001D5CC9 /* Script.js in Resources */ = {isa = PBXBuildFile; fileRef = 844CDF8329036F66001D5CC9 /* Script.js */; };
		844CDFC329036F68001D5CC9 /* Script.js in Resources */ = {isa = PBXBuildFile; fileRef = 844CDF8329036F66001D5CC9 /* Script.js */; };
		844CDFC429036F68001D5CC9 /* ViewController.swift in Sources */ = {isa = PBXBuildFile; fileRef = 844CDF8429036F66001D5CC9 /* ViewController.swift */; };
		844CDFC529036F68001D5CC9 /* ViewController.swift in Sources */ = {isa = PBXBuildFile; fileRef = 844CDF8429036F66001D5CC9 /* ViewController.swift */; };
		844CDFC629036F68001D5CC9 /* Assets.xcassets in Resources */ = {isa = PBXBuildFile; fileRef = 844CDF8529036F67001D5CC9 /* Assets.xcassets */; };
		844CDFC729036F68001D5CC9 /* Assets.xcassets in Resources */ = {isa = PBXBuildFile; fileRef = 844CDF8529036F67001D5CC9 /* Assets.xcassets */; };
		844CDFC829036F68001D5CC9 /* SafariWebExtensionHandler.swift in Sources */ = {isa = PBXBuildFile; fileRef = 844CDF8729036F67001D5CC9 /* SafariWebExtensionHandler.swift */; };
		844CDFC929036F68001D5CC9 /* SafariWebExtensionHandler.swift in Sources */ = {isa = PBXBuildFile; fileRef = 844CDF8729036F67001D5CC9 /* SafariWebExtensionHandler.swift */; };
		844CDFE929036F68001D5CC9 /* options in Resources */ = {isa = PBXBuildFile; fileRef = 844CDFDB29036F68001D5CC9 /* options */; };
		844CDFEA29036F68001D5CC9 /* browser-polyfill.js in Resources */ = {isa = PBXBuildFile; fileRef = 844CDFDD29036F68001D5CC9 /* browser-polyfill.js */; };
		844CDFEB29036F68001D5CC9 /* LICENSE in Resources */ = {isa = PBXBuildFile; fileRef = 844CDFDE29036F68001D5CC9 /* LICENSE */; };
		844CDFEC29036F68001D5CC9 /* background.js in Resources */ = {isa = PBXBuildFile; fileRef = 844CDFDF29036F68001D5CC9 /* background.js */; };
		844CDFED29036F68001D5CC9 /* web-ext-artifacts in Resources */ = {isa = PBXBuildFile; fileRef = 844CDFE029036F68001D5CC9 /* web-ext-artifacts */; };
		844CDFEE29036F68001D5CC9 /* README.md in Resources */ = {isa = PBXBuildFile; fileRef = 844CDFE129036F68001D5CC9 /* README.md */; };
		844CDFEF29036F68001D5CC9 /* videoPreviewImage.png in Resources */ = {isa = PBXBuildFile; fileRef = 844CDFE229036F68001D5CC9 /* videoPreviewImage.png */; };
		844CDFF029036F68001D5CC9 /* safari in Resources */ = {isa = PBXBuildFile; fileRef = 844CDFE329036F68001D5CC9 /* safari */; };
		844CDFF129036F68001D5CC9 /* icons in Resources */ = {isa = PBXBuildFile; fileRef = 844CDFE429036F68001D5CC9 /* icons */; };
		844CDFF229036F68001D5CC9 /* manifest.json in Resources */ = {isa = PBXBuildFile; fileRef = 844CDFE529036F68001D5CC9 /* manifest.json */; };
		844CDFF329036F68001D5CC9 /* contentscript.js in Resources */ = {isa = PBXBuildFile; fileRef = 844CDFE629036F68001D5CC9 /* contentscript.js */; };
		844CDFF429036F68001D5CC9 /* promo in Resources */ = {isa = PBXBuildFile; fileRef = 844CDFE729036F68001D5CC9 /* promo */; };
		844CDFF529036F68001D5CC9 /* ff_manifest.json in Resources */ = {isa = PBXBuildFile; fileRef = 844CDFE829036F68001D5CC9 /* ff_manifest.json */; };
		844CDFF629036F68001D5CC9 /* options in Resources */ = {isa = PBXBuildFile; fileRef = 844CDFDB29036F68001D5CC9 /* options */; };
		844CDFF729036F68001D5CC9 /* browser-polyfill.js in Resources */ = {isa = PBXBuildFile; fileRef = 844CDFDD29036F68001D5CC9 /* browser-polyfill.js */; };
		844CDFF829036F68001D5CC9 /* LICENSE in Resources */ = {isa = PBXBuildFile; fileRef = 844CDFDE29036F68001D5CC9 /* LICENSE */; };
		844CDFF929036F68001D5CC9 /* background.js in Resources */ = {isa = PBXBuildFile; fileRef = 844CDFDF29036F68001D5CC9 /* background.js */; };
		844CDFFA29036F68001D5CC9 /* web-ext-artifacts in Resources */ = {isa = PBXBuildFile; fileRef = 844CDFE029036F68001D5CC9 /* web-ext-artifacts */; };
		844CDFFB29036F68001D5CC9 /* README.md in Resources */ = {isa = PBXBuildFile; fileRef = 844CDFE129036F68001D5CC9 /* README.md */; };
		844CDFFC29036F68001D5CC9 /* videoPreviewImage.png in Resources */ = {isa = PBXBuildFile; fileRef = 844CDFE229036F68001D5CC9 /* videoPreviewImage.png */; };
		844CDFFD29036F68001D5CC9 /* safari in Resources */ = {isa = PBXBuildFile; fileRef = 844CDFE329036F68001D5CC9 /* safari */; };
		844CDFFE29036F68001D5CC9 /* icons in Resources */ = {isa = PBXBuildFile; fileRef = 844CDFE429036F68001D5CC9 /* icons */; };
		844CDFFF29036F68001D5CC9 /* manifest.json in Resources */ = {isa = PBXBuildFile; fileRef = 844CDFE529036F68001D5CC9 /* manifest.json */; };
		844CE00029036F68001D5CC9 /* contentscript.js in Resources */ = {isa = PBXBuildFile; fileRef = 844CDFE629036F68001D5CC9 /* contentscript.js */; };
		844CE00129036F68001D5CC9 /* promo in Resources */ = {isa = PBXBuildFile; fileRef = 844CDFE729036F68001D5CC9 /* promo */; };
		844CE00229036F68001D5CC9 /* ff_manifest.json in Resources */ = {isa = PBXBuildFile; fileRef = 844CDFE829036F68001D5CC9 /* ff_manifest.json */; };
/* End PBXBuildFile section */

/* Begin PBXContainerItemProxy section */
		844CDFAD29036F68001D5CC9 /* PBXContainerItemProxy */ = {
			isa = PBXContainerItemProxy;
			containerPortal = 844CDF7929036F66001D5CC9 /* Project object */;
			proxyType = 1;
			remoteGlobalIDString = 844CDFAA29036F68001D5CC9;
			remoteInfo = "ZenTube Extension (iOS)";
		};
		844CDFB729036F68001D5CC9 /* PBXContainerItemProxy */ = {
			isa = PBXContainerItemProxy;
			containerPortal = 844CDF7929036F66001D5CC9 /* Project object */;
			proxyType = 1;
			remoteGlobalIDString = 844CDFB429036F68001D5CC9;
			remoteInfo = "ZenTube Extension (macOS)";
		};
/* End PBXContainerItemProxy section */

/* Begin PBXCopyFilesBuildPhase section */
		844CDFCF29036F68001D5CC9 /* Embed Foundation Extensions */ = {
			isa = PBXCopyFilesBuildPhase;
			buildActionMask = 2147483647;
			dstPath = "";
			dstSubfolderSpec = 13;
			files = (
				844CDFAC29036F68001D5CC9 /* ZenTube Extension.appex in Embed Foundation Extensions */,
			);
			name = "Embed Foundation Extensions";
			runOnlyForDeploymentPostprocessing = 0;
		};
		844CDFD629036F68001D5CC9 /* Embed Foundation Extensions */ = {
			isa = PBXCopyFilesBuildPhase;
			buildActionMask = 2147483647;
			dstPath = "";
			dstSubfolderSpec = 13;
			files = (
				844CDFB629036F68001D5CC9 /* ZenTube Extension.appex in Embed Foundation Extensions */,
			);
			name = "Embed Foundation Extensions";
			runOnlyForDeploymentPostprocessing = 0;
		};
/* End PBXCopyFilesBuildPhase section */

/* Begin PBXFileReference section */
		844CDF8029036F66001D5CC9 /* Base */ = {isa = PBXFileReference; lastKnownFileType = text.html; name = Base; path = ../Base.lproj/Main.html; sourceTree = "<group>"; };
		844CDF8129036F66001D5CC9 /* Icon.png */ = {isa = PBXFileReference; lastKnownFileType = image.png; path = Icon.png; sourceTree = "<group>"; };
		844CDF8229036F66001D5CC9 /* Style.css */ = {isa = PBXFileReference; lastKnownFileType = text.css; path = Style.css; sourceTree = "<group>"; };
		844CDF8329036F66001D5CC9 /* Script.js */ = {isa = PBXFileReference; lastKnownFileType = sourcecode.javascript; path = Script.js; sourceTree = "<group>"; };
		844CDF8429036F66001D5CC9 /* ViewController.swift */ = {isa = PBXFileReference; lastKnownFileType = sourcecode.swift; path = ViewController.swift; sourceTree = "<group>"; };
		844CDF8529036F67001D5CC9 /* Assets.xcassets */ = {isa = PBXFileReference; lastKnownFileType = folder.assetcatalog; path = Assets.xcassets; sourceTree = "<group>"; };
		844CDF8729036F67001D5CC9 /* SafariWebExtensionHandler.swift */ = {isa = PBXFileReference; lastKnownFileType = sourcecode.swift; path = SafariWebExtensionHandler.swift; sourceTree = "<group>"; };
		844CDF8C29036F68001D5CC9 /* ZenTube.app */ = {isa = PBXFileReference; explicitFileType = wrapper.application; includeInIndex = 0; path = ZenTube.app; sourceTree = BUILT_PRODUCTS_DIR; };
		844CDF8F29036F68001D5CC9 /* AppDelegate.swift */ = {isa = PBXFileReference; lastKnownFileType = sourcecode.swift; path = AppDelegate.swift; sourceTree = "<group>"; };
		844CDF9129036F68001D5CC9 /* SceneDelegate.swift */ = {isa = PBXFileReference; lastKnownFileType = sourcecode.swift; path = SceneDelegate.swift; sourceTree = "<group>"; };
		844CDF9429036F68001D5CC9 /* Base */ = {isa = PBXFileReference; lastKnownFileType = file.storyboard; name = Base; path = Base.lproj/LaunchScreen.storyboard; sourceTree = "<group>"; };
		844CDF9729036F68001D5CC9 /* Base */ = {isa = PBXFileReference; lastKnownFileType = file.storyboard; name = Base; path = Base.lproj/Main.storyboard; sourceTree = "<group>"; };
		844CDF9929036F68001D5CC9 /* Info.plist */ = {isa = PBXFileReference; lastKnownFileType = text.plist.xml; path = Info.plist; sourceTree = "<group>"; };
		844CDF9E29036F68001D5CC9 /* ZenTube.app */ = {isa = PBXFileReference; explicitFileType = wrapper.application; includeInIndex = 0; path = ZenTube.app; sourceTree = BUILT_PRODUCTS_DIR; };
		844CDFA029036F68001D5CC9 /* AppDelegate.swift */ = {isa = PBXFileReference; lastKnownFileType = sourcecode.swift; path = AppDelegate.swift; sourceTree = "<group>"; };
		844CDFA329036F68001D5CC9 /* Base */ = {isa = PBXFileReference; lastKnownFileType = file.storyboard; name = Base; path = Base.lproj/Main.storyboard; sourceTree = "<group>"; };
		844CDFA529036F68001D5CC9 /* Info.plist */ = {isa = PBXFileReference; lastKnownFileType = text.plist.xml; path = Info.plist; sourceTree = "<group>"; };
		844CDFA629036F68001D5CC9 /* ZenTube.entitlements */ = {isa = PBXFileReference; lastKnownFileType = text.plist.entitlements; path = ZenTube.entitlements; sourceTree = "<group>"; };
		844CDFAB29036F68001D5CC9 /* ZenTube Extension.appex */ = {isa = PBXFileReference; explicitFileType = "wrapper.app-extension"; includeInIndex = 0; path = "ZenTube Extension.appex"; sourceTree = BUILT_PRODUCTS_DIR; };
		844CDFB029036F68001D5CC9 /* Info.plist */ = {isa = PBXFileReference; lastKnownFileType = text.plist.xml; path = Info.plist; sourceTree = "<group>"; };
		844CDFB529036F68001D5CC9 /* ZenTube Extension.appex */ = {isa = PBXFileReference; explicitFileType = "wrapper.app-extension"; includeInIndex = 0; path = "ZenTube Extension.appex"; sourceTree = BUILT_PRODUCTS_DIR; };
		844CDFBA29036F68001D5CC9 /* Info.plist */ = {isa = PBXFileReference; lastKnownFileType = text.plist.xml; path = Info.plist; sourceTree = "<group>"; };
		844CDFBB29036F68001D5CC9 /* ZenTube.entitlements */ = {isa = PBXFileReference; lastKnownFileType = text.plist.entitlements; path = ZenTube.entitlements; sourceTree = "<group>"; };
		844CDFDB29036F68001D5CC9 /* options */ = {isa = PBXFileReference; lastKnownFileType = folder; name = options; path = ../../../options; sourceTree = "<group>"; };
		844CDFDC29036F68001D5CC9 /* browser-polyfill.js.map */ = {isa = PBXFileReference; lastKnownFileType = "sourcecode.module-map"; name = "browser-polyfill.js.map"; path = "../../../browser-polyfill.js.map"; sourceTree = "<group>"; };
		844CDFDD29036F68001D5CC9 /* browser-polyfill.js */ = {isa = PBXFileReference; lastKnownFileType = sourcecode.javascript; name = "browser-polyfill.js"; path = "../../../browser-polyfill.js"; sourceTree = "<group>"; };
		844CDFDE29036F68001D5CC9 /* LICENSE */ = {isa = PBXFileReference; lastKnownFileType = text; name = LICENSE; path = ../../../LICENSE; sourceTree = "<group>"; };
		844CDFDF29036F68001D5CC9 /* background.js */ = {isa = PBXFileReference; lastKnownFileType = sourcecode.javascript; name = background.js; path = ../../../background.js; sourceTree = "<group>"; };
		844CDFE029036F68001D5CC9 /* web-ext-artifacts */ = {isa = PBXFileReference; lastKnownFileType = folder; name = "web-ext-artifacts"; path = "../../../web-ext-artifacts"; sourceTree = "<group>"; };
		844CDFE129036F68001D5CC9 /* README.md */ = {isa = PBXFileReference; lastKnownFileType = net.daringfireball.markdown; name = README.md; path = ../../../README.md; sourceTree = "<group>"; };
		844CDFE229036F68001D5CC9 /* videoPreviewImage.png */ = {isa = PBXFileReference; lastKnownFileType = image.png; name = videoPreviewImage.png; path = ../../../videoPreviewImage.png; sourceTree = "<group>"; };
		844CDFE329036F68001D5CC9 /* safari */ = {isa = PBXFileReference; lastKnownFileType = folder; name = safari; path = ../..; sourceTree = "<group>"; };
		844CDFE429036F68001D5CC9 /* icons */ = {isa = PBXFileReference; lastKnownFileType = folder; name = icons; path = ../../../icons; sourceTree = "<group>"; };
		844CDFE529036F68001D5CC9 /* manifest.json */ = {isa = PBXFileReference; lastKnownFileType = text.json; name = manifest.json; path = ../../../manifest.json; sourceTree = "<group>"; };
		844CDFE629036F68001D5CC9 /* contentscript.js */ = {isa = PBXFileReference; lastKnownFileType = sourcecode.javascript; name = contentscript.js; path = ../../../contentscript.js; sourceTree = "<group>"; };
		844CDFE729036F68001D5CC9 /* promo */ = {isa = PBXFileReference; lastKnownFileType = folder; name = promo; path = ../../../promo; sourceTree = "<group>"; };
		844CDFE829036F68001D5CC9 /* ff_manifest.json */ = {isa = PBXFileReference; lastKnownFileType = text.json; name = ff_manifest.json; path = ../../../ff_manifest.json; sourceTree = "<group>"; };
/* End PBXFileReference section */

/* Begin PBXFrameworksBuildPhase section */
		844CDF8929036F68001D5CC9 /* Frameworks */ = {
			isa = PBXFrameworksBuildPhase;
			buildActionMask = 2147483647;
			files = (
			);
			runOnlyForDeploymentPostprocessing = 0;
		};
		844CDF9B29036F68001D5CC9 /* Frameworks */ = {
			isa = PBXFrameworksBuildPhase;
			buildActionMask = 2147483647;
			files = (
			);
			runOnlyForDeploymentPostprocessing = 0;
		};
		844CDFA829036F68001D5CC9 /* Frameworks */ = {
			isa = PBXFrameworksBuildPhase;
			buildActionMask = 2147483647;
			files = (
			);
			runOnlyForDeploymentPostprocessing = 0;
		};
		844CDFB229036F68001D5CC9 /* Frameworks */ = {
			isa = PBXFrameworksBuildPhase;
			buildActionMask = 2147483647;
			files = (
			);
			runOnlyForDeploymentPostprocessing = 0;
		};
/* End PBXFrameworksBuildPhase section */

/* Begin PBXGroup section */
		844CDF7829036F66001D5CC9 = {
			isa = PBXGroup;
			children = (
				844CDF7D29036F66001D5CC9 /* Shared (App) */,
				844CDF8629036F67001D5CC9 /* Shared (Extension) */,
				844CDF8E29036F68001D5CC9 /* iOS (App) */,
				844CDF9F29036F68001D5CC9 /* macOS (App) */,
				844CDFAF29036F68001D5CC9 /* iOS (Extension) */,
				844CDFB929036F68001D5CC9 /* macOS (Extension) */,
				844CDF8D29036F68001D5CC9 /* Products */,
			);
			sourceTree = "<group>";
		};
		844CDF7D29036F66001D5CC9 /* Shared (App) */ = {
			isa = PBXGroup;
			children = (
				844CDF8429036F66001D5CC9 /* ViewController.swift */,
				844CDF8529036F67001D5CC9 /* Assets.xcassets */,
				844CDF7E29036F66001D5CC9 /* Resources */,
			);
			path = "Shared (App)";
			sourceTree = "<group>";
		};
		844CDF7E29036F66001D5CC9 /* Resources */ = {
			isa = PBXGroup;
			children = (
				844CDF7F29036F66001D5CC9 /* Main.html */,
				844CDF8129036F66001D5CC9 /* Icon.png */,
				844CDF8229036F66001D5CC9 /* Style.css */,
				844CDF8329036F66001D5CC9 /* Script.js */,
			);
			path = Resources;
			sourceTree = "<group>";
		};
		844CDF8629036F67001D5CC9 /* Shared (Extension) */ = {
			isa = PBXGroup;
			children = (
				844CDFDA29036F68001D5CC9 /* Resources */,
				844CDF8729036F67001D5CC9 /* SafariWebExtensionHandler.swift */,
			);
			path = "Shared (Extension)";
			sourceTree = "<group>";
		};
		844CDF8D29036F68001D5CC9 /* Products */ = {
			isa = PBXGroup;
			children = (
				844CDF8C29036F68001D5CC9 /* ZenTube.app */,
				844CDF9E29036F68001D5CC9 /* ZenTube.app */,
				844CDFAB29036F68001D5CC9 /* ZenTube Extension.appex */,
				844CDFB529036F68001D5CC9 /* ZenTube Extension.appex */,
			);
			name = Products;
			sourceTree = "<group>";
		};
		844CDF8E29036F68001D5CC9 /* iOS (App) */ = {
			isa = PBXGroup;
			children = (
				844CDF8F29036F68001D5CC9 /* AppDelegate.swift */,
				844CDF9129036F68001D5CC9 /* SceneDelegate.swift */,
				844CDF9329036F68001D5CC9 /* LaunchScreen.storyboard */,
				844CDF9629036F68001D5CC9 /* Main.storyboard */,
				844CDF9929036F68001D5CC9 /* Info.plist */,
			);
			path = "iOS (App)";
			sourceTree = "<group>";
		};
		844CDF9F29036F68001D5CC9 /* macOS (App) */ = {
			isa = PBXGroup;
			children = (
				844CDFA029036F68001D5CC9 /* AppDelegate.swift */,
				844CDFA229036F68001D5CC9 /* Main.storyboard */,
				844CDFA529036F68001D5CC9 /* Info.plist */,
				844CDFA629036F68001D5CC9 /* ZenTube.entitlements */,
			);
			path = "macOS (App)";
			sourceTree = "<group>";
		};
		844CDFAF29036F68001D5CC9 /* iOS (Extension) */ = {
			isa = PBXGroup;
			children = (
				844CDFB029036F68001D5CC9 /* Info.plist */,
			);
			path = "iOS (Extension)";
			sourceTree = "<group>";
		};
		844CDFB929036F68001D5CC9 /* macOS (Extension) */ = {
			isa = PBXGroup;
			children = (
				844CDFBA29036F68001D5CC9 /* Info.plist */,
				844CDFBB29036F68001D5CC9 /* ZenTube.entitlements */,
			);
			path = "macOS (Extension)";
			sourceTree = "<group>";
		};
		844CDFDA29036F68001D5CC9 /* Resources */ = {
			isa = PBXGroup;
			children = (
				844CDFDB29036F68001D5CC9 /* options */,
				844CDFDC29036F68001D5CC9 /* browser-polyfill.js.map */,
				844CDFDD29036F68001D5CC9 /* browser-polyfill.js */,
				844CDFDE29036F68001D5CC9 /* LICENSE */,
				844CDFDF29036F68001D5CC9 /* background.js */,
				844CDFE029036F68001D5CC9 /* web-ext-artifacts */,
				844CDFE129036F68001D5CC9 /* README.md */,
				844CDFE229036F68001D5CC9 /* videoPreviewImage.png */,
				844CDFE329036F68001D5CC9 /* safari */,
				844CDFE429036F68001D5CC9 /* icons */,
				844CDFE529036F68001D5CC9 /* manifest.json */,
				844CDFE629036F68001D5CC9 /* contentscript.js */,
				844CDFE729036F68001D5CC9 /* promo */,
				844CDFE829036F68001D5CC9 /* ff_manifest.json */,
			);
			name = Resources;
			path = "Shared (Extension)";
			sourceTree = SOURCE_ROOT;
		};
/* End PBXGroup section */

/* Begin PBXNativeTarget section */
		844CDF8B29036F68001D5CC9 /* ZenTube (iOS) */ = {
			isa = PBXNativeTarget;
			buildConfigurationList = 844CDFD029036F68001D5CC9 /* Build configuration list for PBXNativeTarget "ZenTube (iOS)" */;
			buildPhases = (
				844CDF8829036F68001D5CC9 /* Sources */,
				844CDF8929036F68001D5CC9 /* Frameworks */,
				844CDF8A29036F68001D5CC9 /* Resources */,
				844CDFCF29036F68001D5CC9 /* Embed Foundation Extensions */,
			);
			buildRules = (
			);
			dependencies = (
				844CDFAE29036F68001D5CC9 /* PBXTargetDependency */,
			);
			name = "ZenTube (iOS)";
			productName = "ZenTube (iOS)";
			productReference = 844CDF8C29036F68001D5CC9 /* ZenTube.app */;
			productType = "com.apple.product-type.application";
		};
		844CDF9D29036F68001D5CC9 /* ZenTube (macOS) */ = {
			isa = PBXNativeTarget;
			buildConfigurationList = 844CDFD729036F68001D5CC9 /* Build configuration list for PBXNativeTarget "ZenTube (macOS)" */;
			buildPhases = (
				844CDF9A29036F68001D5CC9 /* Sources */,
				844CDF9B29036F68001D5CC9 /* Frameworks */,
				844CDF9C29036F68001D5CC9 /* Resources */,
				844CDFD629036F68001D5CC9 /* Embed Foundation Extensions */,
			);
			buildRules = (
			);
			dependencies = (
				844CDFB829036F68001D5CC9 /* PBXTargetDependency */,
			);
			name = "ZenTube (macOS)";
			productName = "ZenTube (macOS)";
			productReference = 844CDF9E29036F68001D5CC9 /* ZenTube.app */;
			productType = "com.apple.product-type.application";
		};
		844CDFAA29036F68001D5CC9 /* ZenTube Extension (iOS) */ = {
			isa = PBXNativeTarget;
			buildConfigurationList = 844CDFCC29036F68001D5CC9 /* Build configuration list for PBXNativeTarget "ZenTube Extension (iOS)" */;
			buildPhases = (
				844CDFA729036F68001D5CC9 /* Sources */,
				844CDFA829036F68001D5CC9 /* Frameworks */,
				844CDFA929036F68001D5CC9 /* Resources */,
			);
			buildRules = (
			);
			dependencies = (
			);
			name = "ZenTube Extension (iOS)";
			productName = "ZenTube Extension (iOS)";
			productReference = 844CDFAB29036F68001D5CC9 /* ZenTube Extension.appex */;
			productType = "com.apple.product-type.app-extension";
		};
		844CDFB429036F68001D5CC9 /* ZenTube Extension (macOS) */ = {
			isa = PBXNativeTarget;
			buildConfigurationList = 844CDFD329036F68001D5CC9 /* Build configuration list for PBXNativeTarget "ZenTube Extension (macOS)" */;
			buildPhases = (
				844CDFB129036F68001D5CC9 /* Sources */,
				844CDFB229036F68001D5CC9 /* Frameworks */,
				844CDFB329036F68001D5CC9 /* Resources */,
			);
			buildRules = (
			);
			dependencies = (
			);
			name = "ZenTube Extension (macOS)";
			productName = "ZenTube Extension (macOS)";
			productReference = 844CDFB529036F68001D5CC9 /* ZenTube Extension.appex */;
			productType = "com.apple.product-type.app-extension";
		};
/* End PBXNativeTarget section */

/* Begin PBXProject section */
		844CDF7929036F66001D5CC9 /* Project object */ = {
			isa = PBXProject;
			attributes = {
				BuildIndependentTargetsInParallel = 1;
				LastSwiftUpdateCheck = 1400;
				LastUpgradeCheck = 1400;
				TargetAttributes = {
					844CDF8B29036F68001D5CC9 = {
						CreatedOnToolsVersion = 14.0.1;
					};
					844CDF9D29036F68001D5CC9 = {
						CreatedOnToolsVersion = 14.0.1;
					};
					844CDFAA29036F68001D5CC9 = {
						CreatedOnToolsVersion = 14.0.1;
					};
					844CDFB429036F68001D5CC9 = {
						CreatedOnToolsVersion = 14.0.1;
					};
				};
			};
			buildConfigurationList = 844CDF7C29036F66001D5CC9 /* Build configuration list for PBXProject "ZenTube" */;
			compatibilityVersion = "Xcode 14.0";
			developmentRegion = en;
			hasScannedForEncodings = 0;
			knownRegions = (
				en,
				Base,
			);
			mainGroup = 844CDF7829036F66001D5CC9;
			productRefGroup = 844CDF8D29036F68001D5CC9 /* Products */;
			projectDirPath = "";
			projectRoot = "";
			targets = (
				844CDF8B29036F68001D5CC9 /* ZenTube (iOS) */,
				844CDF9D29036F68001D5CC9 /* ZenTube (macOS) */,
				844CDFAA29036F68001D5CC9 /* ZenTube Extension (iOS) */,
				844CDFB429036F68001D5CC9 /* ZenTube Extension (macOS) */,
			);
		};
/* End PBXProject section */

/* Begin PBXResourcesBuildPhase section */
		844CDF8A29036F68001D5CC9 /* Resources */ = {
			isa = PBXResourcesBuildPhase;
			buildActionMask = 2147483647;
			files = (
				844CDFBE29036F68001D5CC9 /* Icon.png in Resources */,
				844CDF9529036F68001D5CC9 /* LaunchScreen.storyboard in Resources */,
				844CDFBC29036F68001D5CC9 /* Main.html in Resources */,
				844CDFC229036F68001D5CC9 /* Script.js in Resources */,
				844CDFC629036F68001D5CC9 /* Assets.xcassets in Resources */,
				844CDF9829036F68001D5CC9 /* Main.storyboard in Resources */,
				844CDFC029036F68001D5CC9 /* Style.css in Resources */,
			);
			runOnlyForDeploymentPostprocessing = 0;
		};
		844CDF9C29036F68001D5CC9 /* Resources */ = {
			isa = PBXResourcesBuildPhase;
			buildActionMask = 2147483647;
			files = (
				844CDFBF29036F68001D5CC9 /* Icon.png in Resources */,
				844CDFC129036F68001D5CC9 /* Style.css in Resources */,
				844CDFA429036F68001D5CC9 /* Main.storyboard in Resources */,
				844CDFC329036F68001D5CC9 /* Script.js in Resources */,
				844CDFC729036F68001D5CC9 /* Assets.xcassets in Resources */,
				844CDFBD29036F68001D5CC9 /* Main.html in Resources */,
			);
			runOnlyForDeploymentPostprocessing = 0;
		};
		844CDFA929036F68001D5CC9 /* Resources */ = {
			isa = PBXResourcesBuildPhase;
			buildActionMask = 2147483647;
			files = (
				844CDFFB29036F68001D5CC9 /* README.md in Resources */,
				844CDFF929036F68001D5CC9 /* background.js in Resources */,
				844CDFFF29036F68001D5CC9 /* manifest.json in Resources */,
				844CDFF829036F68001D5CC9 /* LICENSE in Resources */,
				844CE00229036F68001D5CC9 /* ff_manifest.json in Resources */,
				844CDFFE29036F68001D5CC9 /* icons in Resources */,
				844CDFF729036F68001D5CC9 /* browser-polyfill.js in Resources */,
				844CE00129036F68001D5CC9 /* promo in Resources */,
				844CDFFD29036F68001D5CC9 /* safari in Resources */,
				844CDFF629036F68001D5CC9 /* options in Resources */,
				844CE00029036F68001D5CC9 /* contentscript.js in Resources */,
				844CDFFC29036F68001D5CC9 /* videoPreviewImage.png in Resources */,
				844CDFFA29036F68001D5CC9 /* web-ext-artifacts in Resources */,
			);
			runOnlyForDeploymentPostprocessing = 0;
		};
		844CDFB329036F68001D5CC9 /* Resources */ = {
			isa = PBXResourcesBuildPhase;
			buildActionMask = 2147483647;
			files = (
				844CDFEE29036F68001D5CC9 /* README.md in Resources */,
				844CDFEC29036F68001D5CC9 /* background.js in Resources */,
				844CDFF229036F68001D5CC9 /* manifest.json in Resources */,
				844CDFEB29036F68001D5CC9 /* LICENSE in Resources */,
				844CDFF529036F68001D5CC9 /* ff_manifest.json in Resources */,
				844CDFF129036F68001D5CC9 /* icons in Resources */,
				844CDFEA29036F68001D5CC9 /* browser-polyfill.js in Resources */,
				844CDFF429036F68001D5CC9 /* promo in Resources */,
				844CDFF029036F68001D5CC9 /* safari in Resources */,
				844CDFE929036F68001D5CC9 /* options in Resources */,
				844CDFF329036F68001D5CC9 /* contentscript.js in Resources */,
				844CDFEF29036F68001D5CC9 /* videoPreviewImage.png in Resources */,
				844CDFED29036F68001D5CC9 /* web-ext-artifacts in Resources */,
			);
			runOnlyForDeploymentPostprocessing = 0;
		};
/* End PBXResourcesBuildPhase section */

/* Begin PBXSourcesBuildPhase section */
		844CDF8829036F68001D5CC9 /* Sources */ = {
			isa = PBXSourcesBuildPhase;
			buildActionMask = 2147483647;
			files = (
				844CDFC429036F68001D5CC9 /* ViewController.swift in Sources */,
				844CDF9029036F68001D5CC9 /* AppDelegate.swift in Sources */,
				844CDF9229036F68001D5CC9 /* SceneDelegate.swift in Sources */,
			);
			runOnlyForDeploymentPostprocessing = 0;
		};
		844CDF9A29036F68001D5CC9 /* Sources */ = {
			isa = PBXSourcesBuildPhase;
			buildActionMask = 2147483647;
			files = (
				844CDFC529036F68001D5CC9 /* ViewController.swift in Sources */,
				844CDFA129036F68001D5CC9 /* AppDelegate.swift in Sources */,
			);
			runOnlyForDeploymentPostprocessing = 0;
		};
		844CDFA729036F68001D5CC9 /* Sources */ = {
			isa = PBXSourcesBuildPhase;
			buildActionMask = 2147483647;
			files = (
				844CDFC829036F68001D5CC9 /* SafariWebExtensionHandler.swift in Sources */,
			);
			runOnlyForDeploymentPostprocessing = 0;
		};
		844CDFB129036F68001D5CC9 /* Sources */ = {
			isa = PBXSourcesBuildPhase;
			buildActionMask = 2147483647;
			files = (
				844CDFC929036F68001D5CC9 /* SafariWebExtensionHandler.swift in Sources */,
			);
			runOnlyForDeploymentPostprocessing = 0;
		};
/* End PBXSourcesBuildPhase section */

/* Begin PBXTargetDependency section */
		844CDFAE29036F68001D5CC9 /* PBXTargetDependency */ = {
			isa = PBXTargetDependency;
			target = 844CDFAA29036F68001D5CC9 /* ZenTube Extension (iOS) */;
			targetProxy = 844CDFAD29036F68001D5CC9 /* PBXContainerItemProxy */;
		};
		844CDFB829036F68001D5CC9 /* PBXTargetDependency */ = {
			isa = PBXTargetDependency;
			target = 844CDFB429036F68001D5CC9 /* ZenTube Extension (macOS) */;
			targetProxy = 844CDFB729036F68001D5CC9 /* PBXContainerItemProxy */;
		};
/* End PBXTargetDependency section */

/* Begin PBXVariantGroup section */
		844CDF7F29036F66001D5CC9 /* Main.html */ = {
			isa = PBXVariantGroup;
			children = (
				844CDF8029036F66001D5CC9 /* Base */,
			);
			name = Main.html;
			sourceTree = "<group>";
		};
		844CDF9329036F68001D5CC9 /* LaunchScreen.storyboard */ = {
			isa = PBXVariantGroup;
			children = (
				844CDF9429036F68001D5CC9 /* Base */,
			);
			name = LaunchScreen.storyboard;
			sourceTree = "<group>";
		};
		844CDF9629036F68001D5CC9 /* Main.storyboard */ = {
			isa = PBXVariantGroup;
			children = (
				844CDF9729036F68001D5CC9 /* Base */,
			);
			name = Main.storyboard;
			sourceTree = "<group>";
		};
		844CDFA229036F68001D5CC9 /* Main.storyboard */ = {
			isa = PBXVariantGroup;
			children = (
				844CDFA329036F68001D5CC9 /* Base */,
			);
			name = Main.storyboard;
			sourceTree = "<group>";
		};
/* End PBXVariantGroup section */

/* Begin XCBuildConfiguration section */
		844CDFCA29036F68001D5CC9 /* Debug */ = {
			isa = XCBuildConfiguration;
			buildSettings = {
				ALWAYS_SEARCH_USER_PATHS = NO;
				CLANG_ANALYZER_NONNULL = YES;
				CLANG_ANALYZER_NUMBER_OBJECT_CONVERSION = YES_AGGRESSIVE;
				CLANG_CXX_LANGUAGE_STANDARD = "gnu++20";
				CLANG_ENABLE_MODULES = YES;
				CLANG_ENABLE_OBJC_ARC = YES;
				CLANG_ENABLE_OBJC_WEAK = YES;
				CLANG_WARN_BLOCK_CAPTURE_AUTORELEASING = YES;
				CLANG_WARN_BOOL_CONVERSION = YES;
				CLANG_WARN_COMMA = YES;
				CLANG_WARN_CONSTANT_CONVERSION = YES;
				CLANG_WARN_DEPRECATED_OBJC_IMPLEMENTATIONS = YES;
				CLANG_WARN_DIRECT_OBJC_ISA_USAGE = YES_ERROR;
				CLANG_WARN_DOCUMENTATION_COMMENTS = YES;
				CLANG_WARN_EMPTY_BODY = YES;
				CLANG_WARN_ENUM_CONVERSION = YES;
				CLANG_WARN_INFINITE_RECURSION = YES;
				CLANG_WARN_INT_CONVERSION = YES;
				CLANG_WARN_NON_LITERAL_NULL_CONVERSION = YES;
				CLANG_WARN_OBJC_IMPLICIT_RETAIN_SELF = YES;
				CLANG_WARN_OBJC_LITERAL_CONVERSION = YES;
				CLANG_WARN_OBJC_ROOT_CLASS = YES_ERROR;
				CLANG_WARN_QUOTED_INCLUDE_IN_FRAMEWORK_HEADER = YES;
				CLANG_WARN_RANGE_LOOP_ANALYSIS = YES;
				CLANG_WARN_STRICT_PROTOTYPES = YES;
				CLANG_WARN_SUSPICIOUS_MOVE = YES;
				CLANG_WARN_UNGUARDED_AVAILABILITY = YES_AGGRESSIVE;
				CLANG_WARN_UNREACHABLE_CODE = YES;
				CLANG_WARN__DUPLICATE_METHOD_MATCH = YES;
				COPY_PHASE_STRIP = NO;
				DEBUG_INFORMATION_FORMAT = dwarf;
				ENABLE_STRICT_OBJC_MSGSEND = YES;
				ENABLE_TESTABILITY = YES;
				GCC_C_LANGUAGE_STANDARD = gnu11;
				GCC_DYNAMIC_NO_PIC = NO;
				GCC_NO_COMMON_BLOCKS = YES;
				GCC_OPTIMIZATION_LEVEL = 0;
				GCC_PREPROCESSOR_DEFINITIONS = (
					"DEBUG=1",
					"$(inherited)",
				);
				GCC_WARN_64_TO_32_BIT_CONVERSION = YES;
				GCC_WARN_ABOUT_RETURN_TYPE = YES_ERROR;
				GCC_WARN_UNDECLARED_SELECTOR = YES;
				GCC_WARN_UNINITIALIZED_AUTOS = YES_AGGRESSIVE;
				GCC_WARN_UNUSED_FUNCTION = YES;
				GCC_WARN_UNUSED_VARIABLE = YES;
				MTL_ENABLE_DEBUG_INFO = INCLUDE_SOURCE;
				MTL_FAST_MATH = YES;
				ONLY_ACTIVE_ARCH = YES;
				SWIFT_ACTIVE_COMPILATION_CONDITIONS = DEBUG;
				SWIFT_OPTIMIZATION_LEVEL = "-Onone";
			};
			name = Debug;
		};
		844CDFCB29036F68001D5CC9 /* Release */ = {
			isa = XCBuildConfiguration;
			buildSettings = {
				ALWAYS_SEARCH_USER_PATHS = NO;
				CLANG_ANALYZER_NONNULL = YES;
				CLANG_ANALYZER_NUMBER_OBJECT_CONVERSION = YES_AGGRESSIVE;
				CLANG_CXX_LANGUAGE_STANDARD = "gnu++20";
				CLANG_ENABLE_MODULES = YES;
				CLANG_ENABLE_OBJC_ARC = YES;
				CLANG_ENABLE_OBJC_WEAK = YES;
				CLANG_WARN_BLOCK_CAPTURE_AUTORELEASING = YES;
				CLANG_WARN_BOOL_CONVERSION = YES;
				CLANG_WARN_COMMA = YES;
				CLANG_WARN_CONSTANT_CONVERSION = YES;
				CLANG_WARN_DEPRECATED_OBJC_IMPLEMENTATIONS = YES;
				CLANG_WARN_DIRECT_OBJC_ISA_USAGE = YES_ERROR;
				CLANG_WARN_DOCUMENTATION_COMMENTS = YES;
				CLANG_WARN_EMPTY_BODY = YES;
				CLANG_WARN_ENUM_CONVERSION = YES;
				CLANG_WARN_INFINITE_RECURSION = YES;
				CLANG_WARN_INT_CONVERSION = YES;
				CLANG_WARN_NON_LITERAL_NULL_CONVERSION = YES;
				CLANG_WARN_OBJC_IMPLICIT_RETAIN_SELF = YES;
				CLANG_WARN_OBJC_LITERAL_CONVERSION = YES;
				CLANG_WARN_OBJC_ROOT_CLASS = YES_ERROR;
				CLANG_WARN_QUOTED_INCLUDE_IN_FRAMEWORK_HEADER = YES;
				CLANG_WARN_RANGE_LOOP_ANALYSIS = YES;
				CLANG_WARN_STRICT_PROTOTYPES = YES;
				CLANG_WARN_SUSPICIOUS_MOVE = YES;
				CLANG_WARN_UNGUARDED_AVAILABILITY = YES_AGGRESSIVE;
				CLANG_WARN_UNREACHABLE_CODE = YES;
				CLANG_WARN__DUPLICATE_METHOD_MATCH = YES;
				COPY_PHASE_STRIP = NO;
				DEBUG_INFORMATION_FORMAT = "dwarf-with-dsym";
				ENABLE_NS_ASSERTIONS = NO;
				ENABLE_STRICT_OBJC_MSGSEND = YES;
				GCC_C_LANGUAGE_STANDARD = gnu11;
				GCC_NO_COMMON_BLOCKS = YES;
				GCC_WARN_64_TO_32_BIT_CONVERSION = YES;
				GCC_WARN_ABOUT_RETURN_TYPE = YES_ERROR;
				GCC_WARN_UNDECLARED_SELECTOR = YES;
				GCC_WARN_UNINITIALIZED_AUTOS = YES_AGGRESSIVE;
				GCC_WARN_UNUSED_FUNCTION = YES;
				GCC_WARN_UNUSED_VARIABLE = YES;
				MTL_ENABLE_DEBUG_INFO = NO;
				MTL_FAST_MATH = YES;
				SWIFT_COMPILATION_MODE = wholemodule;
				SWIFT_OPTIMIZATION_LEVEL = "-O";
			};
			name = Release;
		};
		844CDFCD29036F68001D5CC9 /* Debug */ = {
			isa = XCBuildConfiguration;
			buildSettings = {
				CODE_SIGN_STYLE = Automatic;
				CURRENT_PROJECT_VERSION = 1;
				GENERATE_INFOPLIST_FILE = YES;
				INFOPLIST_FILE = "iOS (Extension)/Info.plist";
				INFOPLIST_KEY_CFBundleDisplayName = "ZenTube Extension";
				INFOPLIST_KEY_NSHumanReadableCopyright = "";
				IPHONEOS_DEPLOYMENT_TARGET = 15.0;
				LD_RUNPATH_SEARCH_PATHS = (
					"$(inherited)",
					"@executable_path/Frameworks",
					"@executable_path/../../Frameworks",
				);
				MARKETING_VERSION = 1.0;
				OTHER_LDFLAGS = (
					"-framework",
					SafariServices,
				);
				PRODUCT_BUNDLE_IDENTIFIER = in.evenzero.ZenTube.Extension;
				PRODUCT_NAME = "ZenTube Extension";
				SDKROOT = iphoneos;
				SKIP_INSTALL = YES;
				SWIFT_EMIT_LOC_STRINGS = YES;
				SWIFT_VERSION = 5.0;
				TARGETED_DEVICE_FAMILY = "1,2";
			};
			name = Debug;
		};
		844CDFCE29036F68001D5CC9 /* Release */ = {
			isa = XCBuildConfiguration;
			buildSettings = {
				CODE_SIGN_STYLE = Automatic;
				CURRENT_PROJECT_VERSION = 1;
				GENERATE_INFOPLIST_FILE = YES;
				INFOPLIST_FILE = "iOS (Extension)/Info.plist";
				INFOPLIST_KEY_CFBundleDisplayName = "ZenTube Extension";
				INFOPLIST_KEY_NSHumanReadableCopyright = "";
				IPHONEOS_DEPLOYMENT_TARGET = 15.0;
				LD_RUNPATH_SEARCH_PATHS = (
					"$(inherited)",
					"@executable_path/Frameworks",
					"@executable_path/../../Frameworks",
				);
				MARKETING_VERSION = 1.0;
				OTHER_LDFLAGS = (
					"-framework",
					SafariServices,
				);
				PRODUCT_BUNDLE_IDENTIFIER = in.evenzero.ZenTube.Extension;
				PRODUCT_NAME = "ZenTube Extension";
				SDKROOT = iphoneos;
				SKIP_INSTALL = YES;
				SWIFT_EMIT_LOC_STRINGS = YES;
				SWIFT_VERSION = 5.0;
				TARGETED_DEVICE_FAMILY = "1,2";
				VALIDATE_PRODUCT = YES;
			};
			name = Release;
		};
		844CDFD129036F68001D5CC9 /* Debug */ = {
			isa = XCBuildConfiguration;
			buildSettings = {
				ALWAYS_EMBED_SWIFT_STANDARD_LIBRARIES = YES;
				ASSETCATALOG_COMPILER_APPICON_NAME = AppIcon;
				ASSETCATALOG_COMPILER_GLOBAL_ACCENT_COLOR_NAME = AccentColor;
				CODE_SIGN_STYLE = Automatic;
				CURRENT_PROJECT_VERSION = 1;
				GENERATE_INFOPLIST_FILE = YES;
				INFOPLIST_FILE = "iOS (App)/Info.plist";
				INFOPLIST_KEY_CFBundleDisplayName = ZenTube;
				INFOPLIST_KEY_UIApplicationSupportsIndirectInputEvents = YES;
				INFOPLIST_KEY_UILaunchStoryboardName = LaunchScreen;
				INFOPLIST_KEY_UIMainStoryboardFile = Main;
				INFOPLIST_KEY_UISupportedInterfaceOrientations = "UIInterfaceOrientationPortrait UIInterfaceOrientationLandscapeLeft UIInterfaceOrientationLandscapeRight";
				INFOPLIST_KEY_UISupportedInterfaceOrientations_iPad = "UIInterfaceOrientationPortrait UIInterfaceOrientationPortraitUpsideDown UIInterfaceOrientationLandscapeLeft UIInterfaceOrientationLandscapeRight";
				IPHONEOS_DEPLOYMENT_TARGET = 15.0;
				LD_RUNPATH_SEARCH_PATHS = (
					"$(inherited)",
					"@executable_path/Frameworks",
				);
				MARKETING_VERSION = 1.0;
				OTHER_LDFLAGS = (
					"-framework",
					SafariServices,
					"-framework",
					WebKit,
				);
				PRODUCT_BUNDLE_IDENTIFIER = in.evenzero.ZenTube;
				PRODUCT_NAME = ZenTube;
				SDKROOT = iphoneos;
				SWIFT_EMIT_LOC_STRINGS = YES;
				SWIFT_VERSION = 5.0;
				TARGETED_DEVICE_FAMILY = "1,2";
			};
			name = Debug;
		};
		844CDFD229036F68001D5CC9 /* Release */ = {
			isa = XCBuildConfiguration;
			buildSettings = {
				ALWAYS_EMBED_SWIFT_STANDARD_LIBRARIES = YES;
				ASSETCATALOG_COMPILER_APPICON_NAME = AppIcon;
				ASSETCATALOG_COMPILER_GLOBAL_ACCENT_COLOR_NAME = AccentColor;
				CODE_SIGN_STYLE = Automatic;
				CURRENT_PROJECT_VERSION = 1;
				GENERATE_INFOPLIST_FILE = YES;
				INFOPLIST_FILE = "iOS (App)/Info.plist";
				INFOPLIST_KEY_CFBundleDisplayName = ZenTube;
				INFOPLIST_KEY_UIApplicationSupportsIndirectInputEvents = YES;
				INFOPLIST_KEY_UILaunchStoryboardName = LaunchScreen;
				INFOPLIST_KEY_UIMainStoryboardFile = Main;
				INFOPLIST_KEY_UISupportedInterfaceOrientations = "UIInterfaceOrientationPortrait UIInterfaceOrientationLandscapeLeft UIInterfaceOrientationLandscapeRight";
				INFOPLIST_KEY_UISupportedInterfaceOrientations_iPad = "UIInterfaceOrientationPortrait UIInterfaceOrientationPortraitUpsideDown UIInterfaceOrientationLandscapeLeft UIInterfaceOrientationLandscapeRight";
				IPHONEOS_DEPLOYMENT_TARGET = 15.0;
				LD_RUNPATH_SEARCH_PATHS = (
					"$(inherited)",
					"@executable_path/Frameworks",
				);
				MARKETING_VERSION = 1.0;
				OTHER_LDFLAGS = (
					"-framework",
					SafariServices,
					"-framework",
					WebKit,
				);
				PRODUCT_BUNDLE_IDENTIFIER = in.evenzero.ZenTube;
				PRODUCT_NAME = ZenTube;
				SDKROOT = iphoneos;
				SWIFT_EMIT_LOC_STRINGS = YES;
				SWIFT_VERSION = 5.0;
				TARGETED_DEVICE_FAMILY = "1,2";
				VALIDATE_PRODUCT = YES;
			};
			name = Release;
		};
		844CDFD429036F68001D5CC9 /* Debug */ = {
			isa = XCBuildConfiguration;
			buildSettings = {
				CODE_SIGN_ENTITLEMENTS = "macOS (Extension)/ZenTube.entitlements";
				CODE_SIGN_STYLE = Automatic;
				CURRENT_PROJECT_VERSION = 1;
				ENABLE_HARDENED_RUNTIME = YES;
				GENERATE_INFOPLIST_FILE = YES;
				INFOPLIST_FILE = "macOS (Extension)/Info.plist";
				INFOPLIST_KEY_CFBundleDisplayName = "ZenTube Extension";
				INFOPLIST_KEY_NSHumanReadableCopyright = "";
				LD_RUNPATH_SEARCH_PATHS = (
					"$(inherited)",
					"@executable_path/../Frameworks",
					"@executable_path/../../../../Frameworks",
				);
				MACOSX_DEPLOYMENT_TARGET = 10.14;
				MARKETING_VERSION = 1.0;
				OTHER_LDFLAGS = (
					"-framework",
					SafariServices,
				);
				PRODUCT_BUNDLE_IDENTIFIER = in.evenzero.ZenTube.Extension;
				PRODUCT_NAME = "ZenTube Extension";
				SDKROOT = macosx;
				SKIP_INSTALL = YES;
				SWIFT_EMIT_LOC_STRINGS = YES;
				SWIFT_VERSION = 5.0;
			};
			name = Debug;
		};
		844CDFD529036F68001D5CC9 /* Release */ = {
			isa = XCBuildConfiguration;
			buildSettings = {
				CODE_SIGN_ENTITLEMENTS = "macOS (Extension)/ZenTube.entitlements";
				CODE_SIGN_STYLE = Automatic;
				CURRENT_PROJECT_VERSION = 1;
				ENABLE_HARDENED_RUNTIME = YES;
				GENERATE_INFOPLIST_FILE = YES;
				INFOPLIST_FILE = "macOS (Extension)/Info.plist";
				INFOPLIST_KEY_CFBundleDisplayName = "ZenTube Extension";
				INFOPLIST_KEY_NSHumanReadableCopyright = "";
				LD_RUNPATH_SEARCH_PATHS = (
					"$(inherited)",
					"@executable_path/../Frameworks",
					"@executable_path/../../../../Frameworks",
				);
				MACOSX_DEPLOYMENT_TARGET = 10.14;
				MARKETING_VERSION = 1.0;
				OTHER_LDFLAGS = (
					"-framework",
					SafariServices,
				);
				PRODUCT_BUNDLE_IDENTIFIER = in.evenzero.ZenTube.Extension;
				PRODUCT_NAME = "ZenTube Extension";
				SDKROOT = macosx;
				SKIP_INSTALL = YES;
				SWIFT_EMIT_LOC_STRINGS = YES;
				SWIFT_VERSION = 5.0;
			};
			name = Release;
		};
		844CDFD829036F68001D5CC9 /* Debug */ = {
			isa = XCBuildConfiguration;
			buildSettings = {
				ALWAYS_EMBED_SWIFT_STANDARD_LIBRARIES = YES;
				ASSETCATALOG_COMPILER_APPICON_NAME = AppIcon;
				ASSETCATALOG_COMPILER_GLOBAL_ACCENT_COLOR_NAME = AccentColor;
				CODE_SIGN_ENTITLEMENTS = "macOS (App)/ZenTube.entitlements";
				CODE_SIGN_STYLE = Automatic;
				CURRENT_PROJECT_VERSION = 1;
				ENABLE_HARDENED_RUNTIME = YES;
				GENERATE_INFOPLIST_FILE = YES;
				INFOPLIST_FILE = "macOS (App)/Info.plist";
				INFOPLIST_KEY_CFBundleDisplayName = ZenTube;
				INFOPLIST_KEY_NSMainStoryboardFile = Main;
				INFOPLIST_KEY_NSPrincipalClass = NSApplication;
				LD_RUNPATH_SEARCH_PATHS = (
					"$(inherited)",
					"@executable_path/../Frameworks",
				);
				MACOSX_DEPLOYMENT_TARGET = 10.14;
				MARKETING_VERSION = 1.0;
				OTHER_LDFLAGS = (
					"-framework",
					SafariServices,
					"-framework",
					WebKit,
				);
				PRODUCT_BUNDLE_IDENTIFIER = in.evenzero.ZenTube;
				PRODUCT_NAME = ZenTube;
				SDKROOT = macosx;
				SWIFT_EMIT_LOC_STRINGS = YES;
				SWIFT_VERSION = 5.0;
			};
			name = Debug;
		};
		844CDFD929036F68001D5CC9 /* Release */ = {
			isa = XCBuildConfiguration;
			buildSettings = {
				ALWAYS_EMBED_SWIFT_STANDARD_LIBRARIES = YES;
				ASSETCATALOG_COMPILER_APPICON_NAME = AppIcon;
				ASSETCATALOG_COMPILER_GLOBAL_ACCENT_COLOR_NAME = AccentColor;
				CODE_SIGN_ENTITLEMENTS = "macOS (App)/ZenTube.entitlements";
				CODE_SIGN_STYLE = Automatic;
				CURRENT_PROJECT_VERSION = 1;
				ENABLE_HARDENED_RUNTIME = YES;
				GENERATE_INFOPLIST_FILE = YES;
				INFOPLIST_FILE = "macOS (App)/Info.plist";
				INFOPLIST_KEY_CFBundleDisplayName = ZenTube;
				INFOPLIST_KEY_NSMainStoryboardFile = Main;
				INFOPLIST_KEY_NSPrincipalClass = NSApplication;
				LD_RUNPATH_SEARCH_PATHS = (
					"$(inherited)",
					"@executable_path/../Frameworks",
				);
				MACOSX_DEPLOYMENT_TARGET = 10.14;
				MARKETING_VERSION = 1.0;
				OTHER_LDFLAGS = (
					"-framework",
					SafariServices,
					"-framework",
					WebKit,
				);
				PRODUCT_BUNDLE_IDENTIFIER = in.evenzero.ZenTube;
				PRODUCT_NAME = ZenTube;
				SDKROOT = macosx;
				SWIFT_EMIT_LOC_STRINGS = YES;
				SWIFT_VERSION = 5.0;
			};
			name = Release;
		};
/* End XCBuildConfiguration section */

/* Begin XCConfigurationList section */
		844CDF7C29036F66001D5CC9 /* Build configuration list for PBXProject "ZenTube" */ = {
			isa = XCConfigurationList;
			buildConfigurations = (
				844CDFCA29036F68001D5CC9 /* Debug */,
				844CDFCB29036F68001D5CC9 /* Release */,
			);
			defaultConfigurationIsVisible = 0;
			defaultConfigurationName = Release;
		};
		844CDFCC29036F68001D5CC9 /* Build configuration list for PBXNativeTarget "ZenTube Extension (iOS)" */ = {
			isa = XCConfigurationList;
			buildConfigurations = (
				844CDFCD29036F68001D5CC9 /* Debug */,
				844CDFCE29036F68001D5CC9 /* Release */,
			);
			defaultConfigurationIsVisible = 0;
			defaultConfigurationName = Release;
		};
		844CDFD029036F68001D5CC9 /* Build configuration list for PBXNativeTarget "ZenTube (iOS)" */ = {
			isa = XCConfigurationList;
			buildConfigurations = (
				844CDFD129036F68001D5CC9 /* Debug */,
				844CDFD229036F68001D5CC9 /* Release */,
			);
			defaultConfigurationIsVisible = 0;
			defaultConfigurationName = Release;
		};
		844CDFD329036F68001D5CC9 /* Build configuration list for PBXNativeTarget "ZenTube Extension (macOS)" */ = {
			isa = XCConfigurationList;
			buildConfigurations = (
				844CDFD429036F68001D5CC9 /* Debug */,
				844CDFD529036F68001D5CC9 /* Release */,
			);
			defaultConfigurationIsVisible = 0;
			defaultConfigurationName = Release;
		};
		844CDFD729036F68001D5CC9 /* Build configuration list for PBXNativeTarget "ZenTube (macOS)" */ = {
			isa = XCConfigurationList;
			buildConfigurations = (
				844CDFD829036F68001D5CC9 /* Debug */,
				844CDFD929036F68001D5CC9 /* Release */,
			);
			defaultConfigurationIsVisible = 0;
			defaultConfigurationName = Release;
		};
/* End XCConfigurationList section */
	};
	rootObject = 844CDF7929036F66001D5CC9 /* Project object */;
}
