// !$*UTF8*$!
{
	archiveVersion = 1;
	classes = {
	};
	objectVersion = 56;
	objects = {

/* Begin PBXBuildFile section */
		84510EED29966973003F9762 /* AppDelegate.swift in Sources */ = {isa = PBXBuildFile; fileRef = 84510EEC29966973003F9762 /* AppDelegate.swift */; };
		84510EEF29966973003F9762 /* SceneDelegate.swift in Sources */ = {isa = PBXBuildFile; fileRef = 84510EEE29966973003F9762 /* SceneDelegate.swift */; };
		84510EF229966973003F9762 /* LaunchScreen.storyboard in Resources */ = {isa = PBXBuildFile; fileRef = 84510EF029966973003F9762 /* LaunchScreen.storyboard */; };
		84510EF529966973003F9762 /* Main.storyboard in Resources */ = {isa = PBXBuildFile; fileRef = 84510EF329966973003F9762 /* Main.storyboard */; };
		84510EFE29966973003F9762 /* AppDelegate.swift in Sources */ = {isa = PBXBuildFile; fileRef = 84510EFD29966973003F9762 /* AppDelegate.swift */; };
		84510F0129966973003F9762 /* Main.storyboard in Resources */ = {isa = PBXBuildFile; fileRef = 84510EFF29966973003F9762 /* Main.storyboard */; };
		84510F0929966973003F9762 /* ZenTube Extension.appex in Embed Foundation Extensions */ = {isa = PBXBuildFile; fileRef = 84510F0829966973003F9762 /* ZenTube Extension.appex */; settings = {ATTRIBUTES = (RemoveHeadersOnCopy, ); }; };
		84510F1329966973003F9762 /* ZenTube Extension.appex in Embed Foundation Extensions */ = {isa = PBXBuildFile; fileRef = 84510F1229966973003F9762 /* ZenTube Extension.appex */; settings = {ATTRIBUTES = (RemoveHeadersOnCopy, ); }; };
		84510F1929966973003F9762 /* Main.html in Resources */ = {isa = PBXBuildFile; fileRef = 84510EDC29966971003F9762 /* Main.html */; };
		84510F1A29966973003F9762 /* Main.html in Resources */ = {isa = PBXBuildFile; fileRef = 84510EDC29966971003F9762 /* Main.html */; };
		84510F1B29966973003F9762 /* Icon.png in Resources */ = {isa = PBXBuildFile; fileRef = 84510EDE29966971003F9762 /* Icon.png */; };
		84510F1C29966973003F9762 /* Icon.png in Resources */ = {isa = PBXBuildFile; fileRef = 84510EDE29966971003F9762 /* Icon.png */; };
		84510F1D29966973003F9762 /* Style.css in Resources */ = {isa = PBXBuildFile; fileRef = 84510EDF29966971003F9762 /* Style.css */; };
		84510F1E29966973003F9762 /* Style.css in Resources */ = {isa = PBXBuildFile; fileRef = 84510EDF29966971003F9762 /* Style.css */; };
		84510F1F29966973003F9762 /* Script.js in Resources */ = {isa = PBXBuildFile; fileRef = 84510EE029966971003F9762 /* Script.js */; };
		84510F2029966973003F9762 /* Script.js in Resources */ = {isa = PBXBuildFile; fileRef = 84510EE029966971003F9762 /* Script.js */; };
		84510F2129966973003F9762 /* ViewController.swift in Sources */ = {isa = PBXBuildFile; fileRef = 84510EE129966971003F9762 /* ViewController.swift */; };
		84510F2229966973003F9762 /* ViewController.swift in Sources */ = {isa = PBXBuildFile; fileRef = 84510EE129966971003F9762 /* ViewController.swift */; };
		84510F2329966973003F9762 /* Assets.xcassets in Resources */ = {isa = PBXBuildFile; fileRef = 84510EE229966972003F9762 /* Assets.xcassets */; };
		84510F2429966973003F9762 /* Assets.xcassets in Resources */ = {isa = PBXBuildFile; fileRef = 84510EE229966972003F9762 /* Assets.xcassets */; };
		84510F2529966973003F9762 /* SafariWebExtensionHandler.swift in Sources */ = {isa = PBXBuildFile; fileRef = 84510EE429966972003F9762 /* SafariWebExtensionHandler.swift */; };
		84510F2629966973003F9762 /* SafariWebExtensionHandler.swift in Sources */ = {isa = PBXBuildFile; fileRef = 84510EE429966972003F9762 /* SafariWebExtensionHandler.swift */; };
		84510F4629966973003F9762 /* options in Resources */ = {isa = PBXBuildFile; fileRef = 84510F3829966973003F9762 /* options */; };
		84510F4729966973003F9762 /* browser-polyfill.js in Resources */ = {isa = PBXBuildFile; fileRef = 84510F3A29966973003F9762 /* browser-polyfill.js */; };
		84510F4829966973003F9762 /* LICENSE in Resources */ = {isa = PBXBuildFile; fileRef = 84510F3B29966973003F9762 /* LICENSE */; };
		84510F4929966973003F9762 /* background.js in Resources */ = {isa = PBXBuildFile; fileRef = 84510F3C29966973003F9762 /* background.js */; };
		84510F4A29966973003F9762 /* web-ext-artifacts in Resources */ = {isa = PBXBuildFile; fileRef = 84510F3D29966973003F9762 /* web-ext-artifacts */; };
		84510F4B29966973003F9762 /* README.md in Resources */ = {isa = PBXBuildFile; fileRef = 84510F3E29966973003F9762 /* README.md */; };
		84510F4C29966973003F9762 /* videoPreviewImage.png in Resources */ = {isa = PBXBuildFile; fileRef = 84510F3F29966973003F9762 /* videoPreviewImage.png */; };
		84510F4D29966973003F9762 /* safari in Resources */ = {isa = PBXBuildFile; fileRef = 84510F4029966973003F9762 /* safari */; };
		84510F4E29966973003F9762 /* icons in Resources */ = {isa = PBXBuildFile; fileRef = 84510F4129966973003F9762 /* icons */; };
		84510F4F29966973003F9762 /* manifest.json in Resources */ = {isa = PBXBuildFile; fileRef = 84510F4229966973003F9762 /* manifest.json */; };
		84510F5029966973003F9762 /* contentscript.js in Resources */ = {isa = PBXBuildFile; fileRef = 84510F4329966973003F9762 /* contentscript.js */; };
		84510F5129966973003F9762 /* promo in Resources */ = {isa = PBXBuildFile; fileRef = 84510F4429966973003F9762 /* promo */; };
		84510F5229966973003F9762 /* ff_manifest.json in Resources */ = {isa = PBXBuildFile; fileRef = 84510F4529966973003F9762 /* ff_manifest.json */; };
		84510F5329966973003F9762 /* options in Resources */ = {isa = PBXBuildFile; fileRef = 84510F3829966973003F9762 /* options */; };
		84510F5429966973003F9762 /* browser-polyfill.js in Resources */ = {isa = PBXBuildFile; fileRef = 84510F3A29966973003F9762 /* browser-polyfill.js */; };
		84510F5529966973003F9762 /* LICENSE in Resources */ = {isa = PBXBuildFile; fileRef = 84510F3B29966973003F9762 /* LICENSE */; };
		84510F5629966973003F9762 /* background.js in Resources */ = {isa = PBXBuildFile; fileRef = 84510F3C29966973003F9762 /* background.js */; };
		84510F5729966973003F9762 /* web-ext-artifacts in Resources */ = {isa = PBXBuildFile; fileRef = 84510F3D29966973003F9762 /* web-ext-artifacts */; };
		84510F5829966973003F9762 /* README.md in Resources */ = {isa = PBXBuildFile; fileRef = 84510F3E29966973003F9762 /* README.md */; };
		84510F5929966973003F9762 /* videoPreviewImage.png in Resources */ = {isa = PBXBuildFile; fileRef = 84510F3F29966973003F9762 /* videoPreviewImage.png */; };
		84510F5A29966973003F9762 /* safari in Resources */ = {isa = PBXBuildFile; fileRef = 84510F4029966973003F9762 /* safari */; };
		84510F5B29966973003F9762 /* icons in Resources */ = {isa = PBXBuildFile; fileRef = 84510F4129966973003F9762 /* icons */; };
		84510F5C29966973003F9762 /* manifest.json in Resources */ = {isa = PBXBuildFile; fileRef = 84510F4229966973003F9762 /* manifest.json */; };
		84510F5D29966973003F9762 /* contentscript.js in Resources */ = {isa = PBXBuildFile; fileRef = 84510F4329966973003F9762 /* contentscript.js */; };
		84510F5E29966973003F9762 /* promo in Resources */ = {isa = PBXBuildFile; fileRef = 84510F4429966973003F9762 /* promo */; };
		84510F5F29966973003F9762 /* ff_manifest.json in Resources */ = {isa = PBXBuildFile; fileRef = 84510F4529966973003F9762 /* ff_manifest.json */; };
/* End PBXBuildFile section */

/* Begin PBXContainerItemProxy section */
		84510F0A29966973003F9762 /* PBXContainerItemProxy */ = {
			isa = PBXContainerItemProxy;
			containerPortal = 84510ED629966971003F9762 /* Project object */;
			proxyType = 1;
			remoteGlobalIDString = 84510F0729966973003F9762;
			remoteInfo = "ZenTube Extension (iOS)";
		};
		84510F1429966973003F9762 /* PBXContainerItemProxy */ = {
			isa = PBXContainerItemProxy;
			containerPortal = 84510ED629966971003F9762 /* Project object */;
			proxyType = 1;
			remoteGlobalIDString = 84510F1129966973003F9762;
			remoteInfo = "ZenTube Extension (macOS)";
		};
/* End PBXContainerItemProxy section */

/* Begin PBXCopyFilesBuildPhase section */
		84510F2C29966973003F9762 /* Embed Foundation Extensions */ = {
			isa = PBXCopyFilesBuildPhase;
			buildActionMask = 2147483647;
			dstPath = "";
			dstSubfolderSpec = 13;
			files = (
				84510F0929966973003F9762 /* ZenTube Extension.appex in Embed Foundation Extensions */,
			);
			name = "Embed Foundation Extensions";
			runOnlyForDeploymentPostprocessing = 0;
		};
		84510F3329966973003F9762 /* Embed Foundation Extensions */ = {
			isa = PBXCopyFilesBuildPhase;
			buildActionMask = 2147483647;
			dstPath = "";
			dstSubfolderSpec = 13;
			files = (
				84510F1329966973003F9762 /* ZenTube Extension.appex in Embed Foundation Extensions */,
			);
			name = "Embed Foundation Extensions";
			runOnlyForDeploymentPostprocessing = 0;
		};
/* End PBXCopyFilesBuildPhase section */

/* Begin PBXFileReference section */
		84510EDD29966971003F9762 /* Base */ = {isa = PBXFileReference; lastKnownFileType = text.html; name = Base; path = ../Base.lproj/Main.html; sourceTree = "<group>"; };
		84510EDE29966971003F9762 /* Icon.png */ = {isa = PBXFileReference; lastKnownFileType = image.png; path = Icon.png; sourceTree = "<group>"; };
		84510EDF29966971003F9762 /* Style.css */ = {isa = PBXFileReference; lastKnownFileType = text.css; path = Style.css; sourceTree = "<group>"; };
		84510EE029966971003F9762 /* Script.js */ = {isa = PBXFileReference; lastKnownFileType = sourcecode.javascript; path = Script.js; sourceTree = "<group>"; };
		84510EE129966971003F9762 /* ViewController.swift */ = {isa = PBXFileReference; lastKnownFileType = sourcecode.swift; path = ViewController.swift; sourceTree = "<group>"; };
		84510EE229966972003F9762 /* Assets.xcassets */ = {isa = PBXFileReference; lastKnownFileType = folder.assetcatalog; path = Assets.xcassets; sourceTree = "<group>"; };
		84510EE429966972003F9762 /* SafariWebExtensionHandler.swift */ = {isa = PBXFileReference; lastKnownFileType = sourcecode.swift; path = SafariWebExtensionHandler.swift; sourceTree = "<group>"; };
		84510EE929966973003F9762 /* ZenTube.app */ = {isa = PBXFileReference; explicitFileType = wrapper.application; includeInIndex = 0; path = ZenTube.app; sourceTree = BUILT_PRODUCTS_DIR; };
		84510EEC29966973003F9762 /* AppDelegate.swift */ = {isa = PBXFileReference; lastKnownFileType = sourcecode.swift; path = AppDelegate.swift; sourceTree = "<group>"; };
		84510EEE29966973003F9762 /* SceneDelegate.swift */ = {isa = PBXFileReference; lastKnownFileType = sourcecode.swift; path = SceneDelegate.swift; sourceTree = "<group>"; };
		84510EF129966973003F9762 /* Base */ = {isa = PBXFileReference; lastKnownFileType = file.storyboard; name = Base; path = Base.lproj/LaunchScreen.storyboard; sourceTree = "<group>"; };
		84510EF429966973003F9762 /* Base */ = {isa = PBXFileReference; lastKnownFileType = file.storyboard; name = Base; path = Base.lproj/Main.storyboard; sourceTree = "<group>"; };
		84510EF629966973003F9762 /* Info.plist */ = {isa = PBXFileReference; lastKnownFileType = text.plist.xml; path = Info.plist; sourceTree = "<group>"; };
		84510EFB29966973003F9762 /* ZenTube.app */ = {isa = PBXFileReference; explicitFileType = wrapper.application; includeInIndex = 0; path = ZenTube.app; sourceTree = BUILT_PRODUCTS_DIR; };
		84510EFD29966973003F9762 /* AppDelegate.swift */ = {isa = PBXFileReference; lastKnownFileType = sourcecode.swift; path = AppDelegate.swift; sourceTree = "<group>"; };
		84510F0029966973003F9762 /* Base */ = {isa = PBXFileReference; lastKnownFileType = file.storyboard; name = Base; path = Base.lproj/Main.storyboard; sourceTree = "<group>"; };
		84510F0229966973003F9762 /* Info.plist */ = {isa = PBXFileReference; lastKnownFileType = text.plist.xml; path = Info.plist; sourceTree = "<group>"; };
		84510F0329966973003F9762 /* ZenTube.entitlements */ = {isa = PBXFileReference; lastKnownFileType = text.plist.entitlements; path = ZenTube.entitlements; sourceTree = "<group>"; };
		84510F0829966973003F9762 /* ZenTube Extension.appex */ = {isa = PBXFileReference; explicitFileType = "wrapper.app-extension"; includeInIndex = 0; path = "ZenTube Extension.appex"; sourceTree = BUILT_PRODUCTS_DIR; };
		84510F0D29966973003F9762 /* Info.plist */ = {isa = PBXFileReference; lastKnownFileType = text.plist.xml; path = Info.plist; sourceTree = "<group>"; };
		84510F1229966973003F9762 /* ZenTube Extension.appex */ = {isa = PBXFileReference; explicitFileType = "wrapper.app-extension"; includeInIndex = 0; path = "ZenTube Extension.appex"; sourceTree = BUILT_PRODUCTS_DIR; };
		84510F1729966973003F9762 /* Info.plist */ = {isa = PBXFileReference; lastKnownFileType = text.plist.xml; path = Info.plist; sourceTree = "<group>"; };
		84510F1829966973003F9762 /* ZenTube.entitlements */ = {isa = PBXFileReference; lastKnownFileType = text.plist.entitlements; path = ZenTube.entitlements; sourceTree = "<group>"; };
		84510F3829966973003F9762 /* options */ = {isa = PBXFileReference; lastKnownFileType = folder; name = options; path = ../../../options; sourceTree = "<group>"; };
		84510F3929966973003F9762 /* browser-polyfill.js.map */ = {isa = PBXFileReference; lastKnownFileType = "sourcecode.module-map"; name = "browser-polyfill.js.map"; path = "../../../browser-polyfill.js.map"; sourceTree = "<group>"; };
		84510F3A29966973003F9762 /* browser-polyfill.js */ = {isa = PBXFileReference; lastKnownFileType = sourcecode.javascript; name = "browser-polyfill.js"; path = "../../../browser-polyfill.js"; sourceTree = "<group>"; };
		84510F3B29966973003F9762 /* LICENSE */ = {isa = PBXFileReference; lastKnownFileType = text; name = LICENSE; path = ../../../LICENSE; sourceTree = "<group>"; };
		84510F3C29966973003F9762 /* background.js */ = {isa = PBXFileReference; lastKnownFileType = sourcecode.javascript; name = background.js; path = ../../../background.js; sourceTree = "<group>"; };
		84510F3D29966973003F9762 /* web-ext-artifacts */ = {isa = PBXFileReference; lastKnownFileType = folder; name = "web-ext-artifacts"; path = "../../../web-ext-artifacts"; sourceTree = "<group>"; };
		84510F3E29966973003F9762 /* README.md */ = {isa = PBXFileReference; lastKnownFileType = net.daringfireball.markdown; name = README.md; path = ../../../README.md; sourceTree = "<group>"; };
		84510F3F29966973003F9762 /* videoPreviewImage.png */ = {isa = PBXFileReference; lastKnownFileType = image.png; name = videoPreviewImage.png; path = ../../../videoPreviewImage.png; sourceTree = "<group>"; };
		84510F4029966973003F9762 /* safari */ = {isa = PBXFileReference; lastKnownFileType = folder; name = safari; path = ../..; sourceTree = "<group>"; };
		84510F4129966973003F9762 /* icons */ = {isa = PBXFileReference; lastKnownFileType = folder; name = icons; path = ../../../icons; sourceTree = "<group>"; };
		84510F4229966973003F9762 /* manifest.json */ = {isa = PBXFileReference; lastKnownFileType = text.json; name = manifest.json; path = ../../../manifest.json; sourceTree = "<group>"; };
		84510F4329966973003F9762 /* contentscript.js */ = {isa = PBXFileReference; lastKnownFileType = sourcecode.javascript; name = contentscript.js; path = ../../../contentscript.js; sourceTree = "<group>"; };
		84510F4429966973003F9762 /* promo */ = {isa = PBXFileReference; lastKnownFileType = folder; name = promo; path = ../../../promo; sourceTree = "<group>"; };
		84510F4529966973003F9762 /* ff_manifest.json */ = {isa = PBXFileReference; lastKnownFileType = text.json; name = ff_manifest.json; path = ../../../ff_manifest.json; sourceTree = "<group>"; };
/* End PBXFileReference section */

/* Begin PBXFrameworksBuildPhase section */
		84510EE629966973003F9762 /* Frameworks */ = {
			isa = PBXFrameworksBuildPhase;
			buildActionMask = 2147483647;
			files = (
			);
			runOnlyForDeploymentPostprocessing = 0;
		};
		84510EF829966973003F9762 /* Frameworks */ = {
			isa = PBXFrameworksBuildPhase;
			buildActionMask = 2147483647;
			files = (
			);
			runOnlyForDeploymentPostprocessing = 0;
		};
		84510F0529966973003F9762 /* Frameworks */ = {
			isa = PBXFrameworksBuildPhase;
			buildActionMask = 2147483647;
			files = (
			);
			runOnlyForDeploymentPostprocessing = 0;
		};
		84510F0F29966973003F9762 /* Frameworks */ = {
			isa = PBXFrameworksBuildPhase;
			buildActionMask = 2147483647;
			files = (
			);
			runOnlyForDeploymentPostprocessing = 0;
		};
/* End PBXFrameworksBuildPhase section */

/* Begin PBXGroup section */
		84510ED529966971003F9762 = {
			isa = PBXGroup;
			children = (
				84510EDA29966971003F9762 /* Shared (App) */,
				84510EE329966972003F9762 /* Shared (Extension) */,
				84510EEB29966973003F9762 /* iOS (App) */,
				84510EFC29966973003F9762 /* macOS (App) */,
				84510F0C29966973003F9762 /* iOS (Extension) */,
				84510F1629966973003F9762 /* macOS (Extension) */,
				84510EEA29966973003F9762 /* Products */,
			);
			sourceTree = "<group>";
		};
		84510EDA29966971003F9762 /* Shared (App) */ = {
			isa = PBXGroup;
			children = (
				84510EE129966971003F9762 /* ViewController.swift */,
				84510EE229966972003F9762 /* Assets.xcassets */,
				84510EDB29966971003F9762 /* Resources */,
			);
			path = "Shared (App)";
			sourceTree = "<group>";
		};
		84510EDB29966971003F9762 /* Resources */ = {
			isa = PBXGroup;
			children = (
				84510EDC29966971003F9762 /* Main.html */,
				84510EDE29966971003F9762 /* Icon.png */,
				84510EDF29966971003F9762 /* Style.css */,
				84510EE029966971003F9762 /* Script.js */,
			);
			path = Resources;
			sourceTree = "<group>";
		};
		84510EE329966972003F9762 /* Shared (Extension) */ = {
			isa = PBXGroup;
			children = (
				84510F3729966973003F9762 /* Resources */,
				84510EE429966972003F9762 /* SafariWebExtensionHandler.swift */,
			);
			path = "Shared (Extension)";
			sourceTree = "<group>";
		};
		84510EEA29966973003F9762 /* Products */ = {
			isa = PBXGroup;
			children = (
				84510EE929966973003F9762 /* ZenTube.app */,
				84510EFB29966973003F9762 /* ZenTube.app */,
				84510F0829966973003F9762 /* ZenTube Extension.appex */,
				84510F1229966973003F9762 /* ZenTube Extension.appex */,
			);
			name = Products;
			sourceTree = "<group>";
		};
		84510EEB29966973003F9762 /* iOS (App) */ = {
			isa = PBXGroup;
			children = (
				84510EEC29966973003F9762 /* AppDelegate.swift */,
				84510EEE29966973003F9762 /* SceneDelegate.swift */,
				84510EF029966973003F9762 /* LaunchScreen.storyboard */,
				84510EF329966973003F9762 /* Main.storyboard */,
				84510EF629966973003F9762 /* Info.plist */,
			);
			path = "iOS (App)";
			sourceTree = "<group>";
		};
		84510EFC29966973003F9762 /* macOS (App) */ = {
			isa = PBXGroup;
			children = (
				84510EFD29966973003F9762 /* AppDelegate.swift */,
				84510EFF29966973003F9762 /* Main.storyboard */,
				84510F0229966973003F9762 /* Info.plist */,
				84510F0329966973003F9762 /* ZenTube.entitlements */,
			);
			path = "macOS (App)";
			sourceTree = "<group>";
		};
		84510F0C29966973003F9762 /* iOS (Extension) */ = {
			isa = PBXGroup;
			children = (
				84510F0D29966973003F9762 /* Info.plist */,
			);
			path = "iOS (Extension)";
			sourceTree = "<group>";
		};
		84510F1629966973003F9762 /* macOS (Extension) */ = {
			isa = PBXGroup;
			children = (
				84510F1729966973003F9762 /* Info.plist */,
				84510F1829966973003F9762 /* ZenTube.entitlements */,
			);
			path = "macOS (Extension)";
			sourceTree = "<group>";
		};
		84510F3729966973003F9762 /* Resources */ = {
			isa = PBXGroup;
			children = (
				84510F3829966973003F9762 /* options */,
				84510F3929966973003F9762 /* browser-polyfill.js.map */,
				84510F3A29966973003F9762 /* browser-polyfill.js */,
				84510F3B29966973003F9762 /* LICENSE */,
				84510F3C29966973003F9762 /* background.js */,
				84510F3D29966973003F9762 /* web-ext-artifacts */,
				84510F3E29966973003F9762 /* README.md */,
				84510F3F29966973003F9762 /* videoPreviewImage.png */,
				84510F4029966973003F9762 /* safari */,
				84510F4129966973003F9762 /* icons */,
				84510F4229966973003F9762 /* manifest.json */,
				84510F4329966973003F9762 /* contentscript.js */,
				84510F4429966973003F9762 /* promo */,
				84510F4529966973003F9762 /* ff_manifest.json */,
			);
			name = Resources;
			path = "Shared (Extension)";
			sourceTree = SOURCE_ROOT;
		};
/* End PBXGroup section */

/* Begin PBXNativeTarget section */
		84510EE829966973003F9762 /* ZenTube (iOS) */ = {
			isa = PBXNativeTarget;
			buildConfigurationList = 84510F2D29966973003F9762 /* Build configuration list for PBXNativeTarget "ZenTube (iOS)" */;
			buildPhases = (
				84510EE529966973003F9762 /* Sources */,
				84510EE629966973003F9762 /* Frameworks */,
				84510EE729966973003F9762 /* Resources */,
				84510F2C29966973003F9762 /* Embed Foundation Extensions */,
			);
			buildRules = (
			);
			dependencies = (
				84510F0B29966973003F9762 /* PBXTargetDependency */,
			);
			name = "ZenTube (iOS)";
			productName = "ZenTube (iOS)";
			productReference = 84510EE929966973003F9762 /* ZenTube.app */;
			productType = "com.apple.product-type.application";
		};
		84510EFA29966973003F9762 /* ZenTube (macOS) */ = {
			isa = PBXNativeTarget;
			buildConfigurationList = 84510F3429966973003F9762 /* Build configuration list for PBXNativeTarget "ZenTube (macOS)" */;
			buildPhases = (
				84510EF729966973003F9762 /* Sources */,
				84510EF829966973003F9762 /* Frameworks */,
				84510EF929966973003F9762 /* Resources */,
				84510F3329966973003F9762 /* Embed Foundation Extensions */,
			);
			buildRules = (
			);
			dependencies = (
				84510F1529966973003F9762 /* PBXTargetDependency */,
			);
			name = "ZenTube (macOS)";
			productName = "ZenTube (macOS)";
			productReference = 84510EFB29966973003F9762 /* ZenTube.app */;
			productType = "com.apple.product-type.application";
		};
		84510F0729966973003F9762 /* ZenTube Extension (iOS) */ = {
			isa = PBXNativeTarget;
			buildConfigurationList = 84510F2929966973003F9762 /* Build configuration list for PBXNativeTarget "ZenTube Extension (iOS)" */;
			buildPhases = (
				84510F0429966973003F9762 /* Sources */,
				84510F0529966973003F9762 /* Frameworks */,
				84510F0629966973003F9762 /* Resources */,
			);
			buildRules = (
			);
			dependencies = (
			);
			name = "ZenTube Extension (iOS)";
			productName = "ZenTube Extension (iOS)";
			productReference = 84510F0829966973003F9762 /* ZenTube Extension.appex */;
			productType = "com.apple.product-type.app-extension";
		};
		84510F1129966973003F9762 /* ZenTube Extension (macOS) */ = {
			isa = PBXNativeTarget;
			buildConfigurationList = 84510F3029966973003F9762 /* Build configuration list for PBXNativeTarget "ZenTube Extension (macOS)" */;
			buildPhases = (
				84510F0E29966973003F9762 /* Sources */,
				84510F0F29966973003F9762 /* Frameworks */,
				84510F1029966973003F9762 /* Resources */,
			);
			buildRules = (
			);
			dependencies = (
			);
			name = "ZenTube Extension (macOS)";
			productName = "ZenTube Extension (macOS)";
			productReference = 84510F1229966973003F9762 /* ZenTube Extension.appex */;
			productType = "com.apple.product-type.app-extension";
		};
/* End PBXNativeTarget section */

/* Begin PBXProject section */
		84510ED629966971003F9762 /* Project object */ = {
			isa = PBXProject;
			attributes = {
				BuildIndependentTargetsInParallel = 1;
				LastSwiftUpdateCheck = 1420;
				LastUpgradeCheck = 1420;
				TargetAttributes = {
					84510EE829966973003F9762 = {
						CreatedOnToolsVersion = 14.2;
					};
					84510EFA29966973003F9762 = {
						CreatedOnToolsVersion = 14.2;
					};
					84510F0729966973003F9762 = {
						CreatedOnToolsVersion = 14.2;
					};
					84510F1129966973003F9762 = {
						CreatedOnToolsVersion = 14.2;
					};
				};
			};
			buildConfigurationList = 84510ED929966971003F9762 /* Build configuration list for PBXProject "ZenTube" */;
			compatibilityVersion = "Xcode 14.0";
			developmentRegion = en;
			hasScannedForEncodings = 0;
			knownRegions = (
				en,
				Base,
			);
			mainGroup = 84510ED529966971003F9762;
			productRefGroup = 84510EEA29966973003F9762 /* Products */;
			projectDirPath = "";
			projectRoot = "";
			targets = (
				84510EE829966973003F9762 /* ZenTube (iOS) */,
				84510EFA29966973003F9762 /* ZenTube (macOS) */,
				84510F0729966973003F9762 /* ZenTube Extension (iOS) */,
				84510F1129966973003F9762 /* ZenTube Extension (macOS) */,
			);
		};
/* End PBXProject section */

/* Begin PBXResourcesBuildPhase section */
		84510EE729966973003F9762 /* Resources */ = {
			isa = PBXResourcesBuildPhase;
			buildActionMask = 2147483647;
			files = (
				84510F1B29966973003F9762 /* Icon.png in Resources */,
				84510EF229966973003F9762 /* LaunchScreen.storyboard in Resources */,
				84510F1929966973003F9762 /* Main.html in Resources */,
				84510F1F29966973003F9762 /* Script.js in Resources */,
				84510F2329966973003F9762 /* Assets.xcassets in Resources */,
				84510EF529966973003F9762 /* Main.storyboard in Resources */,
				84510F1D29966973003F9762 /* Style.css in Resources */,
			);
			runOnlyForDeploymentPostprocessing = 0;
		};
		84510EF929966973003F9762 /* Resources */ = {
			isa = PBXResourcesBuildPhase;
			buildActionMask = 2147483647;
			files = (
				84510F1C29966973003F9762 /* Icon.png in Resources */,
				84510F1E29966973003F9762 /* Style.css in Resources */,
				84510F0129966973003F9762 /* Main.storyboard in Resources */,
				84510F2029966973003F9762 /* Script.js in Resources */,
				84510F2429966973003F9762 /* Assets.xcassets in Resources */,
				84510F1A29966973003F9762 /* Main.html in Resources */,
			);
			runOnlyForDeploymentPostprocessing = 0;
		};
		84510F0629966973003F9762 /* Resources */ = {
			isa = PBXResourcesBuildPhase;
			buildActionMask = 2147483647;
			files = (
				84510F5829966973003F9762 /* README.md in Resources */,
				84510F5629966973003F9762 /* background.js in Resources */,
				84510F5C29966973003F9762 /* manifest.json in Resources */,
				84510F5529966973003F9762 /* LICENSE in Resources */,
				84510F5F29966973003F9762 /* ff_manifest.json in Resources */,
				84510F5B29966973003F9762 /* icons in Resources */,
				84510F5429966973003F9762 /* browser-polyfill.js in Resources */,
				84510F5E29966973003F9762 /* promo in Resources */,
				84510F5A29966973003F9762 /* safari in Resources */,
				84510F5329966973003F9762 /* options in Resources */,
				84510F5D29966973003F9762 /* contentscript.js in Resources */,
				84510F5929966973003F9762 /* videoPreviewImage.png in Resources */,
				84510F5729966973003F9762 /* web-ext-artifacts in Resources */,
			);
			runOnlyForDeploymentPostprocessing = 0;
		};
		84510F1029966973003F9762 /* Resources */ = {
			isa = PBXResourcesBuildPhase;
			buildActionMask = 2147483647;
			files = (
				84510F4B29966973003F9762 /* README.md in Resources */,
				84510F4929966973003F9762 /* background.js in Resources */,
				84510F4F29966973003F9762 /* manifest.json in Resources */,
				84510F4829966973003F9762 /* LICENSE in Resources */,
				84510F5229966973003F9762 /* ff_manifest.json in Resources */,
				84510F4E29966973003F9762 /* icons in Resources */,
				84510F4729966973003F9762 /* browser-polyfill.js in Resources */,
				84510F5129966973003F9762 /* promo in Resources */,
				84510F4D29966973003F9762 /* safari in Resources */,
				84510F4629966973003F9762 /* options in Resources */,
				84510F5029966973003F9762 /* contentscript.js in Resources */,
				84510F4C29966973003F9762 /* videoPreviewImage.png in Resources */,
				84510F4A29966973003F9762 /* web-ext-artifacts in Resources */,
			);
			runOnlyForDeploymentPostprocessing = 0;
		};
/* End PBXResourcesBuildPhase section */

/* Begin PBXSourcesBuildPhase section */
		84510EE529966973003F9762 /* Sources */ = {
			isa = PBXSourcesBuildPhase;
			buildActionMask = 2147483647;
			files = (
				84510F2129966973003F9762 /* ViewController.swift in Sources */,
				84510EED29966973003F9762 /* AppDelegate.swift in Sources */,
				84510EEF29966973003F9762 /* SceneDelegate.swift in Sources */,
			);
			runOnlyForDeploymentPostprocessing = 0;
		};
		84510EF729966973003F9762 /* Sources */ = {
			isa = PBXSourcesBuildPhase;
			buildActionMask = 2147483647;
			files = (
				84510F2229966973003F9762 /* ViewController.swift in Sources */,
				84510EFE29966973003F9762 /* AppDelegate.swift in Sources */,
			);
			runOnlyForDeploymentPostprocessing = 0;
		};
		84510F0429966973003F9762 /* Sources */ = {
			isa = PBXSourcesBuildPhase;
			buildActionMask = 2147483647;
			files = (
				84510F2529966973003F9762 /* SafariWebExtensionHandler.swift in Sources */,
			);
			runOnlyForDeploymentPostprocessing = 0;
		};
		84510F0E29966973003F9762 /* Sources */ = {
			isa = PBXSourcesBuildPhase;
			buildActionMask = 2147483647;
			files = (
				84510F2629966973003F9762 /* SafariWebExtensionHandler.swift in Sources */,
			);
			runOnlyForDeploymentPostprocessing = 0;
		};
/* End PBXSourcesBuildPhase section */

/* Begin PBXTargetDependency section */
		84510F0B29966973003F9762 /* PBXTargetDependency */ = {
			isa = PBXTargetDependency;
			target = 84510F0729966973003F9762 /* ZenTube Extension (iOS) */;
			targetProxy = 84510F0A29966973003F9762 /* PBXContainerItemProxy */;
		};
		84510F1529966973003F9762 /* PBXTargetDependency */ = {
			isa = PBXTargetDependency;
			target = 84510F1129966973003F9762 /* ZenTube Extension (macOS) */;
			targetProxy = 84510F1429966973003F9762 /* PBXContainerItemProxy */;
		};
/* End PBXTargetDependency section */

/* Begin PBXVariantGroup section */
		84510EDC29966971003F9762 /* Main.html */ = {
			isa = PBXVariantGroup;
			children = (
				84510EDD29966971003F9762 /* Base */,
			);
			name = Main.html;
			sourceTree = "<group>";
		};
		84510EF029966973003F9762 /* LaunchScreen.storyboard */ = {
			isa = PBXVariantGroup;
			children = (
				84510EF129966973003F9762 /* Base */,
			);
			name = LaunchScreen.storyboard;
			sourceTree = "<group>";
		};
		84510EF329966973003F9762 /* Main.storyboard */ = {
			isa = PBXVariantGroup;
			children = (
				84510EF429966973003F9762 /* Base */,
			);
			name = Main.storyboard;
			sourceTree = "<group>";
		};
		84510EFF29966973003F9762 /* Main.storyboard */ = {
			isa = PBXVariantGroup;
			children = (
				84510F0029966973003F9762 /* Base */,
			);
			name = Main.storyboard;
			sourceTree = "<group>";
		};
/* End PBXVariantGroup section */

/* Begin XCBuildConfiguration section */
		84510F2729966973003F9762 /* Debug */ = {
			isa = XCBuildConfiguration;
			buildSettings = {
				ALWAYS_SEARCH_USER_PATHS = NO;
				CLANG_ANALYZER_NONNULL = YES;
				CLANG_ANALYZER_NUMBER_OBJECT_CONVERSION = YES_AGGRESSIVE;
				CLANG_CXX_LANGUAGE_STANDARD = "gnu++20";
				CLANG_ENABLE_MODULES = YES;
				CLANG_ENABLE_OBJC_ARC = YES;
				CLANG_ENABLE_OBJC_WEAK = YES;
				CLANG_WARN_BLOCK_CAPTURE_AUTORELEASING = YES;
				CLANG_WARN_BOOL_CONVERSION = YES;
				CLANG_WARN_COMMA = YES;
				CLANG_WARN_CONSTANT_CONVERSION = YES;
				CLANG_WARN_DEPRECATED_OBJC_IMPLEMENTATIONS = YES;
				CLANG_WARN_DIRECT_OBJC_ISA_USAGE = YES_ERROR;
				CLANG_WARN_DOCUMENTATION_COMMENTS = YES;
				CLANG_WARN_EMPTY_BODY = YES;
				CLANG_WARN_ENUM_CONVERSION = YES;
				CLANG_WARN_INFINITE_RECURSION = YES;
				CLANG_WARN_INT_CONVERSION = YES;
				CLANG_WARN_NON_LITERAL_NULL_CONVERSION = YES;
				CLANG_WARN_OBJC_IMPLICIT_RETAIN_SELF = YES;
				CLANG_WARN_OBJC_LITERAL_CONVERSION = YES;
				CLANG_WARN_OBJC_ROOT_CLASS = YES_ERROR;
				CLANG_WARN_QUOTED_INCLUDE_IN_FRAMEWORK_HEADER = YES;
				CLANG_WARN_RANGE_LOOP_ANALYSIS = YES;
				CLANG_WARN_STRICT_PROTOTYPES = YES;
				CLANG_WARN_SUSPICIOUS_MOVE = YES;
				CLANG_WARN_UNGUARDED_AVAILABILITY = YES_AGGRESSIVE;
				CLANG_WARN_UNREACHABLE_CODE = YES;
				CLANG_WARN__DUPLICATE_METHOD_MATCH = YES;
				COPY_PHASE_STRIP = NO;
				DEBUG_INFORMATION_FORMAT = dwarf;
				ENABLE_STRICT_OBJC_MSGSEND = YES;
				ENABLE_TESTABILITY = YES;
				GCC_C_LANGUAGE_STANDARD = gnu11;
				GCC_DYNAMIC_NO_PIC = NO;
				GCC_NO_COMMON_BLOCKS = YES;
				GCC_OPTIMIZATION_LEVEL = 0;
				GCC_PREPROCESSOR_DEFINITIONS = (
					"DEBUG=1",
					"$(inherited)",
				);
				GCC_WARN_64_TO_32_BIT_CONVERSION = YES;
				GCC_WARN_ABOUT_RETURN_TYPE = YES_ERROR;
				GCC_WARN_UNDECLARED_SELECTOR = YES;
				GCC_WARN_UNINITIALIZED_AUTOS = YES_AGGRESSIVE;
				GCC_WARN_UNUSED_FUNCTION = YES;
				GCC_WARN_UNUSED_VARIABLE = YES;
				MTL_ENABLE_DEBUG_INFO = INCLUDE_SOURCE;
				MTL_FAST_MATH = YES;
				ONLY_ACTIVE_ARCH = YES;
				SWIFT_ACTIVE_COMPILATION_CONDITIONS = DEBUG;
				SWIFT_OPTIMIZATION_LEVEL = "-Onone";
			};
			name = Debug;
		};
		84510F2829966973003F9762 /* Release */ = {
			isa = XCBuildConfiguration;
			buildSettings = {
				ALWAYS_SEARCH_USER_PATHS = NO;
				CLANG_ANALYZER_NONNULL = YES;
				CLANG_ANALYZER_NUMBER_OBJECT_CONVERSION = YES_AGGRESSIVE;
				CLANG_CXX_LANGUAGE_STANDARD = "gnu++20";
				CLANG_ENABLE_MODULES = YES;
				CLANG_ENABLE_OBJC_ARC = YES;
				CLANG_ENABLE_OBJC_WEAK = YES;
				CLANG_WARN_BLOCK_CAPTURE_AUTORELEASING = YES;
				CLANG_WARN_BOOL_CONVERSION = YES;
				CLANG_WARN_COMMA = YES;
				CLANG_WARN_CONSTANT_CONVERSION = YES;
				CLANG_WARN_DEPRECATED_OBJC_IMPLEMENTATIONS = YES;
				CLANG_WARN_DIRECT_OBJC_ISA_USAGE = YES_ERROR;
				CLANG_WARN_DOCUMENTATION_COMMENTS = YES;
				CLANG_WARN_EMPTY_BODY = YES;
				CLANG_WARN_ENUM_CONVERSION = YES;
				CLANG_WARN_INFINITE_RECURSION = YES;
				CLANG_WARN_INT_CONVERSION = YES;
				CLANG_WARN_NON_LITERAL_NULL_CONVERSION = YES;
				CLANG_WARN_OBJC_IMPLICIT_RETAIN_SELF = YES;
				CLANG_WARN_OBJC_LITERAL_CONVERSION = YES;
				CLANG_WARN_OBJC_ROOT_CLASS = YES_ERROR;
				CLANG_WARN_QUOTED_INCLUDE_IN_FRAMEWORK_HEADER = YES;
				CLANG_WARN_RANGE_LOOP_ANALYSIS = YES;
				CLANG_WARN_STRICT_PROTOTYPES = YES;
				CLANG_WARN_SUSPICIOUS_MOVE = YES;
				CLANG_WARN_UNGUARDED_AVAILABILITY = YES_AGGRESSIVE;
				CLANG_WARN_UNREACHABLE_CODE = YES;
				CLANG_WARN__DUPLICATE_METHOD_MATCH = YES;
				COPY_PHASE_STRIP = NO;
				DEBUG_INFORMATION_FORMAT = "dwarf-with-dsym";
				ENABLE_NS_ASSERTIONS = NO;
				ENABLE_STRICT_OBJC_MSGSEND = YES;
				GCC_C_LANGUAGE_STANDARD = gnu11;
				GCC_NO_COMMON_BLOCKS = YES;
				GCC_WARN_64_TO_32_BIT_CONVERSION = YES;
				GCC_WARN_ABOUT_RETURN_TYPE = YES_ERROR;
				GCC_WARN_UNDECLARED_SELECTOR = YES;
				GCC_WARN_UNINITIALIZED_AUTOS = YES_AGGRESSIVE;
				GCC_WARN_UNUSED_FUNCTION = YES;
				GCC_WARN_UNUSED_VARIABLE = YES;
				MTL_ENABLE_DEBUG_INFO = NO;
				MTL_FAST_MATH = YES;
				SWIFT_COMPILATION_MODE = wholemodule;
				SWIFT_OPTIMIZATION_LEVEL = "-O";
			};
			name = Release;
		};
		84510F2A29966973003F9762 /* Debug */ = {
			isa = XCBuildConfiguration;
			buildSettings = {
				CODE_SIGN_STYLE = Automatic;
				CURRENT_PROJECT_VERSION = 1;
				GENERATE_INFOPLIST_FILE = YES;
				INFOPLIST_FILE = "iOS (Extension)/Info.plist";
				INFOPLIST_KEY_CFBundleDisplayName = "ZenTube Extension";
				INFOPLIST_KEY_NSHumanReadableCopyright = "";
				IPHONEOS_DEPLOYMENT_TARGET = 15.0;
				LD_RUNPATH_SEARCH_PATHS = (
					"$(inherited)",
					"@executable_path/Frameworks",
					"@executable_path/../../Frameworks",
				);
				MARKETING_VERSION = 1.0;
				OTHER_LDFLAGS = (
					"-framework",
					SafariServices,
				);
				PRODUCT_BUNDLE_IDENTIFIER = in.evenzero.ZenTube.Extension;
				PRODUCT_NAME = "ZenTube Extension";
				SDKROOT = iphoneos;
				SKIP_INSTALL = YES;
				SWIFT_EMIT_LOC_STRINGS = YES;
				SWIFT_VERSION = 5.0;
				TARGETED_DEVICE_FAMILY = "1,2";
			};
			name = Debug;
		};
		84510F2B29966973003F9762 /* Release */ = {
			isa = XCBuildConfiguration;
			buildSettings = {
				CODE_SIGN_STYLE = Automatic;
				CURRENT_PROJECT_VERSION = 1;
				GENERATE_INFOPLIST_FILE = YES;
				INFOPLIST_FILE = "iOS (Extension)/Info.plist";
				INFOPLIST_KEY_CFBundleDisplayName = "ZenTube Extension";
				INFOPLIST_KEY_NSHumanReadableCopyright = "";
				IPHONEOS_DEPLOYMENT_TARGET = 15.0;
				LD_RUNPATH_SEARCH_PATHS = (
					"$(inherited)",
					"@executable_path/Frameworks",
					"@executable_path/../../Frameworks",
				);
				MARKETING_VERSION = 1.0;
				OTHER_LDFLAGS = (
					"-framework",
					SafariServices,
				);
				PRODUCT_BUNDLE_IDENTIFIER = in.evenzero.ZenTube.Extension;
				PRODUCT_NAME = "ZenTube Extension";
				SDKROOT = iphoneos;
				SKIP_INSTALL = YES;
				SWIFT_EMIT_LOC_STRINGS = YES;
				SWIFT_VERSION = 5.0;
				TARGETED_DEVICE_FAMILY = "1,2";
				VALIDATE_PRODUCT = YES;
			};
			name = Release;
		};
		84510F2E29966973003F9762 /* Debug */ = {
			isa = XCBuildConfiguration;
			buildSettings = {
				ALWAYS_EMBED_SWIFT_STANDARD_LIBRARIES = YES;
				ASSETCATALOG_COMPILER_APPICON_NAME = AppIcon;
				ASSETCATALOG_COMPILER_GLOBAL_ACCENT_COLOR_NAME = AccentColor;
				CODE_SIGN_STYLE = Automatic;
				CURRENT_PROJECT_VERSION = 1;
				GENERATE_INFOPLIST_FILE = YES;
				INFOPLIST_FILE = "iOS (App)/Info.plist";
				INFOPLIST_KEY_CFBundleDisplayName = ZenTube;
				INFOPLIST_KEY_UIApplicationSupportsIndirectInputEvents = YES;
				INFOPLIST_KEY_UILaunchStoryboardName = LaunchScreen;
				INFOPLIST_KEY_UIMainStoryboardFile = Main;
				INFOPLIST_KEY_UISupportedInterfaceOrientations = "UIInterfaceOrientationPortrait UIInterfaceOrientationLandscapeLeft UIInterfaceOrientationLandscapeRight";
				INFOPLIST_KEY_UISupportedInterfaceOrientations_iPad = "UIInterfaceOrientationPortrait UIInterfaceOrientationPortraitUpsideDown UIInterfaceOrientationLandscapeLeft UIInterfaceOrientationLandscapeRight";
				IPHONEOS_DEPLOYMENT_TARGET = 15.0;
				LD_RUNPATH_SEARCH_PATHS = (
					"$(inherited)",
					"@executable_path/Frameworks",
				);
				MARKETING_VERSION = 1.0;
				OTHER_LDFLAGS = (
					"-framework",
					SafariServices,
					"-framework",
					WebKit,
				);
				PRODUCT_BUNDLE_IDENTIFIER = in.evenzero.ZenTube;
				PRODUCT_NAME = ZenTube;
				SDKROOT = iphoneos;
				SWIFT_EMIT_LOC_STRINGS = YES;
				SWIFT_VERSION = 5.0;
				TARGETED_DEVICE_FAMILY = "1,2";
			};
			name = Debug;
		};
		84510F2F29966973003F9762 /* Release */ = {
			isa = XCBuildConfiguration;
			buildSettings = {
				ALWAYS_EMBED_SWIFT_STANDARD_LIBRARIES = YES;
				ASSETCATALOG_COMPILER_APPICON_NAME = AppIcon;
				ASSETCATALOG_COMPILER_GLOBAL_ACCENT_COLOR_NAME = AccentColor;
				CODE_SIGN_STYLE = Automatic;
				CURRENT_PROJECT_VERSION = 1;
				GENERATE_INFOPLIST_FILE = YES;
				INFOPLIST_FILE = "iOS (App)/Info.plist";
				INFOPLIST_KEY_CFBundleDisplayName = ZenTube;
				INFOPLIST_KEY_UIApplicationSupportsIndirectInputEvents = YES;
				INFOPLIST_KEY_UILaunchStoryboardName = LaunchScreen;
				INFOPLIST_KEY_UIMainStoryboardFile = Main;
				INFOPLIST_KEY_UISupportedInterfaceOrientations = "UIInterfaceOrientationPortrait UIInterfaceOrientationLandscapeLeft UIInterfaceOrientationLandscapeRight";
				INFOPLIST_KEY_UISupportedInterfaceOrientations_iPad = "UIInterfaceOrientationPortrait UIInterfaceOrientationPortraitUpsideDown UIInterfaceOrientationLandscapeLeft UIInterfaceOrientationLandscapeRight";
				IPHONEOS_DEPLOYMENT_TARGET = 15.0;
				LD_RUNPATH_SEARCH_PATHS = (
					"$(inherited)",
					"@executable_path/Frameworks",
				);
				MARKETING_VERSION = 1.0;
				OTHER_LDFLAGS = (
					"-framework",
					SafariServices,
					"-framework",
					WebKit,
				);
				PRODUCT_BUNDLE_IDENTIFIER = in.evenzero.ZenTube;
				PRODUCT_NAME = ZenTube;
				SDKROOT = iphoneos;
				SWIFT_EMIT_LOC_STRINGS = YES;
				SWIFT_VERSION = 5.0;
				TARGETED_DEVICE_FAMILY = "1,2";
				VALIDATE_PRODUCT = YES;
			};
			name = Release;
		};
		84510F3129966973003F9762 /* Debug */ = {
			isa = XCBuildConfiguration;
			buildSettings = {
				CODE_SIGN_ENTITLEMENTS = "macOS (Extension)/ZenTube.entitlements";
				CODE_SIGN_STYLE = Automatic;
				CURRENT_PROJECT_VERSION = 1;
				ENABLE_HARDENED_RUNTIME = YES;
				GENERATE_INFOPLIST_FILE = YES;
				INFOPLIST_FILE = "macOS (Extension)/Info.plist";
				INFOPLIST_KEY_CFBundleDisplayName = "ZenTube Extension";
				INFOPLIST_KEY_NSHumanReadableCopyright = "";
				LD_RUNPATH_SEARCH_PATHS = (
					"$(inherited)",
					"@executable_path/../Frameworks",
					"@executable_path/../../../../Frameworks",
				);
				MACOSX_DEPLOYMENT_TARGET = 10.14;
				MARKETING_VERSION = 1.0;
				OTHER_LDFLAGS = (
					"-framework",
					SafariServices,
				);
				PRODUCT_BUNDLE_IDENTIFIER = in.evenzero.ZenTube.Extension;
				PRODUCT_NAME = "ZenTube Extension";
				SDKROOT = macosx;
				SKIP_INSTALL = YES;
				SWIFT_EMIT_LOC_STRINGS = YES;
				SWIFT_VERSION = 5.0;
			};
			name = Debug;
		};
		84510F3229966973003F9762 /* Release */ = {
			isa = XCBuildConfiguration;
			buildSettings = {
				CODE_SIGN_ENTITLEMENTS = "macOS (Extension)/ZenTube.entitlements";
				CODE_SIGN_STYLE = Automatic;
				CURRENT_PROJECT_VERSION = 1;
				ENABLE_HARDENED_RUNTIME = YES;
				GENERATE_INFOPLIST_FILE = YES;
				INFOPLIST_FILE = "macOS (Extension)/Info.plist";
				INFOPLIST_KEY_CFBundleDisplayName = "ZenTube Extension";
				INFOPLIST_KEY_NSHumanReadableCopyright = "";
				LD_RUNPATH_SEARCH_PATHS = (
					"$(inherited)",
					"@executable_path/../Frameworks",
					"@executable_path/../../../../Frameworks",
				);
				MACOSX_DEPLOYMENT_TARGET = 10.14;
				MARKETING_VERSION = 1.0;
				OTHER_LDFLAGS = (
					"-framework",
					SafariServices,
				);
				PRODUCT_BUNDLE_IDENTIFIER = in.evenzero.ZenTube.Extension;
				PRODUCT_NAME = "ZenTube Extension";
				SDKROOT = macosx;
				SKIP_INSTALL = YES;
				SWIFT_EMIT_LOC_STRINGS = YES;
				SWIFT_VERSION = 5.0;
			};
			name = Release;
		};
		84510F3529966973003F9762 /* Debug */ = {
			isa = XCBuildConfiguration;
			buildSettings = {
				ALWAYS_EMBED_SWIFT_STANDARD_LIBRARIES = YES;
				ASSETCATALOG_COMPILER_APPICON_NAME = AppIcon;
				ASSETCATALOG_COMPILER_GLOBAL_ACCENT_COLOR_NAME = AccentColor;
				CODE_SIGN_ENTITLEMENTS = "macOS (App)/ZenTube.entitlements";
				CODE_SIGN_STYLE = Automatic;
				CURRENT_PROJECT_VERSION = 1;
				ENABLE_HARDENED_RUNTIME = YES;
				GENERATE_INFOPLIST_FILE = YES;
				INFOPLIST_FILE = "macOS (App)/Info.plist";
				INFOPLIST_KEY_CFBundleDisplayName = ZenTube;
				INFOPLIST_KEY_NSMainStoryboardFile = Main;
				INFOPLIST_KEY_NSPrincipalClass = NSApplication;
				LD_RUNPATH_SEARCH_PATHS = (
					"$(inherited)",
					"@executable_path/../Frameworks",
				);
				MACOSX_DEPLOYMENT_TARGET = 10.14;
				MARKETING_VERSION = 1.0;
				OTHER_LDFLAGS = (
					"-framework",
					SafariServices,
					"-framework",
					WebKit,
				);
				PRODUCT_BUNDLE_IDENTIFIER = in.evenzero.ZenTube;
				PRODUCT_NAME = ZenTube;
				SDKROOT = macosx;
				SWIFT_EMIT_LOC_STRINGS = YES;
				SWIFT_VERSION = 5.0;
			};
			name = Debug;
		};
		84510F3629966973003F9762 /* Release */ = {
			isa = XCBuildConfiguration;
			buildSettings = {
				ALWAYS_EMBED_SWIFT_STANDARD_LIBRARIES = YES;
				ASSETCATALOG_COMPILER_APPICON_NAME = AppIcon;
				ASSETCATALOG_COMPILER_GLOBAL_ACCENT_COLOR_NAME = AccentColor;
				CODE_SIGN_ENTITLEMENTS = "macOS (App)/ZenTube.entitlements";
				CODE_SIGN_STYLE = Automatic;
				CURRENT_PROJECT_VERSION = 1;
				ENABLE_HARDENED_RUNTIME = YES;
				GENERATE_INFOPLIST_FILE = YES;
				INFOPLIST_FILE = "macOS (App)/Info.plist";
				INFOPLIST_KEY_CFBundleDisplayName = ZenTube;
				INFOPLIST_KEY_NSMainStoryboardFile = Main;
				INFOPLIST_KEY_NSPrincipalClass = NSApplication;
				LD_RUNPATH_SEARCH_PATHS = (
					"$(inherited)",
					"@executable_path/../Frameworks",
				);
				MACOSX_DEPLOYMENT_TARGET = 10.14;
				MARKETING_VERSION = 1.0;
				OTHER_LDFLAGS = (
					"-framework",
					SafariServices,
					"-framework",
					WebKit,
				);
				PRODUCT_BUNDLE_IDENTIFIER = in.evenzero.ZenTube;
				PRODUCT_NAME = ZenTube;
				SDKROOT = macosx;
				SWIFT_EMIT_LOC_STRINGS = YES;
				SWIFT_VERSION = 5.0;
			};
			name = Release;
		};
/* End XCBuildConfiguration section */

/* Begin XCConfigurationList section */
		84510ED929966971003F9762 /* Build configuration list for PBXProject "ZenTube" */ = {
			isa = XCConfigurationList;
			buildConfigurations = (
				84510F2729966973003F9762 /* Debug */,
				84510F2829966973003F9762 /* Release */,
			);
			defaultConfigurationIsVisible = 0;
			defaultConfigurationName = Release;
		};
		84510F2929966973003F9762 /* Build configuration list for PBXNativeTarget "ZenTube Extension (iOS)" */ = {
			isa = XCConfigurationList;
			buildConfigurations = (
				84510F2A29966973003F9762 /* Debug */,
				84510F2B29966973003F9762 /* Release */,
			);
			defaultConfigurationIsVisible = 0;
			defaultConfigurationName = Release;
		};
		84510F2D29966973003F9762 /* Build configuration list for PBXNativeTarget "ZenTube (iOS)" */ = {
			isa = XCConfigurationList;
			buildConfigurations = (
				84510F2E29966973003F9762 /* Debug */,
				84510F2F29966973003F9762 /* Release */,
			);
			defaultConfigurationIsVisible = 0;
			defaultConfigurationName = Release;
		};
		84510F3029966973003F9762 /* Build configuration list for PBXNativeTarget "ZenTube Extension (macOS)" */ = {
			isa = XCConfigurationList;
			buildConfigurations = (
				84510F3129966973003F9762 /* Debug */,
				84510F3229966973003F9762 /* Release */,
			);
			defaultConfigurationIsVisible = 0;
			defaultConfigurationName = Release;
		};
		84510F3429966973003F9762 /* Build configuration list for PBXNativeTarget "ZenTube (macOS)" */ = {
			isa = XCConfigurationList;
			buildConfigurations = (
				84510F3529966973003F9762 /* Debug */,
				84510F3629966973003F9762 /* Release */,
			);
			defaultConfigurationIsVisible = 0;
			defaultConfigurationName = Release;
		};
/* End XCConfigurationList section */
	};
	rootObject = 84510ED629966971003F9762 /* Project object */;
}
