// !$*UTF8*$!
{
	archiveVersion = 1;
	classes = {
	};
	objectVersion = 56;
	objects = {

/* Begin PBXBuildFile section */
		8460E00828F14D690052D904 /* SceneDelegate.swift in Sources */ = {isa = PBXBuildFile; fileRef = 84FBC41C28F14CED0032ED62 /* SceneDelegate.swift */; };
		8460E00928F14D6C0052D904 /* SceneDelegate.swift in Sources */ = {isa = PBXBuildFile; fileRef = 84FBC41C28F14CED0032ED62 /* SceneDelegate.swift */; };
		8460E00A28F14D6C0052D904 /* SceneDelegate.swift in Sources */ = {isa = PBXBuildFile; fileRef = 84FBC41C28F14CED0032ED62 /* SceneDelegate.swift */; };
		84FBC41B28F14CED0032ED62 /* AppDelegate.swift in Sources */ = {isa = PBXBuildFile; fileRef = 84FBC41A28F14CED0032ED62 /* AppDelegate.swift */; };
		84FBC41D28F14CED0032ED62 /* SceneDelegate.swift in Sources */ = {isa = PBXBuildFile; fileRef = 84FBC41C28F14CED0032ED62 /* SceneDelegate.swift */; };
		84FBC42028F14CED0032ED62 /* LaunchScreen.storyboard in Resources */ = {isa = PBXBuildFile; fileRef = 84FBC41E28F14CED0032ED62 /* LaunchScreen.storyboard */; };
		84FBC42328F14CED0032ED62 /* Main.storyboard in Resources */ = {isa = PBXBuildFile; fileRef = 84FBC42128F14CED0032ED62 /* Main.storyboard */; };
		84FBC42C28F14CED0032ED62 /* AppDelegate.swift in Sources */ = {isa = PBXBuildFile; fileRef = 84FBC42B28F14CED0032ED62 /* AppDelegate.swift */; };
		84FBC42F28F14CED0032ED62 /* Main.storyboard in Resources */ = {isa = PBXBuildFile; fileRef = 84FBC42D28F14CED0032ED62 /* Main.storyboard */; };
		84FBC43728F14CED0032ED62 /* ZenTube Extension.appex in Embed Foundation Extensions */ = {isa = PBXBuildFile; fileRef = 84FBC43628F14CED0032ED62 /* ZenTube Extension.appex */; settings = {ATTRIBUTES = (RemoveHeadersOnCopy, ); }; };
		84FBC44128F14CED0032ED62 /* ZenTube Extension.appex in Embed Foundation Extensions */ = {isa = PBXBuildFile; fileRef = 84FBC44028F14CED0032ED62 /* ZenTube Extension.appex */; settings = {ATTRIBUTES = (RemoveHeadersOnCopy, ); }; };
		84FBC44728F14CED0032ED62 /* Main.html in Resources */ = {isa = PBXBuildFile; fileRef = 84FBC40A28F14CEB0032ED62 /* Main.html */; };
		84FBC44828F14CED0032ED62 /* Main.html in Resources */ = {isa = PBXBuildFile; fileRef = 84FBC40A28F14CEB0032ED62 /* Main.html */; };
		84FBC44928F14CED0032ED62 /* Icon.png in Resources */ = {isa = PBXBuildFile; fileRef = 84FBC40C28F14CEB0032ED62 /* Icon.png */; };
		84FBC44A28F14CED0032ED62 /* Icon.png in Resources */ = {isa = PBXBuildFile; fileRef = 84FBC40C28F14CEB0032ED62 /* Icon.png */; };
		84FBC44B28F14CED0032ED62 /* Style.css in Resources */ = {isa = PBXBuildFile; fileRef = 84FBC40D28F14CEB0032ED62 /* Style.css */; };
		84FBC44C28F14CED0032ED62 /* Style.css in Resources */ = {isa = PBXBuildFile; fileRef = 84FBC40D28F14CEB0032ED62 /* Style.css */; };
		84FBC44D28F14CED0032ED62 /* Script.js in Resources */ = {isa = PBXBuildFile; fileRef = 84FBC40E28F14CEB0032ED62 /* Script.js */; };
		84FBC44E28F14CED0032ED62 /* Script.js in Resources */ = {isa = PBXBuildFile; fileRef = 84FBC40E28F14CEB0032ED62 /* Script.js */; };
		84FBC44F28F14CED0032ED62 /* ViewController.swift in Sources */ = {isa = PBXBuildFile; fileRef = 84FBC40F28F14CEB0032ED62 /* ViewController.swift */; };
		84FBC45028F14CED0032ED62 /* ViewController.swift in Sources */ = {isa = PBXBuildFile; fileRef = 84FBC40F28F14CEB0032ED62 /* ViewController.swift */; };
		84FBC45128F14CED0032ED62 /* Assets.xcassets in Resources */ = {isa = PBXBuildFile; fileRef = 84FBC41028F14CED0032ED62 /* Assets.xcassets */; };
		84FBC45228F14CED0032ED62 /* Assets.xcassets in Resources */ = {isa = PBXBuildFile; fileRef = 84FBC41028F14CED0032ED62 /* Assets.xcassets */; };
		84FBC45328F14CED0032ED62 /* SafariWebExtensionHandler.swift in Sources */ = {isa = PBXBuildFile; fileRef = 84FBC41228F14CED0032ED62 /* SafariWebExtensionHandler.swift */; };
		84FBC45428F14CED0032ED62 /* SafariWebExtensionHandler.swift in Sources */ = {isa = PBXBuildFile; fileRef = 84FBC41228F14CED0032ED62 /* SafariWebExtensionHandler.swift */; };
		84FBC46F28F14CEE0032ED62 /* Shared (App) in Resources */ = {isa = PBXBuildFile; fileRef = 84FBC46628F14CEE0032ED62 /* Shared (App) */; };
		84FBC47028F14CEE0032ED62 /* iOS (App) in Resources */ = {isa = PBXBuildFile; fileRef = 84FBC46728F14CEE0032ED62 /* iOS (App) */; };
		84FBC47128F14CEE0032ED62 /* macOS (App) in Resources */ = {isa = PBXBuildFile; fileRef = 84FBC46828F14CEE0032ED62 /* macOS (App) */; };
		84FBC47228F14CEE0032ED62 /* iOS (Extension) in Resources */ = {isa = PBXBuildFile; fileRef = 84FBC46C28F14CEE0032ED62 /* iOS (Extension) */; };
		84FBC47328F14CEE0032ED62 /* macOS (Extension) in Resources */ = {isa = PBXBuildFile; fileRef = 84FBC46D28F14CEE0032ED62 /* macOS (Extension) */; };
		84FBC47428F14CEE0032ED62 /* Shared (Extension) in Resources */ = {isa = PBXBuildFile; fileRef = 84FBC46E28F14CEE0032ED62 /* Shared (Extension) */; };
		84FBC47528F14CEE0032ED62 /* Shared (App) in Resources */ = {isa = PBXBuildFile; fileRef = 84FBC46628F14CEE0032ED62 /* Shared (App) */; };
		84FBC47628F14CEE0032ED62 /* iOS (App) in Resources */ = {isa = PBXBuildFile; fileRef = 84FBC46728F14CEE0032ED62 /* iOS (App) */; };
		84FBC47728F14CEE0032ED62 /* macOS (App) in Resources */ = {isa = PBXBuildFile; fileRef = 84FBC46828F14CEE0032ED62 /* macOS (App) */; };
		84FBC47828F14CEE0032ED62 /* iOS (Extension) in Resources */ = {isa = PBXBuildFile; fileRef = 84FBC46C28F14CEE0032ED62 /* iOS (Extension) */; };
		84FBC47928F14CEE0032ED62 /* macOS (Extension) in Resources */ = {isa = PBXBuildFile; fileRef = 84FBC46D28F14CEE0032ED62 /* macOS (Extension) */; };
		84FBC47A28F14CEE0032ED62 /* Shared (Extension) in Resources */ = {isa = PBXBuildFile; fileRef = 84FBC46E28F14CEE0032ED62 /* Shared (Extension) */; };
/* End PBXBuildFile section */

/* Begin PBXContainerItemProxy section */
		84FBC43828F14CED0032ED62 /* PBXContainerItemProxy */ = {
			isa = PBXContainerItemProxy;
			containerPortal = 84FBC40428F14CEB0032ED62 /* Project object */;
			proxyType = 1;
			remoteGlobalIDString = 84FBC43528F14CED0032ED62;
			remoteInfo = "ZenTube Extension (iOS)";
		};
		84FBC44228F14CED0032ED62 /* PBXContainerItemProxy */ = {
			isa = PBXContainerItemProxy;
			containerPortal = 84FBC40428F14CEB0032ED62 /* Project object */;
			proxyType = 1;
			remoteGlobalIDString = 84FBC43F28F14CED0032ED62;
			remoteInfo = "ZenTube Extension (macOS)";
		};
/* End PBXContainerItemProxy section */

/* Begin PBXCopyFilesBuildPhase section */
		84FBC45A28F14CED0032ED62 /* Embed Foundation Extensions */ = {
			isa = PBXCopyFilesBuildPhase;
			buildActionMask = 2147483647;
			dstPath = "";
			dstSubfolderSpec = 13;
			files = (
				84FBC43728F14CED0032ED62 /* ZenTube Extension.appex in Embed Foundation Extensions */,
			);
			name = "Embed Foundation Extensions";
			runOnlyForDeploymentPostprocessing = 0;
		};
		84FBC46128F14CED0032ED62 /* Embed Foundation Extensions */ = {
			isa = PBXCopyFilesBuildPhase;
			buildActionMask = 2147483647;
			dstPath = "";
			dstSubfolderSpec = 13;
			files = (
				84FBC44128F14CED0032ED62 /* ZenTube Extension.appex in Embed Foundation Extensions */,
			);
			name = "Embed Foundation Extensions";
			runOnlyForDeploymentPostprocessing = 0;
		};
/* End PBXCopyFilesBuildPhase section */

/* Begin PBXFileReference section */
		84FBC40B28F14CEB0032ED62 /* Base */ = {isa = PBXFileReference; lastKnownFileType = text.html; name = Base; path = ../Base.lproj/Main.html; sourceTree = "<group>"; };
		84FBC40C28F14CEB0032ED62 /* Icon.png */ = {isa = PBXFileReference; lastKnownFileType = image.png; path = Icon.png; sourceTree = "<group>"; };
		84FBC40D28F14CEB0032ED62 /* Style.css */ = {isa = PBXFileReference; lastKnownFileType = text.css; path = Style.css; sourceTree = "<group>"; };
		84FBC40E28F14CEB0032ED62 /* Script.js */ = {isa = PBXFileReference; lastKnownFileType = sourcecode.javascript; path = Script.js; sourceTree = "<group>"; };
		84FBC40F28F14CEB0032ED62 /* ViewController.swift */ = {isa = PBXFileReference; lastKnownFileType = sourcecode.swift; path = ViewController.swift; sourceTree = "<group>"; };
		84FBC41028F14CED0032ED62 /* Assets.xcassets */ = {isa = PBXFileReference; lastKnownFileType = folder.assetcatalog; path = Assets.xcassets; sourceTree = "<group>"; };
		84FBC41228F14CED0032ED62 /* SafariWebExtensionHandler.swift */ = {isa = PBXFileReference; lastKnownFileType = sourcecode.swift; path = SafariWebExtensionHandler.swift; sourceTree = "<group>"; };
		84FBC41728F14CED0032ED62 /* ZenTube.app */ = {isa = PBXFileReference; explicitFileType = wrapper.application; includeInIndex = 0; path = ZenTube.app; sourceTree = BUILT_PRODUCTS_DIR; };
		84FBC41A28F14CED0032ED62 /* AppDelegate.swift */ = {isa = PBXFileReference; lastKnownFileType = sourcecode.swift; path = AppDelegate.swift; sourceTree = "<group>"; };
		84FBC41C28F14CED0032ED62 /* SceneDelegate.swift */ = {isa = PBXFileReference; lastKnownFileType = sourcecode.swift; path = SceneDelegate.swift; sourceTree = "<group>"; };
		84FBC41F28F14CED0032ED62 /* Base */ = {isa = PBXFileReference; lastKnownFileType = file.storyboard; name = Base; path = Base.lproj/LaunchScreen.storyboard; sourceTree = "<group>"; };
		84FBC42228F14CED0032ED62 /* Base */ = {isa = PBXFileReference; lastKnownFileType = file.storyboard; name = Base; path = Base.lproj/Main.storyboard; sourceTree = "<group>"; };
		84FBC42428F14CED0032ED62 /* Info.plist */ = {isa = PBXFileReference; lastKnownFileType = text.plist.xml; path = Info.plist; sourceTree = "<group>"; };
		84FBC42928F14CED0032ED62 /* ZenTube.app */ = {isa = PBXFileReference; explicitFileType = wrapper.application; includeInIndex = 0; path = ZenTube.app; sourceTree = BUILT_PRODUCTS_DIR; };
		84FBC42B28F14CED0032ED62 /* AppDelegate.swift */ = {isa = PBXFileReference; lastKnownFileType = sourcecode.swift; path = AppDelegate.swift; sourceTree = "<group>"; };
		84FBC42E28F14CED0032ED62 /* Base */ = {isa = PBXFileReference; lastKnownFileType = file.storyboard; name = Base; path = Base.lproj/Main.storyboard; sourceTree = "<group>"; };
		84FBC43028F14CED0032ED62 /* Info.plist */ = {isa = PBXFileReference; lastKnownFileType = text.plist.xml; path = Info.plist; sourceTree = "<group>"; };
		84FBC43128F14CED0032ED62 /* ZenTube.entitlements */ = {isa = PBXFileReference; lastKnownFileType = text.plist.entitlements; path = ZenTube.entitlements; sourceTree = "<group>"; };
		84FBC43628F14CED0032ED62 /* ZenTube Extension.appex */ = {isa = PBXFileReference; explicitFileType = "wrapper.app-extension"; includeInIndex = 0; path = "ZenTube Extension.appex"; sourceTree = BUILT_PRODUCTS_DIR; };
		84FBC43B28F14CED0032ED62 /* Info.plist */ = {isa = PBXFileReference; lastKnownFileType = text.plist.xml; path = Info.plist; sourceTree = "<group>"; };
		84FBC44028F14CED0032ED62 /* ZenTube Extension.appex */ = {isa = PBXFileReference; explicitFileType = "wrapper.app-extension"; includeInIndex = 0; path = "ZenTube Extension.appex"; sourceTree = BUILT_PRODUCTS_DIR; };
		84FBC44528F14CED0032ED62 /* Info.plist */ = {isa = PBXFileReference; lastKnownFileType = text.plist.xml; path = Info.plist; sourceTree = "<group>"; };
		84FBC44628F14CED0032ED62 /* ZenTube.entitlements */ = {isa = PBXFileReference; lastKnownFileType = text.plist.entitlements; path = ZenTube.entitlements; sourceTree = "<group>"; };
		84FBC46628F14CEE0032ED62 /* Shared (App) */ = {isa = PBXFileReference; lastKnownFileType = text; path = "Shared (App)"; sourceTree = SOURCE_ROOT; };
		84FBC46728F14CEE0032ED62 /* iOS (App) */ = {isa = PBXFileReference; lastKnownFileType = text; path = "iOS (App)"; sourceTree = SOURCE_ROOT; };
		84FBC46828F14CEE0032ED62 /* macOS (App) */ = {isa = PBXFileReference; lastKnownFileType = text; path = "macOS (App)"; sourceTree = SOURCE_ROOT; };
		84FBC46928F14CEE0032ED62 /* ZenTube.xcodeproj */ = {isa = PBXFileReference; lastKnownFileType = "wrapper.pb-project"; path = ZenTube.xcodeproj; sourceTree = SOURCE_ROOT; };
		84FBC46C28F14CEE0032ED62 /* iOS (Extension) */ = {isa = PBXFileReference; lastKnownFileType = text; path = "iOS (Extension)"; sourceTree = SOURCE_ROOT; };
		84FBC46D28F14CEE0032ED62 /* macOS (Extension) */ = {isa = PBXFileReference; lastKnownFileType = text; path = "macOS (Extension)"; sourceTree = SOURCE_ROOT; };
		84FBC46E28F14CEE0032ED62 /* Shared (Extension) */ = {isa = PBXFileReference; lastKnownFileType = folder; path = "Shared (Extension)"; sourceTree = "<group>"; };
/* End PBXFileReference section */

/* Begin PBXFrameworksBuildPhase section */
		84FBC41428F14CED0032ED62 /* Frameworks */ = {
			isa = PBXFrameworksBuildPhase;
			buildActionMask = 2147483647;
			files = (
			);
			runOnlyForDeploymentPostprocessing = 0;
		};
		84FBC42628F14CED0032ED62 /* Frameworks */ = {
			isa = PBXFrameworksBuildPhase;
			buildActionMask = 2147483647;
			files = (
			);
			runOnlyForDeploymentPostprocessing = 0;
		};
		84FBC43328F14CED0032ED62 /* Frameworks */ = {
			isa = PBXFrameworksBuildPhase;
			buildActionMask = 2147483647;
			files = (
			);
			runOnlyForDeploymentPostprocessing = 0;
		};
		84FBC43D28F14CED0032ED62 /* Frameworks */ = {
			isa = PBXFrameworksBuildPhase;
			buildActionMask = 2147483647;
			files = (
			);
			runOnlyForDeploymentPostprocessing = 0;
		};
/* End PBXFrameworksBuildPhase section */

/* Begin PBXGroup section */
		84FBC40328F14CEB0032ED62 = {
			isa = PBXGroup;
			children = (
				84FBC40828F14CEB0032ED62 /* Shared (App) */,
				84FBC41128F14CED0032ED62 /* Shared (Extension) */,
				84FBC41928F14CED0032ED62 /* iOS (App) */,
				84FBC42A28F14CED0032ED62 /* macOS (App) */,
				84FBC43A28F14CED0032ED62 /* iOS (Extension) */,
				84FBC44428F14CED0032ED62 /* macOS (Extension) */,
				84FBC41828F14CED0032ED62 /* Products */,
			);
			sourceTree = "<group>";
		};
		84FBC40828F14CEB0032ED62 /* Shared (App) */ = {
			isa = PBXGroup;
			children = (
				84FBC40F28F14CEB0032ED62 /* ViewController.swift */,
				84FBC41028F14CED0032ED62 /* Assets.xcassets */,
				84FBC40928F14CEB0032ED62 /* Resources */,
			);
			path = "Shared (App)";
			sourceTree = "<group>";
		};
		84FBC40928F14CEB0032ED62 /* Resources */ = {
			isa = PBXGroup;
			children = (
				84FBC40A28F14CEB0032ED62 /* Main.html */,
				84FBC40C28F14CEB0032ED62 /* Icon.png */,
				84FBC40D28F14CEB0032ED62 /* Style.css */,
				84FBC40E28F14CEB0032ED62 /* Script.js */,
			);
			path = Resources;
			sourceTree = "<group>";
		};
		84FBC41128F14CED0032ED62 /* Shared (Extension) */ = {
			isa = PBXGroup;
			children = (
				84FBC46528F14CEE0032ED62 /* Resources */,
				84FBC41228F14CED0032ED62 /* SafariWebExtensionHandler.swift */,
			);
			path = "Shared (Extension)";
			sourceTree = "<group>";
		};
		84FBC41828F14CED0032ED62 /* Products */ = {
			isa = PBXGroup;
			children = (
				84FBC41728F14CED0032ED62 /* ZenTube.app */,
				84FBC42928F14CED0032ED62 /* ZenTube.app */,
				84FBC43628F14CED0032ED62 /* ZenTube Extension.appex */,
				84FBC44028F14CED0032ED62 /* ZenTube Extension.appex */,
			);
			name = Products;
			sourceTree = "<group>";
		};
		84FBC41928F14CED0032ED62 /* iOS (App) */ = {
			isa = PBXGroup;
			children = (
				84FBC41A28F14CED0032ED62 /* AppDelegate.swift */,
				84FBC41C28F14CED0032ED62 /* SceneDelegate.swift */,
				84FBC41E28F14CED0032ED62 /* LaunchScreen.storyboard */,
				84FBC42128F14CED0032ED62 /* Main.storyboard */,
				84FBC42428F14CED0032ED62 /* Info.plist */,
			);
			path = "iOS (App)";
			sourceTree = "<group>";
		};
		84FBC42A28F14CED0032ED62 /* macOS (App) */ = {
			isa = PBXGroup;
			children = (
				84FBC42B28F14CED0032ED62 /* AppDelegate.swift */,
				84FBC42D28F14CED0032ED62 /* Main.storyboard */,
				84FBC43028F14CED0032ED62 /* Info.plist */,
				84FBC43128F14CED0032ED62 /* ZenTube.entitlements */,
			);
			path = "macOS (App)";
			sourceTree = "<group>";
		};
		84FBC43A28F14CED0032ED62 /* iOS (Extension) */ = {
			isa = PBXGroup;
			children = (
				84FBC43B28F14CED0032ED62 /* Info.plist */,
			);
			path = "iOS (Extension)";
			sourceTree = "<group>";
		};
		84FBC44428F14CED0032ED62 /* macOS (Extension) */ = {
			isa = PBXGroup;
			children = (
				84FBC44528F14CED0032ED62 /* Info.plist */,
				84FBC44628F14CED0032ED62 /* ZenTube.entitlements */,
			);
			path = "macOS (Extension)";
			sourceTree = "<group>";
		};
		84FBC46528F14CEE0032ED62 /* Resources */ = {
			isa = PBXGroup;
			children = (
				84FBC46628F14CEE0032ED62 /* Shared (App) */,
				84FBC46728F14CEE0032ED62 /* iOS (App) */,
				84FBC46828F14CEE0032ED62 /* macOS (App) */,
				84FBC46928F14CEE0032ED62 /* ZenTube.xcodeproj */,
				84FBC46C28F14CEE0032ED62 /* iOS (Extension) */,
				84FBC46D28F14CEE0032ED62 /* macOS (Extension) */,
				84FBC46E28F14CEE0032ED62 /* Shared (Extension) */,
			);
			name = Resources;
			path = "Shared (Extension)";
			sourceTree = SOURCE_ROOT;
		};
		84FBC46A28F14CEE0032ED62 /* Products */ = {
			isa = PBXGroup;
			name = Products;
			sourceTree = "<group>";
		};
/* End PBXGroup section */

/* Begin PBXNativeTarget section */
		84FBC41628F14CED0032ED62 /* ZenTube (iOS) */ = {
			isa = PBXNativeTarget;
			buildConfigurationList = 84FBC45B28F14CED0032ED62 /* Build configuration list for PBXNativeTarget "ZenTube (iOS)" */;
			buildPhases = (
				84FBC41328F14CED0032ED62 /* Sources */,
				84FBC41428F14CED0032ED62 /* Frameworks */,
				84FBC41528F14CED0032ED62 /* Resources */,
				84FBC45A28F14CED0032ED62 /* Embed Foundation Extensions */,
			);
			buildRules = (
			);
			dependencies = (
				84FBC43928F14CED0032ED62 /* PBXTargetDependency */,
			);
			name = "ZenTube (iOS)";
			productName = "ZenTube (iOS)";
			productReference = 84FBC41728F14CED0032ED62 /* ZenTube.app */;
			productType = "com.apple.product-type.application";
		};
		84FBC42828F14CED0032ED62 /* ZenTube (macOS) */ = {
			isa = PBXNativeTarget;
			buildConfigurationList = 84FBC46228F14CED0032ED62 /* Build configuration list for PBXNativeTarget "ZenTube (macOS)" */;
			buildPhases = (
				84FBC42528F14CED0032ED62 /* Sources */,
				84FBC42628F14CED0032ED62 /* Frameworks */,
				84FBC42728F14CED0032ED62 /* Resources */,
				84FBC46128F14CED0032ED62 /* Embed Foundation Extensions */,
			);
			buildRules = (
			);
			dependencies = (
				84FBC44328F14CED0032ED62 /* PBXTargetDependency */,
			);
			name = "ZenTube (macOS)";
			productName = "ZenTube (macOS)";
			productReference = 84FBC42928F14CED0032ED62 /* ZenTube.app */;
			productType = "com.apple.product-type.application";
		};
		84FBC43528F14CED0032ED62 /* ZenTube Extension (iOS) */ = {
			isa = PBXNativeTarget;
			buildConfigurationList = 84FBC45728F14CED0032ED62 /* Build configuration list for PBXNativeTarget "ZenTube Extension (iOS)" */;
			buildPhases = (
				84FBC43228F14CED0032ED62 /* Sources */,
				84FBC43328F14CED0032ED62 /* Frameworks */,
				84FBC43428F14CED0032ED62 /* Resources */,
			);
			buildRules = (
			);
			dependencies = (
			);
			name = "ZenTube Extension (iOS)";
			productName = "ZenTube Extension (iOS)";
			productReference = 84FBC43628F14CED0032ED62 /* ZenTube Extension.appex */;
			productType = "com.apple.product-type.app-extension";
		};
		84FBC43F28F14CED0032ED62 /* ZenTube Extension (macOS) */ = {
			isa = PBXNativeTarget;
			buildConfigurationList = 84FBC45E28F14CED0032ED62 /* Build configuration list for PBXNativeTarget "ZenTube Extension (macOS)" */;
			buildPhases = (
				84FBC43C28F14CED0032ED62 /* Sources */,
				84FBC43D28F14CED0032ED62 /* Frameworks */,
				84FBC43E28F14CED0032ED62 /* Resources */,
			);
			buildRules = (
			);
			dependencies = (
			);
			name = "ZenTube Extension (macOS)";
			productName = "ZenTube Extension (macOS)";
			productReference = 84FBC44028F14CED0032ED62 /* ZenTube Extension.appex */;
			productType = "com.apple.product-type.app-extension";
		};
/* End PBXNativeTarget section */

/* Begin PBXProject section */
		84FBC40428F14CEB0032ED62 /* Project object */ = {
			isa = PBXProject;
			attributes = {
				BuildIndependentTargetsInParallel = 1;
				LastSwiftUpdateCheck = 1400;
				LastUpgradeCheck = 1400;
				TargetAttributes = {
					84FBC41628F14CED0032ED62 = {
						CreatedOnToolsVersion = 14.0.1;
					};
					84FBC42828F14CED0032ED62 = {
						CreatedOnToolsVersion = 14.0.1;
					};
					84FBC43528F14CED0032ED62 = {
						CreatedOnToolsVersion = 14.0.1;
					};
					84FBC43F28F14CED0032ED62 = {
						CreatedOnToolsVersion = 14.0.1;
					};
				};
			};
			buildConfigurationList = 84FBC40728F14CEB0032ED62 /* Build configuration list for PBXProject "ZenTube" */;
			compatibilityVersion = "Xcode 14.0";
			developmentRegion = en;
			hasScannedForEncodings = 0;
			knownRegions = (
				en,
				Base,
			);
			mainGroup = 84FBC40328F14CEB0032ED62;
			productRefGroup = 84FBC41828F14CED0032ED62 /* Products */;
			projectDirPath = "";
			projectReferences = (
				{
					ProductGroup = 84FBC46A28F14CEE0032ED62 /* Products */;
					ProjectRef = 84FBC46928F14CEE0032ED62 /* ZenTube.xcodeproj */;
				},
			);
			projectRoot = "";
			targets = (
				84FBC41628F14CED0032ED62 /* ZenTube (iOS) */,
				84FBC42828F14CED0032ED62 /* ZenTube (macOS) */,
				84FBC43528F14CED0032ED62 /* ZenTube Extension (iOS) */,
				84FBC43F28F14CED0032ED62 /* ZenTube Extension (macOS) */,
			);
		};
/* End PBXProject section */

/* Begin PBXResourcesBuildPhase section */
		84FBC41528F14CED0032ED62 /* Resources */ = {
			isa = PBXResourcesBuildPhase;
			buildActionMask = 2147483647;
			files = (
				84FBC44928F14CED0032ED62 /* Icon.png in Resources */,
				84FBC42028F14CED0032ED62 /* LaunchScreen.storyboard in Resources */,
				84FBC44728F14CED0032ED62 /* Main.html in Resources */,
				84FBC44D28F14CED0032ED62 /* Script.js in Resources */,
				84FBC45128F14CED0032ED62 /* Assets.xcassets in Resources */,
				84FBC42328F14CED0032ED62 /* Main.storyboard in Resources */,
				84FBC44B28F14CED0032ED62 /* Style.css in Resources */,
			);
			runOnlyForDeploymentPostprocessing = 0;
		};
		84FBC42728F14CED0032ED62 /* Resources */ = {
			isa = PBXResourcesBuildPhase;
			buildActionMask = 2147483647;
			files = (
				84FBC44A28F14CED0032ED62 /* Icon.png in Resources */,
				84FBC44C28F14CED0032ED62 /* Style.css in Resources */,
				84FBC42F28F14CED0032ED62 /* Main.storyboard in Resources */,
				84FBC44E28F14CED0032ED62 /* Script.js in Resources */,
				84FBC45228F14CED0032ED62 /* Assets.xcassets in Resources */,
				84FBC44828F14CED0032ED62 /* Main.html in Resources */,
			);
			runOnlyForDeploymentPostprocessing = 0;
		};
		84FBC43428F14CED0032ED62 /* Resources */ = {
			isa = PBXResourcesBuildPhase;
			buildActionMask = 2147483647;
			files = (
				84FBC47828F14CEE0032ED62 /* iOS (Extension) in Resources */,
				84FBC47928F14CEE0032ED62 /* macOS (Extension) in Resources */,
				84FBC47628F14CEE0032ED62 /* iOS (App) in Resources */,
				84FBC47A28F14CEE0032ED62 /* Shared (Extension) in Resources */,
				84FBC47728F14CEE0032ED62 /* macOS (App) in Resources */,
				84FBC47528F14CEE0032ED62 /* Shared (App) in Resources */,
			);
			runOnlyForDeploymentPostprocessing = 0;
		};
		84FBC43E28F14CED0032ED62 /* Resources */ = {
			isa = PBXResourcesBuildPhase;
			buildActionMask = 2147483647;
			files = (
				84FBC47228F14CEE0032ED62 /* iOS (Extension) in Resources */,
				84FBC47328F14CEE0032ED62 /* macOS (Extension) in Resources */,
				84FBC47028F14CEE0032ED62 /* iOS (App) in Resources */,
				84FBC47428F14CEE0032ED62 /* Shared (Extension) in Resources */,
				84FBC47128F14CEE0032ED62 /* macOS (App) in Resources */,
				84FBC46F28F14CEE0032ED62 /* Shared (App) in Resources */,
			);
			runOnlyForDeploymentPostprocessing = 0;
		};
/* End PBXResourcesBuildPhase section */

/* Begin PBXSourcesBuildPhase section */
		84FBC41328F14CED0032ED62 /* Sources */ = {
			isa = PBXSourcesBuildPhase;
			buildActionMask = 2147483647;
			files = (
				84FBC44F28F14CED0032ED62 /* ViewController.swift in Sources */,
				84FBC41B28F14CED0032ED62 /* AppDelegate.swift in Sources */,
				84FBC41D28F14CED0032ED62 /* SceneDelegate.swift in Sources */,
			);
			runOnlyForDeploymentPostprocessing = 0;
		};
		84FBC42528F14CED0032ED62 /* Sources */ = {
			isa = PBXSourcesBuildPhase;
			buildActionMask = 2147483647;
			files = (
				84FBC45028F14CED0032ED62 /* ViewController.swift in Sources */,
				84FBC42C28F14CED0032ED62 /* AppDelegate.swift in Sources */,
				8460E00828F14D690052D904 /* SceneDelegate.swift in Sources */,
			);
			runOnlyForDeploymentPostprocessing = 0;
		};
		84FBC43228F14CED0032ED62 /* Sources */ = {
			isa = PBXSourcesBuildPhase;
			buildActionMask = 2147483647;
			files = (
				84FBC45328F14CED0032ED62 /* SafariWebExtensionHandler.swift in Sources */,
				8460E00928F14D6C0052D904 /* SceneDelegate.swift in Sources */,
			);
			runOnlyForDeploymentPostprocessing = 0;
		};
		84FBC43C28F14CED0032ED62 /* Sources */ = {
			isa = PBXSourcesBuildPhase;
			buildActionMask = 2147483647;
			files = (
				84FBC45428F14CED0032ED62 /* SafariWebExtensionHandler.swift in Sources */,
				8460E00A28F14D6C0052D904 /* SceneDelegate.swift in Sources */,
			);
			runOnlyForDeploymentPostprocessing = 0;
		};
/* End PBXSourcesBuildPhase section */

/* Begin PBXTargetDependency section */
		84FBC43928F14CED0032ED62 /* PBXTargetDependency */ = {
			isa = PBXTargetDependency;
			target = 84FBC43528F14CED0032ED62 /* ZenTube Extension (iOS) */;
			targetProxy = 84FBC43828F14CED0032ED62 /* PBXContainerItemProxy */;
		};
		84FBC44328F14CED0032ED62 /* PBXTargetDependency */ = {
			isa = PBXTargetDependency;
			target = 84FBC43F28F14CED0032ED62 /* ZenTube Extension (macOS) */;
			targetProxy = 84FBC44228F14CED0032ED62 /* PBXContainerItemProxy */;
		};
/* End PBXTargetDependency section */

/* Begin PBXVariantGroup section */
		84FBC40A28F14CEB0032ED62 /* Main.html */ = {
			isa = PBXVariantGroup;
			children = (
				84FBC40B28F14CEB0032ED62 /* Base */,
			);
			name = Main.html;
			sourceTree = "<group>";
		};
		84FBC41E28F14CED0032ED62 /* LaunchScreen.storyboard */ = {
			isa = PBXVariantGroup;
			children = (
				84FBC41F28F14CED0032ED62 /* Base */,
			);
			name = LaunchScreen.storyboard;
			sourceTree = "<group>";
		};
		84FBC42128F14CED0032ED62 /* Main.storyboard */ = {
			isa = PBXVariantGroup;
			children = (
				84FBC42228F14CED0032ED62 /* Base */,
			);
			name = Main.storyboard;
			sourceTree = "<group>";
		};
		84FBC42D28F14CED0032ED62 /* Main.storyboard */ = {
			isa = PBXVariantGroup;
			children = (
				84FBC42E28F14CED0032ED62 /* Base */,
			);
			name = Main.storyboard;
			sourceTree = "<group>";
		};
/* End PBXVariantGroup section */

/* Begin XCBuildConfiguration section */
		84FBC45528F14CED0032ED62 /* Debug */ = {
			isa = XCBuildConfiguration;
			buildSettings = {
				ALWAYS_SEARCH_USER_PATHS = NO;
				CLANG_ANALYZER_NONNULL = YES;
				CLANG_ANALYZER_NUMBER_OBJECT_CONVERSION = YES_AGGRESSIVE;
				CLANG_CXX_LANGUAGE_STANDARD = "gnu++20";
				CLANG_ENABLE_MODULES = YES;
				CLANG_ENABLE_OBJC_ARC = YES;
				CLANG_ENABLE_OBJC_WEAK = YES;
				CLANG_WARN_BLOCK_CAPTURE_AUTORELEASING = YES;
				CLANG_WARN_BOOL_CONVERSION = YES;
				CLANG_WARN_COMMA = YES;
				CLANG_WARN_CONSTANT_CONVERSION = YES;
				CLANG_WARN_DEPRECATED_OBJC_IMPLEMENTATIONS = YES;
				CLANG_WARN_DIRECT_OBJC_ISA_USAGE = YES_ERROR;
				CLANG_WARN_DOCUMENTATION_COMMENTS = YES;
				CLANG_WARN_EMPTY_BODY = YES;
				CLANG_WARN_ENUM_CONVERSION = YES;
				CLANG_WARN_INFINITE_RECURSION = YES;
				CLANG_WARN_INT_CONVERSION = YES;
				CLANG_WARN_NON_LITERAL_NULL_CONVERSION = YES;
				CLANG_WARN_OBJC_IMPLICIT_RETAIN_SELF = YES;
				CLANG_WARN_OBJC_LITERAL_CONVERSION = YES;
				CLANG_WARN_OBJC_ROOT_CLASS = YES_ERROR;
				CLANG_WARN_QUOTED_INCLUDE_IN_FRAMEWORK_HEADER = YES;
				CLANG_WARN_RANGE_LOOP_ANALYSIS = YES;
				CLANG_WARN_STRICT_PROTOTYPES = YES;
				CLANG_WARN_SUSPICIOUS_MOVE = YES;
				CLANG_WARN_UNGUARDED_AVAILABILITY = YES_AGGRESSIVE;
				CLANG_WARN_UNREACHABLE_CODE = YES;
				CLANG_WARN__DUPLICATE_METHOD_MATCH = YES;
				COPY_PHASE_STRIP = NO;
				DEBUG_INFORMATION_FORMAT = dwarf;
				ENABLE_STRICT_OBJC_MSGSEND = YES;
				ENABLE_TESTABILITY = YES;
				GCC_C_LANGUAGE_STANDARD = gnu11;
				GCC_DYNAMIC_NO_PIC = NO;
				GCC_NO_COMMON_BLOCKS = YES;
				GCC_OPTIMIZATION_LEVEL = 0;
				GCC_PREPROCESSOR_DEFINITIONS = (
					"DEBUG=1",
					"$(inherited)",
				);
				GCC_WARN_64_TO_32_BIT_CONVERSION = YES;
				GCC_WARN_ABOUT_RETURN_TYPE = YES_ERROR;
				GCC_WARN_UNDECLARED_SELECTOR = YES;
				GCC_WARN_UNINITIALIZED_AUTOS = YES_AGGRESSIVE;
				GCC_WARN_UNUSED_FUNCTION = YES;
				GCC_WARN_UNUSED_VARIABLE = YES;
				MTL_ENABLE_DEBUG_INFO = INCLUDE_SOURCE;
				MTL_FAST_MATH = YES;
				ONLY_ACTIVE_ARCH = YES;
				SWIFT_ACTIVE_COMPILATION_CONDITIONS = DEBUG;
				SWIFT_OPTIMIZATION_LEVEL = "-Onone";
			};
			name = Debug;
		};
		84FBC45628F14CED0032ED62 /* Release */ = {
			isa = XCBuildConfiguration;
			buildSettings = {
				ALWAYS_SEARCH_USER_PATHS = NO;
				CLANG_ANALYZER_NONNULL = YES;
				CLANG_ANALYZER_NUMBER_OBJECT_CONVERSION = YES_AGGRESSIVE;
				CLANG_CXX_LANGUAGE_STANDARD = "gnu++20";
				CLANG_ENABLE_MODULES = YES;
				CLANG_ENABLE_OBJC_ARC = YES;
				CLANG_ENABLE_OBJC_WEAK = YES;
				CLANG_WARN_BLOCK_CAPTURE_AUTORELEASING = YES;
				CLANG_WARN_BOOL_CONVERSION = YES;
				CLANG_WARN_COMMA = YES;
				CLANG_WARN_CONSTANT_CONVERSION = YES;
				CLANG_WARN_DEPRECATED_OBJC_IMPLEMENTATIONS = YES;
				CLANG_WARN_DIRECT_OBJC_ISA_USAGE = YES_ERROR;
				CLANG_WARN_DOCUMENTATION_COMMENTS = YES;
				CLANG_WARN_EMPTY_BODY = YES;
				CLANG_WARN_ENUM_CONVERSION = YES;
				CLANG_WARN_INFINITE_RECURSION = YES;
				CLANG_WARN_INT_CONVERSION = YES;
				CLANG_WARN_NON_LITERAL_NULL_CONVERSION = YES;
				CLANG_WARN_OBJC_IMPLICIT_RETAIN_SELF = YES;
				CLANG_WARN_OBJC_LITERAL_CONVERSION = YES;
				CLANG_WARN_OBJC_ROOT_CLASS = YES_ERROR;
				CLANG_WARN_QUOTED_INCLUDE_IN_FRAMEWORK_HEADER = YES;
				CLANG_WARN_RANGE_LOOP_ANALYSIS = YES;
				CLANG_WARN_STRICT_PROTOTYPES = YES;
				CLANG_WARN_SUSPICIOUS_MOVE = YES;
				CLANG_WARN_UNGUARDED_AVAILABILITY = YES_AGGRESSIVE;
				CLANG_WARN_UNREACHABLE_CODE = YES;
				CLANG_WARN__DUPLICATE_METHOD_MATCH = YES;
				COPY_PHASE_STRIP = NO;
				DEBUG_INFORMATION_FORMAT = "dwarf-with-dsym";
				ENABLE_NS_ASSERTIONS = NO;
				ENABLE_STRICT_OBJC_MSGSEND = YES;
				GCC_C_LANGUAGE_STANDARD = gnu11;
				GCC_NO_COMMON_BLOCKS = YES;
				GCC_WARN_64_TO_32_BIT_CONVERSION = YES;
				GCC_WARN_ABOUT_RETURN_TYPE = YES_ERROR;
				GCC_WARN_UNDECLARED_SELECTOR = YES;
				GCC_WARN_UNINITIALIZED_AUTOS = YES_AGGRESSIVE;
				GCC_WARN_UNUSED_FUNCTION = YES;
				GCC_WARN_UNUSED_VARIABLE = YES;
				MTL_ENABLE_DEBUG_INFO = NO;
				MTL_FAST_MATH = YES;
				SWIFT_COMPILATION_MODE = wholemodule;
				SWIFT_OPTIMIZATION_LEVEL = "-O";
			};
			name = Release;
		};
		84FBC45828F14CED0032ED62 /* Debug */ = {
			isa = XCBuildConfiguration;
			buildSettings = {
				CODE_SIGN_STYLE = Automatic;
				CURRENT_PROJECT_VERSION = 1;
				GENERATE_INFOPLIST_FILE = YES;
				INFOPLIST_FILE = "iOS (Extension)/Info.plist";
				INFOPLIST_KEY_CFBundleDisplayName = "ZenTube Extension";
				INFOPLIST_KEY_NSHumanReadableCopyright = "";
				IPHONEOS_DEPLOYMENT_TARGET = 15.0;
				LD_RUNPATH_SEARCH_PATHS = (
					"$(inherited)",
					"@executable_path/Frameworks",
					"@executable_path/../../Frameworks",
				);
				MARKETING_VERSION = 1.0;
				OTHER_LDFLAGS = (
					"-framework",
					SafariServices,
				);
				PRODUCT_BUNDLE_IDENTIFIER = in.evenzero.ZenTube.Extension;
				PRODUCT_NAME = "ZenTube Extension";
				SDKROOT = iphoneos;
				SKIP_INSTALL = YES;
				SWIFT_EMIT_LOC_STRINGS = YES;
				SWIFT_VERSION = 5.0;
				TARGETED_DEVICE_FAMILY = "1,2";
			};
			name = Debug;
		};
		84FBC45928F14CED0032ED62 /* Release */ = {
			isa = XCBuildConfiguration;
			buildSettings = {
				CODE_SIGN_STYLE = Automatic;
				CURRENT_PROJECT_VERSION = 1;
				GENERATE_INFOPLIST_FILE = YES;
				INFOPLIST_FILE = "iOS (Extension)/Info.plist";
				INFOPLIST_KEY_CFBundleDisplayName = "ZenTube Extension";
				INFOPLIST_KEY_NSHumanReadableCopyright = "";
				IPHONEOS_DEPLOYMENT_TARGET = 15.0;
				LD_RUNPATH_SEARCH_PATHS = (
					"$(inherited)",
					"@executable_path/Frameworks",
					"@executable_path/../../Frameworks",
				);
				MARKETING_VERSION = 1.0;
				OTHER_LDFLAGS = (
					"-framework",
					SafariServices,
				);
				PRODUCT_BUNDLE_IDENTIFIER = in.evenzero.ZenTube.Extension;
				PRODUCT_NAME = "ZenTube Extension";
				SDKROOT = iphoneos;
				SKIP_INSTALL = YES;
				SWIFT_EMIT_LOC_STRINGS = YES;
				SWIFT_VERSION = 5.0;
				TARGETED_DEVICE_FAMILY = "1,2";
				VALIDATE_PRODUCT = YES;
			};
			name = Release;
		};
		84FBC45C28F14CED0032ED62 /* Debug */ = {
			isa = XCBuildConfiguration;
			buildSettings = {
				ALWAYS_EMBED_SWIFT_STANDARD_LIBRARIES = YES;
				ASSETCATALOG_COMPILER_APPICON_NAME = AppIcon;
				ASSETCATALOG_COMPILER_GLOBAL_ACCENT_COLOR_NAME = AccentColor;
				CODE_SIGN_STYLE = Automatic;
				CURRENT_PROJECT_VERSION = 1;
				GENERATE_INFOPLIST_FILE = YES;
				INFOPLIST_FILE = "iOS (App)/Info.plist";
				INFOPLIST_KEY_CFBundleDisplayName = ZenTube;
				INFOPLIST_KEY_UIApplicationSupportsIndirectInputEvents = YES;
				INFOPLIST_KEY_UILaunchStoryboardName = LaunchScreen;
				INFOPLIST_KEY_UIMainStoryboardFile = Main;
				INFOPLIST_KEY_UISupportedInterfaceOrientations = "UIInterfaceOrientationPortrait UIInterfaceOrientationLandscapeLeft UIInterfaceOrientationLandscapeRight";
				INFOPLIST_KEY_UISupportedInterfaceOrientations_iPad = "UIInterfaceOrientationPortrait UIInterfaceOrientationPortraitUpsideDown UIInterfaceOrientationLandscapeLeft UIInterfaceOrientationLandscapeRight";
				IPHONEOS_DEPLOYMENT_TARGET = 15.0;
				LD_RUNPATH_SEARCH_PATHS = (
					"$(inherited)",
					"@executable_path/Frameworks",
				);
				MARKETING_VERSION = 1.0;
				OTHER_LDFLAGS = (
					"-framework",
					SafariServices,
					"-framework",
					WebKit,
				);
				PRODUCT_BUNDLE_IDENTIFIER = in.evenzero.ZenTube;
				PRODUCT_NAME = ZenTube;
				SDKROOT = iphoneos;
				SWIFT_EMIT_LOC_STRINGS = YES;
				SWIFT_VERSION = 5.0;
				TARGETED_DEVICE_FAMILY = "1,2";
			};
			name = Debug;
		};
		84FBC45D28F14CED0032ED62 /* Release */ = {
			isa = XCBuildConfiguration;
			buildSettings = {
				ALWAYS_EMBED_SWIFT_STANDARD_LIBRARIES = YES;
				ASSETCATALOG_COMPILER_APPICON_NAME = AppIcon;
				ASSETCATALOG_COMPILER_GLOBAL_ACCENT_COLOR_NAME = AccentColor;
				CODE_SIGN_STYLE = Automatic;
				CURRENT_PROJECT_VERSION = 1;
				GENERATE_INFOPLIST_FILE = YES;
				INFOPLIST_FILE = "iOS (App)/Info.plist";
				INFOPLIST_KEY_CFBundleDisplayName = ZenTube;
				INFOPLIST_KEY_UIApplicationSupportsIndirectInputEvents = YES;
				INFOPLIST_KEY_UILaunchStoryboardName = LaunchScreen;
				INFOPLIST_KEY_UIMainStoryboardFile = Main;
				INFOPLIST_KEY_UISupportedInterfaceOrientations = "UIInterfaceOrientationPortrait UIInterfaceOrientationLandscapeLeft UIInterfaceOrientationLandscapeRight";
				INFOPLIST_KEY_UISupportedInterfaceOrientations_iPad = "UIInterfaceOrientationPortrait UIInterfaceOrientationPortraitUpsideDown UIInterfaceOrientationLandscapeLeft UIInterfaceOrientationLandscapeRight";
				IPHONEOS_DEPLOYMENT_TARGET = 15.0;
				LD_RUNPATH_SEARCH_PATHS = (
					"$(inherited)",
					"@executable_path/Frameworks",
				);
				MARKETING_VERSION = 1.0;
				OTHER_LDFLAGS = (
					"-framework",
					SafariServices,
					"-framework",
					WebKit,
				);
				PRODUCT_BUNDLE_IDENTIFIER = in.evenzero.ZenTube;
				PRODUCT_NAME = ZenTube;
				SDKROOT = iphoneos;
				SWIFT_EMIT_LOC_STRINGS = YES;
				SWIFT_VERSION = 5.0;
				TARGETED_DEVICE_FAMILY = "1,2";
				VALIDATE_PRODUCT = YES;
			};
			name = Release;
		};
		84FBC45F28F14CED0032ED62 /* Debug */ = {
			isa = XCBuildConfiguration;
			buildSettings = {
				CODE_SIGN_ENTITLEMENTS = "macOS (Extension)/ZenTube.entitlements";
				CODE_SIGN_STYLE = Automatic;
				CURRENT_PROJECT_VERSION = 1;
				ENABLE_HARDENED_RUNTIME = YES;
				GENERATE_INFOPLIST_FILE = YES;
				INFOPLIST_FILE = "macOS (Extension)/Info.plist";
				INFOPLIST_KEY_CFBundleDisplayName = "ZenTube Extension";
				INFOPLIST_KEY_NSHumanReadableCopyright = "";
				LD_RUNPATH_SEARCH_PATHS = (
					"$(inherited)",
					"@executable_path/../Frameworks",
					"@executable_path/../../../../Frameworks",
				);
				MACOSX_DEPLOYMENT_TARGET = 10.14;
				MARKETING_VERSION = 1.0;
				OTHER_LDFLAGS = (
					"-framework",
					SafariServices,
				);
				PRODUCT_BUNDLE_IDENTIFIER = in.evenzero.ZenTube.Extension;
				PRODUCT_NAME = "ZenTube Extension";
				SDKROOT = macosx;
				SKIP_INSTALL = YES;
				SWIFT_EMIT_LOC_STRINGS = YES;
				SWIFT_VERSION = 5.0;
			};
			name = Debug;
		};
		84FBC46028F14CED0032ED62 /* Release */ = {
			isa = XCBuildConfiguration;
			buildSettings = {
				CODE_SIGN_ENTITLEMENTS = "macOS (Extension)/ZenTube.entitlements";
				CODE_SIGN_STYLE = Automatic;
				CURRENT_PROJECT_VERSION = 1;
				ENABLE_HARDENED_RUNTIME = YES;
				GENERATE_INFOPLIST_FILE = YES;
				INFOPLIST_FILE = "macOS (Extension)/Info.plist";
				INFOPLIST_KEY_CFBundleDisplayName = "ZenTube Extension";
				INFOPLIST_KEY_NSHumanReadableCopyright = "";
				LD_RUNPATH_SEARCH_PATHS = (
					"$(inherited)",
					"@executable_path/../Frameworks",
					"@executable_path/../../../../Frameworks",
				);
				MACOSX_DEPLOYMENT_TARGET = 10.14;
				MARKETING_VERSION = 1.0;
				OTHER_LDFLAGS = (
					"-framework",
					SafariServices,
				);
				PRODUCT_BUNDLE_IDENTIFIER = in.evenzero.ZenTube.Extension;
				PRODUCT_NAME = "ZenTube Extension";
				SDKROOT = macosx;
				SKIP_INSTALL = YES;
				SWIFT_EMIT_LOC_STRINGS = YES;
				SWIFT_VERSION = 5.0;
			};
			name = Release;
		};
		84FBC46328F14CED0032ED62 /* Debug */ = {
			isa = XCBuildConfiguration;
			buildSettings = {
				ALWAYS_EMBED_SWIFT_STANDARD_LIBRARIES = YES;
				ASSETCATALOG_COMPILER_APPICON_NAME = AppIcon;
				ASSETCATALOG_COMPILER_GLOBAL_ACCENT_COLOR_NAME = AccentColor;
				CODE_SIGN_ENTITLEMENTS = "macOS (App)/ZenTube.entitlements";
				CODE_SIGN_STYLE = Automatic;
				CURRENT_PROJECT_VERSION = 1;
				ENABLE_HARDENED_RUNTIME = YES;
				GENERATE_INFOPLIST_FILE = YES;
				INFOPLIST_FILE = "macOS (App)/Info.plist";
				INFOPLIST_KEY_CFBundleDisplayName = ZenTube;
				INFOPLIST_KEY_NSMainStoryboardFile = Main;
				INFOPLIST_KEY_NSPrincipalClass = NSApplication;
				LD_RUNPATH_SEARCH_PATHS = (
					"$(inherited)",
					"@executable_path/../Frameworks",
				);
				MACOSX_DEPLOYMENT_TARGET = 10.14;
				MARKETING_VERSION = 1.0;
				OTHER_LDFLAGS = (
					"-framework",
					SafariServices,
					"-framework",
					WebKit,
				);
				PRODUCT_BUNDLE_IDENTIFIER = in.evenzero.ZenTube;
				PRODUCT_NAME = ZenTube;
				SDKROOT = macosx;
				SWIFT_EMIT_LOC_STRINGS = YES;
				SWIFT_VERSION = 5.0;
			};
			name = Debug;
		};
		84FBC46428F14CED0032ED62 /* Release */ = {
			isa = XCBuildConfiguration;
			buildSettings = {
				ALWAYS_EMBED_SWIFT_STANDARD_LIBRARIES = YES;
				ASSETCATALOG_COMPILER_APPICON_NAME = AppIcon;
				ASSETCATALOG_COMPILER_GLOBAL_ACCENT_COLOR_NAME = AccentColor;
				CODE_SIGN_ENTITLEMENTS = "macOS (App)/ZenTube.entitlements";
				CODE_SIGN_STYLE = Automatic;
				CURRENT_PROJECT_VERSION = 1;
				ENABLE_HARDENED_RUNTIME = YES;
				GENERATE_INFOPLIST_FILE = YES;
				INFOPLIST_FILE = "macOS (App)/Info.plist";
				INFOPLIST_KEY_CFBundleDisplayName = ZenTube;
				INFOPLIST_KEY_NSMainStoryboardFile = Main;
				INFOPLIST_KEY_NSPrincipalClass = NSApplication;
				LD_RUNPATH_SEARCH_PATHS = (
					"$(inherited)",
					"@executable_path/../Frameworks",
				);
				MACOSX_DEPLOYMENT_TARGET = 10.14;
				MARKETING_VERSION = 1.0;
				OTHER_LDFLAGS = (
					"-framework",
					SafariServices,
					"-framework",
					WebKit,
				);
				PRODUCT_BUNDLE_IDENTIFIER = in.evenzero.ZenTube;
				PRODUCT_NAME = ZenTube;
				SDKROOT = macosx;
				SWIFT_EMIT_LOC_STRINGS = YES;
				SWIFT_VERSION = 5.0;
			};
			name = Release;
		};
/* End XCBuildConfiguration section */

/* Begin XCConfigurationList section */
		84FBC40728F14CEB0032ED62 /* Build configuration list for PBXProject "ZenTube" */ = {
			isa = XCConfigurationList;
			buildConfigurations = (
				84FBC45528F14CED0032ED62 /* Debug */,
				84FBC45628F14CED0032ED62 /* Release */,
			);
			defaultConfigurationIsVisible = 0;
			defaultConfigurationName = Release;
		};
		84FBC45728F14CED0032ED62 /* Build configuration list for PBXNativeTarget "ZenTube Extension (iOS)" */ = {
			isa = XCConfigurationList;
			buildConfigurations = (
				84FBC45828F14CED0032ED62 /* Debug */,
				84FBC45928F14CED0032ED62 /* Release */,
			);
			defaultConfigurationIsVisible = 0;
			defaultConfigurationName = Release;
		};
		84FBC45B28F14CED0032ED62 /* Build configuration list for PBXNativeTarget "ZenTube (iOS)" */ = {
			isa = XCConfigurationList;
			buildConfigurations = (
				84FBC45C28F14CED0032ED62 /* Debug */,
				84FBC45D28F14CED0032ED62 /* Release */,
			);
			defaultConfigurationIsVisible = 0;
			defaultConfigurationName = Release;
		};
		84FBC45E28F14CED0032ED62 /* Build configuration list for PBXNativeTarget "ZenTube Extension (macOS)" */ = {
			isa = XCConfigurationList;
			buildConfigurations = (
				84FBC45F28F14CED0032ED62 /* Debug */,
				84FBC46028F14CED0032ED62 /* Release */,
			);
			defaultConfigurationIsVisible = 0;
			defaultConfigurationName = Release;
		};
		84FBC46228F14CED0032ED62 /* Build configuration list for PBXNativeTarget "ZenTube (macOS)" */ = {
			isa = XCConfigurationList;
			buildConfigurations = (
				84FBC46328F14CED0032ED62 /* Debug */,
				84FBC46428F14CED0032ED62 /* Release */,
			);
			defaultConfigurationIsVisible = 0;
			defaultConfigurationName = Release;
		};
/* End XCConfigurationList section */
	};
	rootObject = 84FBC40428F14CEB0032ED62 /* Project object */;
}
